// !$*UTF8*$!
{
	archiveVersion = 1;
	classes = {
	};
	objectVersion = 50;
	objects = {

/* Begin PBXAggregateTarget section */
		8B6D325C23F5B2AF00916EF1 /* Universal */ = {
			isa = PBXAggregateTarget;
			buildConfigurationList = 8B6D325F23F5B2AF00916EF1 /* Build configuration list for PBXAggregateTarget "Universal" */;
			buildPhases = (
				8BF1B33423F5B3DD0076CAEB /* Run Script */,
			);
			dependencies = (
			);
			name = Universal;
			productName = Universal;
		};
/* End PBXAggregateTarget section */

/* Begin PBXBuildFile section */
		8B39E04B23FD45F400E02DCD /* Flagship.framework in Frameworks */ = {isa = PBXBuildFile; fileRef = 8BBCAD3E23FAD0E200126600 /* Flagship.framework */; };
		8B5438B127FF988B00299654 /* decisionApi.json in Resources */ = {isa = PBXBuildFile; fileRef = 8B67370D27FED7F3003EC960 /* decisionApi.json */; };
		8B5438B227FF988F00299654 /* bucketMock.json in Resources */ = {isa = PBXBuildFile; fileRef = 8B67370E27FED7F3003EC960 /* bucketMock.json */; };
		8B5438B327FF989100299654 /* decisionApiPanic.json in Resources */ = {isa = PBXBuildFile; fileRef = 8B67370F27FED7F3003EC960 /* decisionApiPanic.json */; };
		8B5438B427FF98A500299654 /* visitorCache.json in Resources */ = {isa = PBXBuildFile; fileRef = 8B67370C27FED7F3003EC960 /* visitorCache.json */; };
		8B5438B527FF98D800299654 /* MockURLProtocol.swift in Sources */ = {isa = PBXBuildFile; fileRef = 8B67370227FED7F2003EC960 /* MockURLProtocol.swift */; };
		8B67369F27FED3E5003EC960 /* murmurhash3.swift in Sources */ = {isa = PBXBuildFile; fileRef = 8B67365E27FEBE4C003EC960 /* murmurhash3.swift */; };
		8B6736A027FED3E5003EC960 /* Data+PrettyPrint.swift in Sources */ = {isa = PBXBuildFile; fileRef = 8B67365F27FEBE4C003EC960 /* Data+PrettyPrint.swift */; };
		8B6736A127FED3E5003EC960 /* FSTools.swift in Sources */ = {isa = PBXBuildFile; fileRef = 8B67366027FEBE4C003EC960 /* FSTools.swift */; };
		8B6736A227FED3E5003EC960 /* decode-json-swift.swift in Sources */ = {isa = PBXBuildFile; fileRef = 8B67366127FEBE4C003EC960 /* decode-json-swift.swift */; };
		8B6736A327FED3E5003EC960 /* FSGenerator.swift in Sources */ = {isa = PBXBuildFile; fileRef = 8B67366227FEBE4C003EC960 /* FSGenerator.swift */; };
		8B6736A427FED3E5003EC960 /* FlagShipVersion.swift in Sources */ = {isa = PBXBuildFile; fileRef = 8B67366327FEBE4C003EC960 /* FlagShipVersion.swift */; };
		8B6736A527FED3E5003EC960 /* Flagship.swift in Sources */ = {isa = PBXBuildFile; fileRef = 8B67366527FEBE4C003EC960 /* Flagship.swift */; };
		8B6736A627FED3E5003EC960 /* FSVisitor+Reconcilliation.swift in Sources */ = {isa = PBXBuildFile; fileRef = 8B67366627FEBE4C003EC960 /* FSVisitor+Reconcilliation.swift */; };
		8B6736A727FED3E5003EC960 /* FSFlag.swift in Sources */ = {isa = PBXBuildFile; fileRef = 8B67366727FEBE4C003EC960 /* FSFlag.swift */; };
		8B6736A827FED3E5003EC960 /* FSVisitorBuilder.swift in Sources */ = {isa = PBXBuildFile; fileRef = 8B67366827FEBE4C003EC960 /* FSVisitorBuilder.swift */; };
		8B6736A927FED3E5003EC960 /* FSVisitor+Campaigns.swift in Sources */ = {isa = PBXBuildFile; fileRef = 8B67366927FEBE4C003EC960 /* FSVisitor+Campaigns.swift */; };
		8B6736AA27FED3E5003EC960 /* FSVisitor+objc.swift in Sources */ = {isa = PBXBuildFile; fileRef = 8B67366A27FEBE4C003EC960 /* FSVisitor+objc.swift */; };
		8B6736AB27FED3E5003EC960 /* FSVisitor.swift in Sources */ = {isa = PBXBuildFile; fileRef = 8B67366B27FEBE4C003EC960 /* FSVisitor.swift */; };
		8B6736AC27FED3E5003EC960 /* FlagshipLogManager.swift in Sources */ = {isa = PBXBuildFile; fileRef = 8B67366D27FEBE4C003EC960 /* FlagshipLogManager.swift */; };
		8B6736AD27FED3E5003EC960 /* FSError.swift in Sources */ = {isa = PBXBuildFile; fileRef = 8B67366E27FEBE4C003EC960 /* FSError.swift */; };
		8B6736AE27FED3E5003EC960 /* FSLogManager.swift in Sources */ = {isa = PBXBuildFile; fileRef = 8B67366F27FEBE4C003EC960 /* FSLogManager.swift */; };
		8B6736AF27FED3E5003EC960 /* FlagshipConstants.swift in Sources */ = {isa = PBXBuildFile; fileRef = 8B67367027FEBE4C003EC960 /* FlagshipConstants.swift */; };
		8B6736B027FED3E5003EC960 /* FSCacheDelegate.swift in Sources */ = {isa = PBXBuildFile; fileRef = 8B67367227FEBE4C003EC960 /* FSCacheDelegate.swift */; };
		8B6736B127FED3E5003EC960 /* FSCacheManager.swift in Sources */ = {isa = PBXBuildFile; fileRef = 8B67367327FEBE4C003EC960 /* FSCacheManager.swift */; };
		8B6736B227FED3E5003EC960 /* FSBucket.swift in Sources */ = {isa = PBXBuildFile; fileRef = 8B67367527FEBE4C003EC960 /* FSBucket.swift */; };
		8B6736B327FED3E5003EC960 /* FSCampaigns.swift in Sources */ = {isa = PBXBuildFile; fileRef = 8B67367627FEBE4C003EC960 /* FSCampaigns.swift */; };
		8B6736B427FED3E5003EC960 /* FSModification.swift in Sources */ = {isa = PBXBuildFile; fileRef = 8B67367727FEBE4C003EC960 /* FSModification.swift */; };
		8B6736B527FED3E5003EC960 /* FSCampaign.swift in Sources */ = {isa = PBXBuildFile; fileRef = 8B67367827FEBE4C003EC960 /* FSCampaign.swift */; };
		8B6736B627FED3E5003EC960 /* FSContext.swift in Sources */ = {isa = PBXBuildFile; fileRef = 8B67367927FEBE4C003EC960 /* FSContext.swift */; };
		8B6736B727FED3E5003EC960 /* FSTargets.swift in Sources */ = {isa = PBXBuildFile; fileRef = 8B67367A27FEBE4C003EC960 /* FSTargets.swift */; };
		8B6736B827FED3E5003EC960 /* FSTracking.swift in Sources */ = {isa = PBXBuildFile; fileRef = 8B67367C27FEBE4C003EC960 /* FSTracking.swift */; };
		8B6736B927FED3E5003EC960 /* FSCacheHit.swift in Sources */ = {isa = PBXBuildFile; fileRef = 8B67367D27FEBE4C003EC960 /* FSCacheHit.swift */; };
		8B6736BA27FED3E5003EC960 /* FSHits.swift in Sources */ = {isa = PBXBuildFile; fileRef = 8B67367E27FEBE4C003EC960 /* FSHits.swift */; };
		8B6736BB27FED3E5003EC960 /* FSCacheVisitor.swift in Sources */ = {isa = PBXBuildFile; fileRef = 8B67367F27FEBE4C003EC960 /* FSCacheVisitor.swift */; };
		8B6736BC27FED3E5003EC960 /* FSModifications.swift in Sources */ = {isa = PBXBuildFile; fileRef = 8B67368027FEBE4C003EC960 /* FSModifications.swift */; };
		8B6736BD27FED3E5003EC960 /* FSStorageManager.swift in Sources */ = {isa = PBXBuildFile; fileRef = 8B67368227FEBE4C003EC960 /* FSStorageManager.swift */; };
		8B6736BE27FED3E5003EC960 /* FSBucketCache.swift in Sources */ = {isa = PBXBuildFile; fileRef = 8B67368327FEBE4C003EC960 /* FSBucketCache.swift */; };
		8B6736BF27FED3E5003EC960 /* FSStorage.swift in Sources */ = {isa = PBXBuildFile; fileRef = 8B67368427FEBE4C003EC960 /* FSStorage.swift */; };
		8B6736C027FED3E5003EC960 /* FlagshipConfig.swift in Sources */ = {isa = PBXBuildFile; fileRef = 8B67368627FEBE4C003EC960 /* FlagshipConfig.swift */; };
		8B6736C127FED3E5003EC960 /* FSConfigManager.swift in Sources */ = {isa = PBXBuildFile; fileRef = 8B67368727FEBE4C003EC960 /* FSConfigManager.swift */; };
		8B6736C227FED3E5003EC960 /* FSConstant.swift in Sources */ = {isa = PBXBuildFile; fileRef = 8B67368927FEBE4C003EC960 /* FSConstant.swift */; };
		8B6736C327FED3E5003EC960 /* FSService+Request.swift in Sources */ = {isa = PBXBuildFile; fileRef = 8B67368A27FEBE4C003EC960 /* FSService+Request.swift */; };
		8B6736C427FED3E5003EC960 /* FSService+Bucketing.swift in Sources */ = {isa = PBXBuildFile; fileRef = 8B67368B27FEBE4C003EC960 /* FSService+Bucketing.swift */; };
		8B6736C527FED3E5003EC960 /* FSService.swift in Sources */ = {isa = PBXBuildFile; fileRef = 8B67368C27FEBE4C003EC960 /* FSService.swift */; };
		8B6736C627FED3E5003EC960 /* FSTrackingManager.swift in Sources */ = {isa = PBXBuildFile; fileRef = 8B67368E27FEBE4C003EC960 /* FSTrackingManager.swift */; };
		8B6736C727FED3E5003EC960 /* FSDecisionManager.swift in Sources */ = {isa = PBXBuildFile; fileRef = 8B67369027FEBE4C003EC960 /* FSDecisionManager.swift */; };
		8B6736C827FED3E5003EC960 /* FSBucketingManager.swift in Sources */ = {isa = PBXBuildFile; fileRef = 8B67369227FEBE4C003EC960 /* FSBucketingManager.swift */; };
		8B6736C927FED3E5003EC960 /* FSPollingScript.swift in Sources */ = {isa = PBXBuildFile; fileRef = 8B67369327FEBE4C003EC960 /* FSPollingScript.swift */; };
		8B6736CA27FED3E5003EC960 /* FSTargetingManager.swift in Sources */ = {isa = PBXBuildFile; fileRef = 8B67369427FEBE4C003EC960 /* FSTargetingManager.swift */; };
		8B6736CC27FED3E5003EC960 /* FlagshipContext.swift in Sources */ = {isa = PBXBuildFile; fileRef = 8B67369727FEBE4C003EC960 /* FlagshipContext.swift */; };
		8B6736CD27FED3E5003EC960 /* FlagshipContextManager.swift in Sources */ = {isa = PBXBuildFile; fileRef = 8B67369827FEBE4C003EC960 /* FlagshipContextManager.swift */; };
		8B6736CE27FED3E5003EC960 /* FSDevice.swift in Sources */ = {isa = PBXBuildFile; fileRef = 8B67369927FEBE4C003EC960 /* FSDevice.swift */; };
		8B6736CF27FED3E5003EC960 /* FSPanicStrategy.swift in Sources */ = {isa = PBXBuildFile; fileRef = 8B67369B27FEBE4C003EC960 /* FSPanicStrategy.swift */; };
		8B6736D027FED3E5003EC960 /* FSDefaultStrategy.swift in Sources */ = {isa = PBXBuildFile; fileRef = 8B67369C27FEBE4C003EC960 /* FSDefaultStrategy.swift */; };
		8B6736D127FED3E5003EC960 /* FSNotReadyStrategy.swift in Sources */ = {isa = PBXBuildFile; fileRef = 8B67369D27FEBE4C003EC960 /* FSNotReadyStrategy.swift */; };
		8B6736D227FED3E5003EC960 /* FSNoConsentStrategy.swift in Sources */ = {isa = PBXBuildFile; fileRef = 8B67369E27FEBE4C003EC960 /* FSNoConsentStrategy.swift */; };
		8B67371227FEDA3E003EC960 /* FlagshipBucketingTest.swift in Sources */ = {isa = PBXBuildFile; fileRef = 8B67370927FED7F3003EC960 /* FlagshipBucketingTest.swift */; };
		8B67371327FEDA3E003EC960 /* FlagshipContextTest.swift in Sources */ = {isa = PBXBuildFile; fileRef = 8B6736FC27FED7F2003EC960 /* FlagshipContextTest.swift */; };
		8B67371427FEDA3E003EC960 /* FlagshipTests.swift in Sources */ = {isa = PBXBuildFile; fileRef = 8B67370127FED7F2003EC960 /* FlagshipTests.swift */; };
		8B67371527FEDA3E003EC960 /* FSConsentStrategyTest.swift in Sources */ = {isa = PBXBuildFile; fileRef = 8B67370027FED7F2003EC960 /* FSConsentStrategyTest.swift */; };
		8B67371627FEDA3E003EC960 /* FSFlagTest.swift in Sources */ = {isa = PBXBuildFile; fileRef = 8B6736FA27FED7F2003EC960 /* FSFlagTest.swift */; };
		8B67371727FEDA3E003EC960 /* FSGeneratorTest.swift in Sources */ = {isa = PBXBuildFile; fileRef = 8B67370627FED7F3003EC960 /* FSGeneratorTest.swift */; };
		8B67371827FEDA3E003EC960 /* FSReconcileTest.swift in Sources */ = {isa = PBXBuildFile; fileRef = 8B67370727FED7F3003EC960 /* FSReconcileTest.swift */; };
		8B67371927FEDA3E003EC960 /* FSTargetingManagerTest.swift in Sources */ = {isa = PBXBuildFile; fileRef = 8B67370827FED7F3003EC960 /* FSTargetingManagerTest.swift */; };
		8B67371A27FEDA3E003EC960 /* FSVisitorBuilderTest.swift in Sources */ = {isa = PBXBuildFile; fileRef = 8B6736FF27FED7F2003EC960 /* FSVisitorBuilderTest.swift */; };
		8B67371B27FEDA3E003EC960 /* FSVisitorTests.swift in Sources */ = {isa = PBXBuildFile; fileRef = 8B6736FB27FED7F2003EC960 /* FSVisitorTests.swift */; };
		8B67372127FEDA50003EC960 /* murmurTest.swift in Sources */ = {isa = PBXBuildFile; fileRef = 8B67370327FED7F2003EC960 /* murmurTest.swift */; };
		8B67372227FEDA50003EC960 /* QAReportTest.swift in Sources */ = {isa = PBXBuildFile; fileRef = 8B67370427FED7F3003EC960 /* QAReportTest.swift */; };
		8BF4D5C42804651F00BAF55F /* Flagship_tvOS.h in Headers */ = {isa = PBXBuildFile; fileRef = 8BF4D5C12804651F00BAF55F /* Flagship_tvOS.h */; settings = {ATTRIBUTES = (Public, ); }; };
		8BF4D5C82804661E00BAF55F /* murmurhash3.swift in Sources */ = {isa = PBXBuildFile; fileRef = 8B67365E27FEBE4C003EC960 /* murmurhash3.swift */; };
		8BF4D5C92804661E00BAF55F /* Data+PrettyPrint.swift in Sources */ = {isa = PBXBuildFile; fileRef = 8B67365F27FEBE4C003EC960 /* Data+PrettyPrint.swift */; };
		8BF4D5CA2804661E00BAF55F /* FSTools.swift in Sources */ = {isa = PBXBuildFile; fileRef = 8B67366027FEBE4C003EC960 /* FSTools.swift */; };
		8BF4D5CB2804661E00BAF55F /* decode-json-swift.swift in Sources */ = {isa = PBXBuildFile; fileRef = 8B67366127FEBE4C003EC960 /* decode-json-swift.swift */; };
		8BF4D5CC2804661E00BAF55F /* FSGenerator.swift in Sources */ = {isa = PBXBuildFile; fileRef = 8B67366227FEBE4C003EC960 /* FSGenerator.swift */; };
		8BF4D5CD2804661E00BAF55F /* FlagShipVersion.swift in Sources */ = {isa = PBXBuildFile; fileRef = 8B67366327FEBE4C003EC960 /* FlagShipVersion.swift */; };
		8BF4D5CE2804661E00BAF55F /* Flagship.swift in Sources */ = {isa = PBXBuildFile; fileRef = 8B67366527FEBE4C003EC960 /* Flagship.swift */; };
		8BF4D5CF2804661E00BAF55F /* FSVisitor+Reconcilliation.swift in Sources */ = {isa = PBXBuildFile; fileRef = 8B67366627FEBE4C003EC960 /* FSVisitor+Reconcilliation.swift */; };
		8BF4D5D02804661E00BAF55F /* FSFlag.swift in Sources */ = {isa = PBXBuildFile; fileRef = 8B67366727FEBE4C003EC960 /* FSFlag.swift */; };
		8BF4D5D12804661E00BAF55F /* FSVisitorBuilder.swift in Sources */ = {isa = PBXBuildFile; fileRef = 8B67366827FEBE4C003EC960 /* FSVisitorBuilder.swift */; };
		8BF4D5D22804661E00BAF55F /* FSVisitor+Campaigns.swift in Sources */ = {isa = PBXBuildFile; fileRef = 8B67366927FEBE4C003EC960 /* FSVisitor+Campaigns.swift */; };
		8BF4D5D32804661E00BAF55F /* FSVisitor+objc.swift in Sources */ = {isa = PBXBuildFile; fileRef = 8B67366A27FEBE4C003EC960 /* FSVisitor+objc.swift */; };
		8BF4D5D42804661E00BAF55F /* FSVisitor.swift in Sources */ = {isa = PBXBuildFile; fileRef = 8B67366B27FEBE4C003EC960 /* FSVisitor.swift */; };
		8BF4D5D52804661E00BAF55F /* FlagshipLogManager.swift in Sources */ = {isa = PBXBuildFile; fileRef = 8B67366D27FEBE4C003EC960 /* FlagshipLogManager.swift */; };
		8BF4D5D62804661E00BAF55F /* FSError.swift in Sources */ = {isa = PBXBuildFile; fileRef = 8B67366E27FEBE4C003EC960 /* FSError.swift */; };
		8BF4D5D72804661E00BAF55F /* FSLogManager.swift in Sources */ = {isa = PBXBuildFile; fileRef = 8B67366F27FEBE4C003EC960 /* FSLogManager.swift */; };
		8BF4D5D82804661E00BAF55F /* FlagshipConstants.swift in Sources */ = {isa = PBXBuildFile; fileRef = 8B67367027FEBE4C003EC960 /* FlagshipConstants.swift */; };
		8BF4D5D92804661E00BAF55F /* FSCacheDelegate.swift in Sources */ = {isa = PBXBuildFile; fileRef = 8B67367227FEBE4C003EC960 /* FSCacheDelegate.swift */; };
		8BF4D5DA2804661E00BAF55F /* FSCacheManager.swift in Sources */ = {isa = PBXBuildFile; fileRef = 8B67367327FEBE4C003EC960 /* FSCacheManager.swift */; };
		8BF4D5DB2804661E00BAF55F /* FSBucket.swift in Sources */ = {isa = PBXBuildFile; fileRef = 8B67367527FEBE4C003EC960 /* FSBucket.swift */; };
		8BF4D5DC2804661E00BAF55F /* FSCampaigns.swift in Sources */ = {isa = PBXBuildFile; fileRef = 8B67367627FEBE4C003EC960 /* FSCampaigns.swift */; };
		8BF4D5DD2804661E00BAF55F /* FSModification.swift in Sources */ = {isa = PBXBuildFile; fileRef = 8B67367727FEBE4C003EC960 /* FSModification.swift */; };
		8BF4D5DE2804661E00BAF55F /* FSCampaign.swift in Sources */ = {isa = PBXBuildFile; fileRef = 8B67367827FEBE4C003EC960 /* FSCampaign.swift */; };
		8BF4D5DF2804661E00BAF55F /* FSContext.swift in Sources */ = {isa = PBXBuildFile; fileRef = 8B67367927FEBE4C003EC960 /* FSContext.swift */; };
		8BF4D5E02804661E00BAF55F /* FSTargets.swift in Sources */ = {isa = PBXBuildFile; fileRef = 8B67367A27FEBE4C003EC960 /* FSTargets.swift */; };
		8BF4D5E12804661E00BAF55F /* FSTracking.swift in Sources */ = {isa = PBXBuildFile; fileRef = 8B67367C27FEBE4C003EC960 /* FSTracking.swift */; };
		8BF4D5E22804661E00BAF55F /* FSCacheHit.swift in Sources */ = {isa = PBXBuildFile; fileRef = 8B67367D27FEBE4C003EC960 /* FSCacheHit.swift */; };
		8BF4D5E32804661E00BAF55F /* FSHits.swift in Sources */ = {isa = PBXBuildFile; fileRef = 8B67367E27FEBE4C003EC960 /* FSHits.swift */; };
		8BF4D5E42804661E00BAF55F /* FSCacheVisitor.swift in Sources */ = {isa = PBXBuildFile; fileRef = 8B67367F27FEBE4C003EC960 /* FSCacheVisitor.swift */; };
		8BF4D5E52804661E00BAF55F /* FSModifications.swift in Sources */ = {isa = PBXBuildFile; fileRef = 8B67368027FEBE4C003EC960 /* FSModifications.swift */; };
		8BF4D5E62804661E00BAF55F /* FSStorageManager.swift in Sources */ = {isa = PBXBuildFile; fileRef = 8B67368227FEBE4C003EC960 /* FSStorageManager.swift */; };
		8BF4D5E72804661E00BAF55F /* FSBucketCache.swift in Sources */ = {isa = PBXBuildFile; fileRef = 8B67368327FEBE4C003EC960 /* FSBucketCache.swift */; };
		8BF4D5E82804661E00BAF55F /* FSStorage.swift in Sources */ = {isa = PBXBuildFile; fileRef = 8B67368427FEBE4C003EC960 /* FSStorage.swift */; };
		8BF4D5E92804661E00BAF55F /* FlagshipConfig.swift in Sources */ = {isa = PBXBuildFile; fileRef = 8B67368627FEBE4C003EC960 /* FlagshipConfig.swift */; };
		8BF4D5EA2804661E00BAF55F /* FSConfigManager.swift in Sources */ = {isa = PBXBuildFile; fileRef = 8B67368727FEBE4C003EC960 /* FSConfigManager.swift */; };
		8BF4D5EB2804661E00BAF55F /* FSConstant.swift in Sources */ = {isa = PBXBuildFile; fileRef = 8B67368927FEBE4C003EC960 /* FSConstant.swift */; };
		8BF4D5EC2804661E00BAF55F /* FSService+Request.swift in Sources */ = {isa = PBXBuildFile; fileRef = 8B67368A27FEBE4C003EC960 /* FSService+Request.swift */; };
		8BF4D5ED2804661E00BAF55F /* FSService+Bucketing.swift in Sources */ = {isa = PBXBuildFile; fileRef = 8B67368B27FEBE4C003EC960 /* FSService+Bucketing.swift */; };
		8BF4D5EE2804661E00BAF55F /* FSService.swift in Sources */ = {isa = PBXBuildFile; fileRef = 8B67368C27FEBE4C003EC960 /* FSService.swift */; };
		8BF4D5EF2804661E00BAF55F /* FSTrackingManager.swift in Sources */ = {isa = PBXBuildFile; fileRef = 8B67368E27FEBE4C003EC960 /* FSTrackingManager.swift */; };
		8BF4D5F02804661E00BAF55F /* FSDecisionManager.swift in Sources */ = {isa = PBXBuildFile; fileRef = 8B67369027FEBE4C003EC960 /* FSDecisionManager.swift */; };
		8BF4D5F12804661E00BAF55F /* FSBucketingManager.swift in Sources */ = {isa = PBXBuildFile; fileRef = 8B67369227FEBE4C003EC960 /* FSBucketingManager.swift */; };
		8BF4D5F22804661E00BAF55F /* FSPollingScript.swift in Sources */ = {isa = PBXBuildFile; fileRef = 8B67369327FEBE4C003EC960 /* FSPollingScript.swift */; };
		8BF4D5F32804661E00BAF55F /* FSTargetingManager.swift in Sources */ = {isa = PBXBuildFile; fileRef = 8B67369427FEBE4C003EC960 /* FSTargetingManager.swift */; };
		8BF4D5F52804661E00BAF55F /* FlagshipContext.swift in Sources */ = {isa = PBXBuildFile; fileRef = 8B67369727FEBE4C003EC960 /* FlagshipContext.swift */; };
		8BF4D5F62804661E00BAF55F /* FlagshipContextManager.swift in Sources */ = {isa = PBXBuildFile; fileRef = 8B67369827FEBE4C003EC960 /* FlagshipContextManager.swift */; };
		8BF4D5F72804661E00BAF55F /* FSDevice.swift in Sources */ = {isa = PBXBuildFile; fileRef = 8B67369927FEBE4C003EC960 /* FSDevice.swift */; };
		8BF4D5F82804661E00BAF55F /* FSPanicStrategy.swift in Sources */ = {isa = PBXBuildFile; fileRef = 8B67369B27FEBE4C003EC960 /* FSPanicStrategy.swift */; };
		8BF4D5F92804661E00BAF55F /* FSDefaultStrategy.swift in Sources */ = {isa = PBXBuildFile; fileRef = 8B67369C27FEBE4C003EC960 /* FSDefaultStrategy.swift */; };
		8BF4D5FA2804661E00BAF55F /* FSNotReadyStrategy.swift in Sources */ = {isa = PBXBuildFile; fileRef = 8B67369D27FEBE4C003EC960 /* FSNotReadyStrategy.swift */; };
		8BF4D5FB2804661E00BAF55F /* FSNoConsentStrategy.swift in Sources */ = {isa = PBXBuildFile; fileRef = 8B67369E27FEBE4C003EC960 /* FSNoConsentStrategy.swift */; };
/* End PBXBuildFile section */

/* Begin PBXContainerItemProxy section */
		8B39E04C23FD45F400E02DCD /* PBXContainerItemProxy */ = {
			isa = PBXContainerItemProxy;
			containerPortal = 8BEF08AF23C3888F00396B78 /* Project object */;
			proxyType = 1;
			remoteGlobalIDString = 8BBCAD1823FAD0E200126600;
			remoteInfo = Flagship;
		};
/* End PBXContainerItemProxy section */

/* Begin PBXFileReference section */
		8B39E04623FD45F400E02DCD /* FlagshipTests.xctest */ = {isa = PBXFileReference; explicitFileType = wrapper.cfbundle; includeInIndex = 0; path = FlagshipTests.xctest; sourceTree = BUILT_PRODUCTS_DIR; };
		8B535FA923FD48CB005A13CE /* Flagship.h */ = {isa = PBXFileReference; fileEncoding = 4; lastKnownFileType = sourcecode.c.h; path = Flagship.h; sourceTree = "<group>"; };
		8B535FAA23FD48CB005A13CE /* Info.plist */ = {isa = PBXFileReference; fileEncoding = 4; lastKnownFileType = text.plist.xml; path = Info.plist; sourceTree = "<group>"; };
		8B67365E27FEBE4C003EC960 /* murmurhash3.swift */ = {isa = PBXFileReference; fileEncoding = 4; lastKnownFileType = sourcecode.swift; path = murmurhash3.swift; sourceTree = "<group>"; };
		8B67365F27FEBE4C003EC960 /* Data+PrettyPrint.swift */ = {isa = PBXFileReference; fileEncoding = 4; lastKnownFileType = sourcecode.swift; path = "Data+PrettyPrint.swift"; sourceTree = "<group>"; };
		8B67366027FEBE4C003EC960 /* FSTools.swift */ = {isa = PBXFileReference; fileEncoding = 4; lastKnownFileType = sourcecode.swift; path = FSTools.swift; sourceTree = "<group>"; };
		8B67366127FEBE4C003EC960 /* decode-json-swift.swift */ = {isa = PBXFileReference; fileEncoding = 4; lastKnownFileType = sourcecode.swift; path = "decode-json-swift.swift"; sourceTree = "<group>"; };
		8B67366227FEBE4C003EC960 /* FSGenerator.swift */ = {isa = PBXFileReference; fileEncoding = 4; lastKnownFileType = sourcecode.swift; path = FSGenerator.swift; sourceTree = "<group>"; };
		8B67366327FEBE4C003EC960 /* FlagShipVersion.swift */ = {isa = PBXFileReference; fileEncoding = 4; lastKnownFileType = sourcecode.swift; path = FlagShipVersion.swift; sourceTree = "<group>"; };
		8B67366527FEBE4C003EC960 /* Flagship.swift */ = {isa = PBXFileReference; fileEncoding = 4; lastKnownFileType = sourcecode.swift; path = Flagship.swift; sourceTree = "<group>"; };
		8B67366627FEBE4C003EC960 /* FSVisitor+Reconcilliation.swift */ = {isa = PBXFileReference; fileEncoding = 4; lastKnownFileType = sourcecode.swift; path = "FSVisitor+Reconcilliation.swift"; sourceTree = "<group>"; };
		8B67366727FEBE4C003EC960 /* FSFlag.swift */ = {isa = PBXFileReference; fileEncoding = 4; lastKnownFileType = sourcecode.swift; path = FSFlag.swift; sourceTree = "<group>"; };
		8B67366827FEBE4C003EC960 /* FSVisitorBuilder.swift */ = {isa = PBXFileReference; fileEncoding = 4; lastKnownFileType = sourcecode.swift; path = FSVisitorBuilder.swift; sourceTree = "<group>"; };
		8B67366927FEBE4C003EC960 /* FSVisitor+Campaigns.swift */ = {isa = PBXFileReference; fileEncoding = 4; lastKnownFileType = sourcecode.swift; path = "FSVisitor+Campaigns.swift"; sourceTree = "<group>"; };
		8B67366A27FEBE4C003EC960 /* FSVisitor+objc.swift */ = {isa = PBXFileReference; fileEncoding = 4; lastKnownFileType = sourcecode.swift; path = "FSVisitor+objc.swift"; sourceTree = "<group>"; };
		8B67366B27FEBE4C003EC960 /* FSVisitor.swift */ = {isa = PBXFileReference; fileEncoding = 4; lastKnownFileType = sourcecode.swift; path = FSVisitor.swift; sourceTree = "<group>"; };
		8B67366D27FEBE4C003EC960 /* FlagshipLogManager.swift */ = {isa = PBXFileReference; fileEncoding = 4; lastKnownFileType = sourcecode.swift; path = FlagshipLogManager.swift; sourceTree = "<group>"; };
		8B67366E27FEBE4C003EC960 /* FSError.swift */ = {isa = PBXFileReference; fileEncoding = 4; lastKnownFileType = sourcecode.swift; path = FSError.swift; sourceTree = "<group>"; };
		8B67366F27FEBE4C003EC960 /* FSLogManager.swift */ = {isa = PBXFileReference; fileEncoding = 4; lastKnownFileType = sourcecode.swift; path = FSLogManager.swift; sourceTree = "<group>"; };
		8B67367027FEBE4C003EC960 /* FlagshipConstants.swift */ = {isa = PBXFileReference; fileEncoding = 4; lastKnownFileType = sourcecode.swift; path = FlagshipConstants.swift; sourceTree = "<group>"; };
		8B67367227FEBE4C003EC960 /* FSCacheDelegate.swift */ = {isa = PBXFileReference; fileEncoding = 4; lastKnownFileType = sourcecode.swift; path = FSCacheDelegate.swift; sourceTree = "<group>"; };
		8B67367327FEBE4C003EC960 /* FSCacheManager.swift */ = {isa = PBXFileReference; fileEncoding = 4; lastKnownFileType = sourcecode.swift; path = FSCacheManager.swift; sourceTree = "<group>"; };
		8B67367527FEBE4C003EC960 /* FSBucket.swift */ = {isa = PBXFileReference; fileEncoding = 4; lastKnownFileType = sourcecode.swift; path = FSBucket.swift; sourceTree = "<group>"; };
		8B67367627FEBE4C003EC960 /* FSCampaigns.swift */ = {isa = PBXFileReference; fileEncoding = 4; lastKnownFileType = sourcecode.swift; path = FSCampaigns.swift; sourceTree = "<group>"; };
		8B67367727FEBE4C003EC960 /* FSModification.swift */ = {isa = PBXFileReference; fileEncoding = 4; lastKnownFileType = sourcecode.swift; path = FSModification.swift; sourceTree = "<group>"; };
		8B67367827FEBE4C003EC960 /* FSCampaign.swift */ = {isa = PBXFileReference; fileEncoding = 4; lastKnownFileType = sourcecode.swift; path = FSCampaign.swift; sourceTree = "<group>"; };
		8B67367927FEBE4C003EC960 /* FSContext.swift */ = {isa = PBXFileReference; fileEncoding = 4; lastKnownFileType = sourcecode.swift; path = FSContext.swift; sourceTree = "<group>"; };
		8B67367A27FEBE4C003EC960 /* FSTargets.swift */ = {isa = PBXFileReference; fileEncoding = 4; lastKnownFileType = sourcecode.swift; path = FSTargets.swift; sourceTree = "<group>"; };
		8B67367C27FEBE4C003EC960 /* FSTracking.swift */ = {isa = PBXFileReference; fileEncoding = 4; lastKnownFileType = sourcecode.swift; path = FSTracking.swift; sourceTree = "<group>"; };
		8B67367D27FEBE4C003EC960 /* FSCacheHit.swift */ = {isa = PBXFileReference; fileEncoding = 4; lastKnownFileType = sourcecode.swift; path = FSCacheHit.swift; sourceTree = "<group>"; };
		8B67367E27FEBE4C003EC960 /* FSHits.swift */ = {isa = PBXFileReference; fileEncoding = 4; lastKnownFileType = sourcecode.swift; path = FSHits.swift; sourceTree = "<group>"; };
		8B67367F27FEBE4C003EC960 /* FSCacheVisitor.swift */ = {isa = PBXFileReference; fileEncoding = 4; lastKnownFileType = sourcecode.swift; path = FSCacheVisitor.swift; sourceTree = "<group>"; };
		8B67368027FEBE4C003EC960 /* FSModifications.swift */ = {isa = PBXFileReference; fileEncoding = 4; lastKnownFileType = sourcecode.swift; path = FSModifications.swift; sourceTree = "<group>"; };
		8B67368227FEBE4C003EC960 /* FSStorageManager.swift */ = {isa = PBXFileReference; fileEncoding = 4; lastKnownFileType = sourcecode.swift; path = FSStorageManager.swift; sourceTree = "<group>"; };
		8B67368327FEBE4C003EC960 /* FSBucketCache.swift */ = {isa = PBXFileReference; fileEncoding = 4; lastKnownFileType = sourcecode.swift; path = FSBucketCache.swift; sourceTree = "<group>"; };
		8B67368427FEBE4C003EC960 /* FSStorage.swift */ = {isa = PBXFileReference; fileEncoding = 4; lastKnownFileType = sourcecode.swift; path = FSStorage.swift; sourceTree = "<group>"; };
		8B67368627FEBE4C003EC960 /* FlagshipConfig.swift */ = {isa = PBXFileReference; fileEncoding = 4; lastKnownFileType = sourcecode.swift; path = FlagshipConfig.swift; sourceTree = "<group>"; };
		8B67368727FEBE4C003EC960 /* FSConfigManager.swift */ = {isa = PBXFileReference; fileEncoding = 4; lastKnownFileType = sourcecode.swift; path = FSConfigManager.swift; sourceTree = "<group>"; };
		8B67368927FEBE4C003EC960 /* FSConstant.swift */ = {isa = PBXFileReference; fileEncoding = 4; lastKnownFileType = sourcecode.swift; path = FSConstant.swift; sourceTree = "<group>"; };
		8B67368A27FEBE4C003EC960 /* FSService+Request.swift */ = {isa = PBXFileReference; fileEncoding = 4; lastKnownFileType = sourcecode.swift; path = "FSService+Request.swift"; sourceTree = "<group>"; };
		8B67368B27FEBE4C003EC960 /* FSService+Bucketing.swift */ = {isa = PBXFileReference; fileEncoding = 4; lastKnownFileType = sourcecode.swift; path = "FSService+Bucketing.swift"; sourceTree = "<group>"; };
		8B67368C27FEBE4C003EC960 /* FSService.swift */ = {isa = PBXFileReference; fileEncoding = 4; lastKnownFileType = sourcecode.swift; path = FSService.swift; sourceTree = "<group>"; };
		8B67368E27FEBE4C003EC960 /* FSTrackingManager.swift */ = {isa = PBXFileReference; fileEncoding = 4; lastKnownFileType = sourcecode.swift; path = FSTrackingManager.swift; sourceTree = "<group>"; };
		8B67369027FEBE4C003EC960 /* FSDecisionManager.swift */ = {isa = PBXFileReference; fileEncoding = 4; lastKnownFileType = sourcecode.swift; path = FSDecisionManager.swift; sourceTree = "<group>"; };
		8B67369227FEBE4C003EC960 /* FSBucketingManager.swift */ = {isa = PBXFileReference; fileEncoding = 4; lastKnownFileType = sourcecode.swift; path = FSBucketingManager.swift; sourceTree = "<group>"; };
		8B67369327FEBE4C003EC960 /* FSPollingScript.swift */ = {isa = PBXFileReference; fileEncoding = 4; lastKnownFileType = sourcecode.swift; path = FSPollingScript.swift; sourceTree = "<group>"; };
		8B67369427FEBE4C003EC960 /* FSTargetingManager.swift */ = {isa = PBXFileReference; fileEncoding = 4; lastKnownFileType = sourcecode.swift; path = FSTargetingManager.swift; sourceTree = "<group>"; };
		8B67369727FEBE4C003EC960 /* FlagshipContext.swift */ = {isa = PBXFileReference; fileEncoding = 4; lastKnownFileType = sourcecode.swift; path = FlagshipContext.swift; sourceTree = "<group>"; };
		8B67369827FEBE4C003EC960 /* FlagshipContextManager.swift */ = {isa = PBXFileReference; fileEncoding = 4; lastKnownFileType = sourcecode.swift; path = FlagshipContextManager.swift; sourceTree = "<group>"; };
		8B67369927FEBE4C003EC960 /* FSDevice.swift */ = {isa = PBXFileReference; fileEncoding = 4; lastKnownFileType = sourcecode.swift; path = FSDevice.swift; sourceTree = "<group>"; };
		8B67369B27FEBE4C003EC960 /* FSPanicStrategy.swift */ = {isa = PBXFileReference; fileEncoding = 4; lastKnownFileType = sourcecode.swift; path = FSPanicStrategy.swift; sourceTree = "<group>"; };
		8B67369C27FEBE4C003EC960 /* FSDefaultStrategy.swift */ = {isa = PBXFileReference; fileEncoding = 4; lastKnownFileType = sourcecode.swift; path = FSDefaultStrategy.swift; sourceTree = "<group>"; };
		8B67369D27FEBE4C003EC960 /* FSNotReadyStrategy.swift */ = {isa = PBXFileReference; fileEncoding = 4; lastKnownFileType = sourcecode.swift; path = FSNotReadyStrategy.swift; sourceTree = "<group>"; };
		8B67369E27FEBE4C003EC960 /* FSNoConsentStrategy.swift */ = {isa = PBXFileReference; fileEncoding = 4; lastKnownFileType = sourcecode.swift; path = FSNoConsentStrategy.swift; sourceTree = "<group>"; };
		8B6736F927FED7F2003EC960 /* Universal-Bridging-Header.h */ = {isa = PBXFileReference; lastKnownFileType = sourcecode.c.h; path = "Universal-Bridging-Header.h"; sourceTree = "<group>"; };
		8B6736FA27FED7F2003EC960 /* FSFlagTest.swift */ = {isa = PBXFileReference; fileEncoding = 4; lastKnownFileType = sourcecode.swift; path = FSFlagTest.swift; sourceTree = "<group>"; };
		8B6736FB27FED7F2003EC960 /* FSVisitorTests.swift */ = {isa = PBXFileReference; fileEncoding = 4; lastKnownFileType = sourcecode.swift; path = FSVisitorTests.swift; sourceTree = "<group>"; };
		8B6736FC27FED7F2003EC960 /* FlagshipContextTest.swift */ = {isa = PBXFileReference; fileEncoding = 4; lastKnownFileType = sourcecode.swift; path = FlagshipContextTest.swift; sourceTree = "<group>"; };
		8B6736FF27FED7F2003EC960 /* FSVisitorBuilderTest.swift */ = {isa = PBXFileReference; fileEncoding = 4; lastKnownFileType = sourcecode.swift; path = FSVisitorBuilderTest.swift; sourceTree = "<group>"; };
		8B67370027FED7F2003EC960 /* FSConsentStrategyTest.swift */ = {isa = PBXFileReference; fileEncoding = 4; lastKnownFileType = sourcecode.swift; path = FSConsentStrategyTest.swift; sourceTree = "<group>"; };
		8B67370127FED7F2003EC960 /* FlagshipTests.swift */ = {isa = PBXFileReference; fileEncoding = 4; lastKnownFileType = sourcecode.swift; path = FlagshipTests.swift; sourceTree = "<group>"; };
		8B67370227FED7F2003EC960 /* MockURLProtocol.swift */ = {isa = PBXFileReference; fileEncoding = 4; lastKnownFileType = sourcecode.swift; name = MockURLProtocol.swift; path = Mocks/MockURLProtocol.swift; sourceTree = "<group>"; };
		8B67370327FED7F2003EC960 /* murmurTest.swift */ = {isa = PBXFileReference; fileEncoding = 4; lastKnownFileType = sourcecode.swift; path = murmurTest.swift; sourceTree = "<group>"; };
		8B67370427FED7F3003EC960 /* QAReportTest.swift */ = {isa = PBXFileReference; fileEncoding = 4; lastKnownFileType = sourcecode.swift; path = QAReportTest.swift; sourceTree = "<group>"; };
		8B67370627FED7F3003EC960 /* FSGeneratorTest.swift */ = {isa = PBXFileReference; fileEncoding = 4; lastKnownFileType = sourcecode.swift; path = FSGeneratorTest.swift; sourceTree = "<group>"; };
		8B67370727FED7F3003EC960 /* FSReconcileTest.swift */ = {isa = PBXFileReference; fileEncoding = 4; lastKnownFileType = sourcecode.swift; path = FSReconcileTest.swift; sourceTree = "<group>"; };
		8B67370827FED7F3003EC960 /* FSTargetingManagerTest.swift */ = {isa = PBXFileReference; fileEncoding = 4; lastKnownFileType = sourcecode.swift; path = FSTargetingManagerTest.swift; sourceTree = "<group>"; };
		8B67370927FED7F3003EC960 /* FlagshipBucketingTest.swift */ = {isa = PBXFileReference; fileEncoding = 4; lastKnownFileType = sourcecode.swift; path = FlagshipBucketingTest.swift; sourceTree = "<group>"; };
		8B67370C27FED7F3003EC960 /* visitorCache.json */ = {isa = PBXFileReference; fileEncoding = 4; lastKnownFileType = text.json; path = visitorCache.json; sourceTree = "<group>"; };
		8B67370D27FED7F3003EC960 /* decisionApi.json */ = {isa = PBXFileReference; fileEncoding = 4; lastKnownFileType = text.json; path = decisionApi.json; sourceTree = "<group>"; };
		8B67370E27FED7F3003EC960 /* bucketMock.json */ = {isa = PBXFileReference; fileEncoding = 4; lastKnownFileType = text.json; path = bucketMock.json; sourceTree = "<group>"; };
		8B67370F27FED7F3003EC960 /* decisionApiPanic.json */ = {isa = PBXFileReference; fileEncoding = 4; lastKnownFileType = text.json; path = decisionApiPanic.json; sourceTree = "<group>"; };
		8BBCAD3E23FAD0E200126600 /* Flagship.framework */ = {isa = PBXFileReference; explicitFileType = wrapper.framework; includeInIndex = 0; path = Flagship.framework; sourceTree = BUILT_PRODUCTS_DIR; };
		8BBCAD3F23FAD0E200126600 /* FlagShip-Info.plist */ = {isa = PBXFileReference; lastKnownFileType = text.plist.xml; name = "FlagShip-Info.plist"; path = "/Users/aliasadel/Documents/githubProject/flagship-ios/FlagShip/FlagShip-Info.plist"; sourceTree = "<absolute>"; };
		8BF4D5BF2804651F00BAF55F /* Flagship_tvOS.framework */ = {isa = PBXFileReference; explicitFileType = wrapper.framework; includeInIndex = 0; path = Flagship_tvOS.framework; sourceTree = BUILT_PRODUCTS_DIR; };
		8BF4D5C12804651F00BAF55F /* Flagship_tvOS.h */ = {isa = PBXFileReference; lastKnownFileType = sourcecode.c.h; path = Flagship_tvOS.h; sourceTree = "<group>"; };
/* End PBXFileReference section */

/* Begin PBXFrameworksBuildPhase section */
		8B39E04323FD45F400E02DCD /* Frameworks */ = {
			isa = PBXFrameworksBuildPhase;
			buildActionMask = 2147483647;
			files = (
				8B39E04B23FD45F400E02DCD /* Flagship.framework in Frameworks */,
			);
			runOnlyForDeploymentPostprocessing = 0;
		};
		8BBCAD3723FAD0E200126600 /* Frameworks */ = {
			isa = PBXFrameworksBuildPhase;
			buildActionMask = 2147483647;
			files = (
			);
			runOnlyForDeploymentPostprocessing = 0;
		};
		8BF4D5BC2804651F00BAF55F /* Frameworks */ = {
			isa = PBXFrameworksBuildPhase;
			buildActionMask = 2147483647;
			files = (
			);
			runOnlyForDeploymentPostprocessing = 0;
		};
/* End PBXFrameworksBuildPhase section */

/* Begin PBXGroup section */
		8B535FA823FD48CB005A13CE /* Flagship */ = {
			isa = PBXGroup;
			children = (
				8B535FA923FD48CB005A13CE /* Flagship.h */,
				8B535FAA23FD48CB005A13CE /* Info.plist */,
			);
			name = Flagship;
			path = ../Flagship/Flagship;
			sourceTree = "<group>";
		};
		8B67365C27FEBE4C003EC960 /* Source */ = {
			isa = PBXGroup;
			children = (
				8B67365D27FEBE4C003EC960 /* Tools */,
				8B67366427FEBE4C003EC960 /* Core */,
				8B67366C27FEBE4C003EC960 /* Logger */,
				8B67367127FEBE4C003EC960 /* Cache */,
				8B67367427FEBE4C003EC960 /* Models */,
				8B67368127FEBE4C003EC960 /* Storage */,
				8B67368527FEBE4C003EC960 /* Configs */,
				8B67368827FEBE4C003EC960 /* API */,
				8B67368D27FEBE4C003EC960 /* Tracking */,
				8B67368F27FEBE4C003EC960 /* Decision */,
				8B67369527FEBE4C003EC960 /* Audience */,
				8B67369A27FEBE4C003EC960 /* Strategy */,
			);
			path = Source;
			sourceTree = "<group>";
		};
		8B67365D27FEBE4C003EC960 /* Tools */ = {
			isa = PBXGroup;
			children = (
				8B67365E27FEBE4C003EC960 /* murmurhash3.swift */,
				8B67365F27FEBE4C003EC960 /* Data+PrettyPrint.swift */,
				8B67366027FEBE4C003EC960 /* FSTools.swift */,
				8B67366127FEBE4C003EC960 /* decode-json-swift.swift */,
				8B67366227FEBE4C003EC960 /* FSGenerator.swift */,
				8B67366327FEBE4C003EC960 /* FlagShipVersion.swift */,
			);
			path = Tools;
			sourceTree = "<group>";
		};
		8B67366427FEBE4C003EC960 /* Core */ = {
			isa = PBXGroup;
			children = (
				8B67366527FEBE4C003EC960 /* Flagship.swift */,
				8B67366627FEBE4C003EC960 /* FSVisitor+Reconcilliation.swift */,
				8B67366727FEBE4C003EC960 /* FSFlag.swift */,
				8B67366827FEBE4C003EC960 /* FSVisitorBuilder.swift */,
				8B67366927FEBE4C003EC960 /* FSVisitor+Campaigns.swift */,
				8B67366A27FEBE4C003EC960 /* FSVisitor+objc.swift */,
				8B67366B27FEBE4C003EC960 /* FSVisitor.swift */,
			);
			path = Core;
			sourceTree = "<group>";
		};
		8B67366C27FEBE4C003EC960 /* Logger */ = {
			isa = PBXGroup;
			children = (
				8B67366D27FEBE4C003EC960 /* FlagshipLogManager.swift */,
				8B67366E27FEBE4C003EC960 /* FSError.swift */,
				8B67366F27FEBE4C003EC960 /* FSLogManager.swift */,
				8B67367027FEBE4C003EC960 /* FlagshipConstants.swift */,
			);
			path = Logger;
			sourceTree = "<group>";
		};
		8B67367127FEBE4C003EC960 /* Cache */ = {
			isa = PBXGroup;
			children = (
				8B67367227FEBE4C003EC960 /* FSCacheDelegate.swift */,
				8B67367327FEBE4C003EC960 /* FSCacheManager.swift */,
			);
			path = Cache;
			sourceTree = "<group>";
		};
		8B67367427FEBE4C003EC960 /* Models */ = {
			isa = PBXGroup;
			children = (
				8B67367527FEBE4C003EC960 /* FSBucket.swift */,
				8B67367627FEBE4C003EC960 /* FSCampaigns.swift */,
				8B67367727FEBE4C003EC960 /* FSModification.swift */,
				8B67367827FEBE4C003EC960 /* FSCampaign.swift */,
				8B67367927FEBE4C003EC960 /* FSContext.swift */,
				8B67367A27FEBE4C003EC960 /* FSTargets.swift */,
				8B67367B27FEBE4C003EC960 /* Tracking */,
				8B67367F27FEBE4C003EC960 /* FSCacheVisitor.swift */,
				8B67368027FEBE4C003EC960 /* FSModifications.swift */,
			);
			path = Models;
			sourceTree = "<group>";
		};
		8B67367B27FEBE4C003EC960 /* Tracking */ = {
			isa = PBXGroup;
			children = (
				8B67367C27FEBE4C003EC960 /* FSTracking.swift */,
				8B67367D27FEBE4C003EC960 /* FSCacheHit.swift */,
				8B67367E27FEBE4C003EC960 /* FSHits.swift */,
			);
			path = Tracking;
			sourceTree = "<group>";
		};
		8B67368127FEBE4C003EC960 /* Storage */ = {
			isa = PBXGroup;
			children = (
				8B67368227FEBE4C003EC960 /* FSStorageManager.swift */,
				8B67368327FEBE4C003EC960 /* FSBucketCache.swift */,
				8B67368427FEBE4C003EC960 /* FSStorage.swift */,
			);
			path = Storage;
			sourceTree = "<group>";
		};
		8B67368527FEBE4C003EC960 /* Configs */ = {
			isa = PBXGroup;
			children = (
				8B67368627FEBE4C003EC960 /* FlagshipConfig.swift */,
				8B67368727FEBE4C003EC960 /* FSConfigManager.swift */,
			);
			path = Configs;
			sourceTree = "<group>";
		};
		8B67368827FEBE4C003EC960 /* API */ = {
			isa = PBXGroup;
			children = (
				8B67368927FEBE4C003EC960 /* FSConstant.swift */,
				8B67368A27FEBE4C003EC960 /* FSService+Request.swift */,
				8B67368B27FEBE4C003EC960 /* FSService+Bucketing.swift */,
				8B67368C27FEBE4C003EC960 /* FSService.swift */,
			);
			path = API;
			sourceTree = "<group>";
		};
		8B67368D27FEBE4C003EC960 /* Tracking */ = {
			isa = PBXGroup;
			children = (
				8B67368E27FEBE4C003EC960 /* FSTrackingManager.swift */,
			);
			path = Tracking;
			sourceTree = "<group>";
		};
		8B67368F27FEBE4C003EC960 /* Decision */ = {
			isa = PBXGroup;
			children = (
				8B67369027FEBE4C003EC960 /* FSDecisionManager.swift */,
				8B67369127FEBE4C003EC960 /* Bucketing */,
			);
			path = Decision;
			sourceTree = "<group>";
		};
		8B67369127FEBE4C003EC960 /* Bucketing */ = {
			isa = PBXGroup;
			children = (
				8B67369227FEBE4C003EC960 /* FSBucketingManager.swift */,
				8B67369327FEBE4C003EC960 /* FSPollingScript.swift */,
				8B67369427FEBE4C003EC960 /* FSTargetingManager.swift */,
			);
			path = Bucketing;
			sourceTree = "<group>";
		};
		8B67369527FEBE4C003EC960 /* Audience */ = {
			isa = PBXGroup;
			children = (
				8B67369727FEBE4C003EC960 /* FlagshipContext.swift */,
				8B67369827FEBE4C003EC960 /* FlagshipContextManager.swift */,
				8B67369927FEBE4C003EC960 /* FSDevice.swift */,
			);
			path = Audience;
			sourceTree = "<group>";
		};
		8B67369A27FEBE4C003EC960 /* Strategy */ = {
			isa = PBXGroup;
			children = (
				8B67369B27FEBE4C003EC960 /* FSPanicStrategy.swift */,
				8B67369C27FEBE4C003EC960 /* FSDefaultStrategy.swift */,
				8B67369D27FEBE4C003EC960 /* FSNotReadyStrategy.swift */,
				8B67369E27FEBE4C003EC960 /* FSNoConsentStrategy.swift */,
			);
			path = Strategy;
			sourceTree = "<group>";
		};
		8B6736D427FED75A003EC960 /* FlagShipTests */ = {
			isa = PBXGroup;
			children = (
				8B67370927FED7F3003EC960 /* FlagshipBucketingTest.swift */,
				8B6736FC27FED7F2003EC960 /* FlagshipContextTest.swift */,
				8B67370127FED7F2003EC960 /* FlagshipTests.swift */,
				8B67370027FED7F2003EC960 /* FSConsentStrategyTest.swift */,
				8B6736FA27FED7F2003EC960 /* FSFlagTest.swift */,
				8B67370627FED7F3003EC960 /* FSGeneratorTest.swift */,
				8B67370727FED7F3003EC960 /* FSReconcileTest.swift */,
				8B67370827FED7F3003EC960 /* FSTargetingManagerTest.swift */,
				8B6736FF27FED7F2003EC960 /* FSVisitorBuilderTest.swift */,
				8B6736FB27FED7F2003EC960 /* FSVisitorTests.swift */,
				8B67370A27FED7F3003EC960 /* Mocks */,
				8B67370227FED7F2003EC960 /* MockURLProtocol.swift */,
				8B67370327FED7F2003EC960 /* murmurTest.swift */,
				8B67370427FED7F3003EC960 /* QAReportTest.swift */,
				8B6736F927FED7F2003EC960 /* Universal-Bridging-Header.h */,
			);
			path = FlagShipTests;
			sourceTree = "<group>";
		};
		8B67370A27FED7F3003EC960 /* Mocks */ = {
			isa = PBXGroup;
			children = (
				8B67370C27FED7F3003EC960 /* visitorCache.json */,
				8B67370D27FED7F3003EC960 /* decisionApi.json */,
				8B67370E27FED7F3003EC960 /* bucketMock.json */,
				8B67370F27FED7F3003EC960 /* decisionApiPanic.json */,
			);
			path = Mocks;
			sourceTree = "<group>";
		};
		8BEF08AE23C3888F00396B78 = {
			isa = PBXGroup;
			children = (
				8B6736D427FED75A003EC960 /* FlagShipTests */,
				8B67365C27FEBE4C003EC960 /* Source */,
				8B535FA823FD48CB005A13CE /* Flagship */,
				8BF4D5C02804651F00BAF55F /* Flagship_tvOS */,
				8BEF08B923C3888F00396B78 /* Products */,
				8BF02D6223C394F5006D154E /* Frameworks */,
				8BBCAD3F23FAD0E200126600 /* FlagShip-Info.plist */,
			);
			sourceTree = "<group>";
		};
		8BEF08B923C3888F00396B78 /* Products */ = {
			isa = PBXGroup;
			children = (
				8BBCAD3E23FAD0E200126600 /* Flagship.framework */,
				8B39E04623FD45F400E02DCD /* FlagshipTests.xctest */,
				8BF4D5BF2804651F00BAF55F /* Flagship_tvOS.framework */,
			);
			name = Products;
			sourceTree = "<group>";
		};
		8BF02D6223C394F5006D154E /* Frameworks */ = {
			isa = PBXGroup;
			children = (
			);
			name = Frameworks;
			sourceTree = "<group>";
		};
		8BF4D5C02804651F00BAF55F /* Flagship_tvOS */ = {
			isa = PBXGroup;
			children = (
				8BF4D5C12804651F00BAF55F /* Flagship_tvOS.h */,
			);
			path = Flagship_tvOS;
			sourceTree = "<group>";
		};
/* End PBXGroup section */

/* Begin PBXHeadersBuildPhase section */
		8BBCAD1923FAD0E200126600 /* Headers */ = {
			isa = PBXHeadersBuildPhase;
			buildActionMask = 2147483647;
			files = (
			);
			runOnlyForDeploymentPostprocessing = 0;
		};
		8BF4D5BA2804651F00BAF55F /* Headers */ = {
			isa = PBXHeadersBuildPhase;
			buildActionMask = 2147483647;
			files = (
				8BF4D5C42804651F00BAF55F /* Flagship_tvOS.h in Headers */,
			);
			runOnlyForDeploymentPostprocessing = 0;
		};
/* End PBXHeadersBuildPhase section */

/* Begin PBXNativeTarget section */
		8B39E04523FD45F400E02DCD /* FlagshipTests */ = {
			isa = PBXNativeTarget;
			buildConfigurationList = 8B39E04E23FD45F400E02DCD /* Build configuration list for PBXNativeTarget "FlagshipTests" */;
			buildPhases = (
				8B39E04223FD45F400E02DCD /* Sources */,
				8B39E04323FD45F400E02DCD /* Frameworks */,
				8B39E04423FD45F400E02DCD /* Resources */,
			);
			buildRules = (
			);
			dependencies = (
				8B39E04D23FD45F400E02DCD /* PBXTargetDependency */,
			);
			name = FlagshipTests;
			productName = FlagshipTests;
			productReference = 8B39E04623FD45F400E02DCD /* FlagshipTests.xctest */;
			productType = "com.apple.product-type.bundle.unit-test";
		};
		8BBCAD1823FAD0E200126600 /* Flagship */ = {
			isa = PBXNativeTarget;
			buildConfigurationList = 8BBCAD3B23FAD0E200126600 /* Build configuration list for PBXNativeTarget "Flagship" */;
			buildPhases = (
				8BBCAD1923FAD0E200126600 /* Headers */,
				8BBCAD1B23FAD0E200126600 /* Sources */,
				8BBCAD3723FAD0E200126600 /* Frameworks */,
				8BBCAD3823FAD0E200126600 /* Resources */,
				8BBCAD3A23FAD0E200126600 /* ShellScript */,
			);
			buildRules = (
			);
			dependencies = (
			);
			name = Flagship;
			productName = FlagShip;
			productReference = 8BBCAD3E23FAD0E200126600 /* Flagship.framework */;
			productType = "com.apple.product-type.framework";
		};
		8BF4D5BE2804651F00BAF55F /* Flagship_tvOS */ = {
			isa = PBXNativeTarget;
			buildConfigurationList = 8BF4D5C72804651F00BAF55F /* Build configuration list for PBXNativeTarget "Flagship_tvOS" */;
			buildPhases = (
				8BF4D5BA2804651F00BAF55F /* Headers */,
				8BF4D5BB2804651F00BAF55F /* Sources */,
				8BF4D5BC2804651F00BAF55F /* Frameworks */,
				8BF4D5BD2804651F00BAF55F /* Resources */,
			);
			buildRules = (
			);
			dependencies = (
			);
			name = Flagship_tvOS;
			productName = Flagship_tvOS;
			productReference = 8BF4D5BF2804651F00BAF55F /* Flagship_tvOS.framework */;
			productType = "com.apple.product-type.framework";
		};
/* End PBXNativeTarget section */

/* Begin PBXProject section */
		8BEF08AF23C3888F00396B78 /* Project object */ = {
			isa = PBXProject;
			attributes = {
				LastSwiftUpdateCheck = 1130;
				LastUpgradeCheck = 1130;
				ORGANIZATIONNAME = FlagShip;
				TargetAttributes = {
					8B39E04523FD45F400E02DCD = {
						CreatedOnToolsVersion = 11.3.1;
					};
					8B6D325C23F5B2AF00916EF1 = {
						CreatedOnToolsVersion = 11.3.1;
						LastSwiftMigration = 1300;
					};
					8BF4D5BE2804651F00BAF55F = {
						CreatedOnToolsVersion = 13.0;
					};
				};
			};
			buildConfigurationList = 8BEF08B223C3888F00396B78 /* Build configuration list for PBXProject "Flagship" */;
			compatibilityVersion = "Xcode 9.3";
			developmentRegion = en;
			hasScannedForEncodings = 0;
			knownRegions = (
				en,
				Base,
			);
			mainGroup = 8BEF08AE23C3888F00396B78;
			productRefGroup = 8BEF08B923C3888F00396B78 /* Products */;
			projectDirPath = "";
			projectRoot = "";
			targets = (
				8B6D325C23F5B2AF00916EF1 /* Universal */,
				8BBCAD1823FAD0E200126600 /* Flagship */,
				8B39E04523FD45F400E02DCD /* FlagshipTests */,
				8BF4D5BE2804651F00BAF55F /* Flagship_tvOS */,
			);
		};
/* End PBXProject section */

/* Begin PBXResourcesBuildPhase section */
		8B39E04423FD45F400E02DCD /* Resources */ = {
			isa = PBXResourcesBuildPhase;
			buildActionMask = 2147483647;
			files = (
				8B5438B327FF989100299654 /* decisionApiPanic.json in Resources */,
				8B5438B427FF98A500299654 /* visitorCache.json in Resources */,
				8B5438B227FF988F00299654 /* bucketMock.json in Resources */,
				8B5438B127FF988B00299654 /* decisionApi.json in Resources */,
			);
			runOnlyForDeploymentPostprocessing = 0;
		};
		8BBCAD3823FAD0E200126600 /* Resources */ = {
			isa = PBXResourcesBuildPhase;
			buildActionMask = 2147483647;
			files = (
			);
			runOnlyForDeploymentPostprocessing = 0;
		};
		8BF4D5BD2804651F00BAF55F /* Resources */ = {
			isa = PBXResourcesBuildPhase;
			buildActionMask = 2147483647;
			files = (
			);
			runOnlyForDeploymentPostprocessing = 0;
		};
/* End PBXResourcesBuildPhase section */

/* Begin PBXShellScriptBuildPhase section */
		8BBCAD3A23FAD0E200126600 /* ShellScript */ = {
			isa = PBXShellScriptBuildPhase;
			buildActionMask = 2147483647;
			files = (
			);
			inputFileListPaths = (
			);
			inputPaths = (
			);
			outputFileListPaths = (
			);
			outputPaths = (
			);
			runOnlyForDeploymentPostprocessing = 0;
			shellPath = /bin/sh;
			shellScript = "# Type a script or drag a script file from your workspace to insert its path.\n\n../Script/update_FlagShip.sh ${MARKETING_VERSION}\n\n#if which swiftlint >/dev/null; then  \n#swiftlint\n#else  \n#echo \"warning: SwiftLint not installed, download from https://github.com/realm/SwiftLint\"\n#fi\n";
		};
		8BF1B33423F5B3DD0076CAEB /* Run Script */ = {
			isa = PBXShellScriptBuildPhase;
			buildActionMask = 2147483647;
			files = (
			);
			inputFileListPaths = (
			);
			inputPaths = (
			);
			name = "Run Script";
			outputFileListPaths = (
			);
			outputPaths = (
			);
			runOnlyForDeploymentPostprocessing = 0;
			shellPath = /bin/sh;
			shellScript = "#!/bin/bash\nset -e\n\nWORKING_DIR=$(pwd)\n\nFRAMEWORK_FOLDER_OUTPUT=\"Flagship_XCFramework\"\n\nFRAMEWORK_NAME=\"Flagship\"\n\nFRAMEWORK_OUTPUT=\"${WORKING_DIR}/${FRAMEWORK_FOLDER_OUTPUT}/${FRAMEWORK_NAME}.xcframework\"\n\nBUILD_SCHEME=\"Flagship\"\n\nSIMULATOR_ARCHIVE_PATH=\"${WORKING_DIR}/${FRAMEWORK_FOLDER_OUTPUT}/simulator.xcarchive\"\n\nIOS_DEVICE_ARCHIVE_PATH=\"${WORKING_DIR}/${FRAMEWORK_FOLDER_OUTPUT}/iOS.xcarchive\"\n\n\nrm -rf \"${WORKING_DIR}/${FRAMEWORK_FOLDER_OUTPUT}\"\necho \"Deleted ${FRAMEWORK_FOLDER_OUTPUT}\"\nmkdir \"${FRAMEWORK_FOLDER_OUTPUT}\"\necho \"Created ${FRAMEWORK_FOLDER_OUTPUT}\"\necho \"Archiving ${FRAMEWORK_NAME}\"\n#build simu archive\nxcodebuild archive ONLY_ACTIVE_ARCH=NO -scheme ${BUILD_SCHEME} -destination=\"generic/platform=iOS Simulator\" -archivePath \"${SIMULATOR_ARCHIVE_PATH}\" -sdk iphonesimulator SKIP_INSTALL=NO BUILD_LIBRARIES_FOR_DISTRIBUTION=YES\n# build ios archive\nxcodebuild archive -scheme ${BUILD_SCHEME} -destination=\"generic/platform=iOS\" -archivePath \"${IOS_DEVICE_ARCHIVE_PATH}\" -sdk iphoneos SKIP_INSTALL=NO BUILD_LIBRARIES_FOR_DISTRIBUTION=YES\n# create xcframework\nxcodebuild -create-xcframework -framework ${SIMULATOR_ARCHIVE_PATH}/Products/Library/Frameworks/${FRAMEWORK_NAME}.framework -framework ${IOS_DEVICE_ARCHIVE_PATH}/Products/Library/Frameworks/${FRAMEWORK_NAME}.framework -output \"${FRAMEWORK_OUTPUT}\"\n\ncd \"${FRAMEWORK_OUTPUT}\"\necho \"Clean the xcFramework, by removing \\\"/Flagship.\\\"/ in *.swiftinterface files\"\nfind . -name \"*.swiftinterface\" -exec sed -i -e 's/Flagship\\.//g' {} \\;\n# remove and clean \nrm -rf \"${SIMULATOR_ARCHIVE_PATH}\"\nrm -rf \"${IOS_DEVICE_ARCHIVE_PATH}\"\nopen \"${WORKING_DIR}/${FRAMEWORK_FOLDER_OUTPUT}\"\n";
		};
/* End PBXShellScriptBuildPhase section */

/* Begin PBXSourcesBuildPhase section */
		8B39E04223FD45F400E02DCD /* Sources */ = {
			isa = PBXSourcesBuildPhase;
			buildActionMask = 2147483647;
			files = (
				8B67372127FEDA50003EC960 /* murmurTest.swift in Sources */,
				8B67372227FEDA50003EC960 /* QAReportTest.swift in Sources */,
				8B67371227FEDA3E003EC960 /* FlagshipBucketingTest.swift in Sources */,
				8B67371327FEDA3E003EC960 /* FlagshipContextTest.swift in Sources */,
				8B67371427FEDA3E003EC960 /* FlagshipTests.swift in Sources */,
				8B67371527FEDA3E003EC960 /* FSConsentStrategyTest.swift in Sources */,
				8B67371627FEDA3E003EC960 /* FSFlagTest.swift in Sources */,
				8B5438B527FF98D800299654 /* MockURLProtocol.swift in Sources */,
				8B67371727FEDA3E003EC960 /* FSGeneratorTest.swift in Sources */,
				8B67371827FEDA3E003EC960 /* FSReconcileTest.swift in Sources */,
				8B67371927FEDA3E003EC960 /* FSTargetingManagerTest.swift in Sources */,
				8B67371A27FEDA3E003EC960 /* FSVisitorBuilderTest.swift in Sources */,
				8B67371B27FEDA3E003EC960 /* FSVisitorTests.swift in Sources */,
			);
			runOnlyForDeploymentPostprocessing = 0;
		};
		8BBCAD1B23FAD0E200126600 /* Sources */ = {
			isa = PBXSourcesBuildPhase;
			buildActionMask = 2147483647;
			files = (
				8B67369F27FED3E5003EC960 /* murmurhash3.swift in Sources */,
				8B6736A027FED3E5003EC960 /* Data+PrettyPrint.swift in Sources */,
				8B6736A127FED3E5003EC960 /* FSTools.swift in Sources */,
				8B6736A227FED3E5003EC960 /* decode-json-swift.swift in Sources */,
				8B6736A327FED3E5003EC960 /* FSGenerator.swift in Sources */,
				8B6736A427FED3E5003EC960 /* FlagShipVersion.swift in Sources */,
				8B6736A527FED3E5003EC960 /* Flagship.swift in Sources */,
				8B6736A627FED3E5003EC960 /* FSVisitor+Reconcilliation.swift in Sources */,
				8B6736A727FED3E5003EC960 /* FSFlag.swift in Sources */,
				8B6736A827FED3E5003EC960 /* FSVisitorBuilder.swift in Sources */,
				8B6736A927FED3E5003EC960 /* FSVisitor+Campaigns.swift in Sources */,
				8B6736AA27FED3E5003EC960 /* FSVisitor+objc.swift in Sources */,
				8B6736AB27FED3E5003EC960 /* FSVisitor.swift in Sources */,
				8B6736AC27FED3E5003EC960 /* FlagshipLogManager.swift in Sources */,
				8B6736AD27FED3E5003EC960 /* FSError.swift in Sources */,
				8B6736AE27FED3E5003EC960 /* FSLogManager.swift in Sources */,
				8B6736AF27FED3E5003EC960 /* FlagshipConstants.swift in Sources */,
				8B6736B027FED3E5003EC960 /* FSCacheDelegate.swift in Sources */,
				8B6736B127FED3E5003EC960 /* FSCacheManager.swift in Sources */,
				8B6736B227FED3E5003EC960 /* FSBucket.swift in Sources */,
				8B6736B327FED3E5003EC960 /* FSCampaigns.swift in Sources */,
				8B6736B427FED3E5003EC960 /* FSModification.swift in Sources */,
				8B6736B527FED3E5003EC960 /* FSCampaign.swift in Sources */,
				8B6736B627FED3E5003EC960 /* FSContext.swift in Sources */,
				8B6736B727FED3E5003EC960 /* FSTargets.swift in Sources */,
				8B6736B827FED3E5003EC960 /* FSTracking.swift in Sources */,
				8B6736B927FED3E5003EC960 /* FSCacheHit.swift in Sources */,
				8B6736BA27FED3E5003EC960 /* FSHits.swift in Sources */,
				8B6736BB27FED3E5003EC960 /* FSCacheVisitor.swift in Sources */,
				8B6736BC27FED3E5003EC960 /* FSModifications.swift in Sources */,
				8B6736BD27FED3E5003EC960 /* FSStorageManager.swift in Sources */,
				8B6736BE27FED3E5003EC960 /* FSBucketCache.swift in Sources */,
				8B6736BF27FED3E5003EC960 /* FSStorage.swift in Sources */,
				8B6736C027FED3E5003EC960 /* FlagshipConfig.swift in Sources */,
				8B6736C127FED3E5003EC960 /* FSConfigManager.swift in Sources */,
				8B6736C227FED3E5003EC960 /* FSConstant.swift in Sources */,
				8B6736C327FED3E5003EC960 /* FSService+Request.swift in Sources */,
				8B6736C427FED3E5003EC960 /* FSService+Bucketing.swift in Sources */,
				8B6736C527FED3E5003EC960 /* FSService.swift in Sources */,
				8B6736C627FED3E5003EC960 /* FSTrackingManager.swift in Sources */,
				8B6736C727FED3E5003EC960 /* FSDecisionManager.swift in Sources */,
				8B6736C827FED3E5003EC960 /* FSBucketingManager.swift in Sources */,
				8B6736C927FED3E5003EC960 /* FSPollingScript.swift in Sources */,
				8B6736CA27FED3E5003EC960 /* FSTargetingManager.swift in Sources */,
				8B6736CC27FED3E5003EC960 /* FlagshipContext.swift in Sources */,
				8B6736CD27FED3E5003EC960 /* FlagshipContextManager.swift in Sources */,
				8B6736CE27FED3E5003EC960 /* FSDevice.swift in Sources */,
				8B6736CF27FED3E5003EC960 /* FSPanicStrategy.swift in Sources */,
				8B6736D027FED3E5003EC960 /* FSDefaultStrategy.swift in Sources */,
				8B6736D127FED3E5003EC960 /* FSNotReadyStrategy.swift in Sources */,
				8B6736D227FED3E5003EC960 /* FSNoConsentStrategy.swift in Sources */,
			);
			runOnlyForDeploymentPostprocessing = 0;
		};
		8BF4D5BB2804651F00BAF55F /* Sources */ = {
			isa = PBXSourcesBuildPhase;
			buildActionMask = 2147483647;
			files = (
				8BF4D5C82804661E00BAF55F /* murmurhash3.swift in Sources */,
				8BF4D5C92804661E00BAF55F /* Data+PrettyPrint.swift in Sources */,
				8BF4D5CA2804661E00BAF55F /* FSTools.swift in Sources */,
				8BF4D5CB2804661E00BAF55F /* decode-json-swift.swift in Sources */,
				8BF4D5CC2804661E00BAF55F /* FSGenerator.swift in Sources */,
				8BF4D5CD2804661E00BAF55F /* FlagShipVersion.swift in Sources */,
				8BF4D5CE2804661E00BAF55F /* Flagship.swift in Sources */,
				8BF4D5CF2804661E00BAF55F /* FSVisitor+Reconcilliation.swift in Sources */,
				8BF4D5D02804661E00BAF55F /* FSFlag.swift in Sources */,
				8BF4D5D12804661E00BAF55F /* FSVisitorBuilder.swift in Sources */,
				8BF4D5D22804661E00BAF55F /* FSVisitor+Campaigns.swift in Sources */,
				8BF4D5D32804661E00BAF55F /* FSVisitor+objc.swift in Sources */,
				8BF4D5D42804661E00BAF55F /* FSVisitor.swift in Sources */,
				8BF4D5D52804661E00BAF55F /* FlagshipLogManager.swift in Sources */,
				8BF4D5D62804661E00BAF55F /* FSError.swift in Sources */,
				8BF4D5D72804661E00BAF55F /* FSLogManager.swift in Sources */,
				8BF4D5D82804661E00BAF55F /* FlagshipConstants.swift in Sources */,
				8BF4D5D92804661E00BAF55F /* FSCacheDelegate.swift in Sources */,
				8BF4D5DA2804661E00BAF55F /* FSCacheManager.swift in Sources */,
				8BF4D5DB2804661E00BAF55F /* FSBucket.swift in Sources */,
				8BF4D5DC2804661E00BAF55F /* FSCampaigns.swift in Sources */,
				8BF4D5DD2804661E00BAF55F /* FSModification.swift in Sources */,
				8BF4D5DE2804661E00BAF55F /* FSCampaign.swift in Sources */,
				8BF4D5DF2804661E00BAF55F /* FSContext.swift in Sources */,
				8BF4D5E02804661E00BAF55F /* FSTargets.swift in Sources */,
				8BF4D5E12804661E00BAF55F /* FSTracking.swift in Sources */,
				8BF4D5E22804661E00BAF55F /* FSCacheHit.swift in Sources */,
				8BF4D5E32804661E00BAF55F /* FSHits.swift in Sources */,
				8BF4D5E42804661E00BAF55F /* FSCacheVisitor.swift in Sources */,
				8BF4D5E52804661E00BAF55F /* FSModifications.swift in Sources */,
				8BF4D5E62804661E00BAF55F /* FSStorageManager.swift in Sources */,
				8BF4D5E72804661E00BAF55F /* FSBucketCache.swift in Sources */,
				8BF4D5E82804661E00BAF55F /* FSStorage.swift in Sources */,
				8BF4D5E92804661E00BAF55F /* FlagshipConfig.swift in Sources */,
				8BF4D5EA2804661E00BAF55F /* FSConfigManager.swift in Sources */,
				8BF4D5EB2804661E00BAF55F /* FSConstant.swift in Sources */,
				8BF4D5EC2804661E00BAF55F /* FSService+Request.swift in Sources */,
				8BF4D5ED2804661E00BAF55F /* FSService+Bucketing.swift in Sources */,
				8BF4D5EE2804661E00BAF55F /* FSService.swift in Sources */,
				8BF4D5EF2804661E00BAF55F /* FSTrackingManager.swift in Sources */,
				8BF4D5F02804661E00BAF55F /* FSDecisionManager.swift in Sources */,
				8BF4D5F12804661E00BAF55F /* FSBucketingManager.swift in Sources */,
				8BF4D5F22804661E00BAF55F /* FSPollingScript.swift in Sources */,
				8BF4D5F32804661E00BAF55F /* FSTargetingManager.swift in Sources */,
				8BF4D5F52804661E00BAF55F /* FlagshipContext.swift in Sources */,
				8BF4D5F62804661E00BAF55F /* FlagshipContextManager.swift in Sources */,
				8BF4D5F72804661E00BAF55F /* FSDevice.swift in Sources */,
				8BF4D5F82804661E00BAF55F /* FSPanicStrategy.swift in Sources */,
				8BF4D5F92804661E00BAF55F /* FSDefaultStrategy.swift in Sources */,
				8BF4D5FA2804661E00BAF55F /* FSNotReadyStrategy.swift in Sources */,
				8BF4D5FB2804661E00BAF55F /* FSNoConsentStrategy.swift in Sources */,
			);
			runOnlyForDeploymentPostprocessing = 0;
		};
/* End PBXSourcesBuildPhase section */

/* Begin PBXTargetDependency section */
		8B39E04D23FD45F400E02DCD /* PBXTargetDependency */ = {
			isa = PBXTargetDependency;
			target = 8BBCAD1823FAD0E200126600 /* Flagship */;
			targetProxy = 8B39E04C23FD45F400E02DCD /* PBXContainerItemProxy */;
		};
/* End PBXTargetDependency section */

/* Begin XCBuildConfiguration section */
		8B39E04F23FD45F400E02DCD /* Debug */ = {
			isa = XCBuildConfiguration;
			buildSettings = {
				ALWAYS_EMBED_SWIFT_STANDARD_LIBRARIES = YES;
				CODE_SIGN_STYLE = Automatic;
				DEVELOPMENT_TEAM = "";
				INFOPLIST_FILE = FlagshipTests/Info.plist;
				LD_RUNPATH_SEARCH_PATHS = (
					"$(inherited)",
					"@executable_path/Frameworks",
					"@loader_path/Frameworks",
				);
				PRODUCT_BUNDLE_IDENTIFIER = ABTasty.FlagshipTests;
				PRODUCT_NAME = "$(TARGET_NAME)";
				SWIFT_VERSION = 5.0;
				TARGETED_DEVICE_FAMILY = "1,2";
			};
			name = Debug;
		};
		8B39E05023FD45F400E02DCD /* Release */ = {
			isa = XCBuildConfiguration;
			buildSettings = {
				ALWAYS_EMBED_SWIFT_STANDARD_LIBRARIES = YES;
				CODE_SIGN_STYLE = Automatic;
				DEVELOPMENT_TEAM = "";
				INFOPLIST_FILE = FlagshipTests/Info.plist;
				LD_RUNPATH_SEARCH_PATHS = (
					"$(inherited)",
					"@executable_path/Frameworks",
					"@loader_path/Frameworks",
				);
				PRODUCT_BUNDLE_IDENTIFIER = ABTasty.FlagshipTests;
				PRODUCT_NAME = "$(TARGET_NAME)";
				SWIFT_VERSION = 5.0;
				TARGETED_DEVICE_FAMILY = "1,2";
			};
			name = Release;
		};
		8B6D325D23F5B2AF00916EF1 /* Debug */ = {
			isa = XCBuildConfiguration;
			buildSettings = {
				CLANG_ENABLE_MODULES = YES;
				CODE_SIGN_STYLE = Automatic;
				DEVELOPMENT_TEAM = "";
				LD_RUNPATH_SEARCH_PATHS = (
					"$(inherited)",
					"@executable_path/Frameworks",
					"@loader_path/Frameworks",
				);
				PRODUCT_NAME = "$(TARGET_NAME)";
				SWIFT_OBJC_BRIDGING_HEADER = "FlagShipTests/Universal-Bridging-Header.h";
				SWIFT_OPTIMIZATION_LEVEL = "-Onone";
				SWIFT_VERSION = 5.0;
			};
			name = Debug;
		};
		8B6D325E23F5B2AF00916EF1 /* Release */ = {
			isa = XCBuildConfiguration;
			buildSettings = {
				CLANG_ENABLE_MODULES = YES;
				CODE_SIGN_STYLE = Automatic;
				DEVELOPMENT_TEAM = "";
				LD_RUNPATH_SEARCH_PATHS = (
					"$(inherited)",
					"@executable_path/Frameworks",
					"@loader_path/Frameworks",
				);
				PRODUCT_NAME = "$(TARGET_NAME)";
				SWIFT_OBJC_BRIDGING_HEADER = "FlagShipTests/Universal-Bridging-Header.h";
				SWIFT_VERSION = 5.0;
			};
			name = Release;
		};
		8BBCAD3C23FAD0E200126600 /* Debug */ = {
			isa = XCBuildConfiguration;
			buildSettings = {
				BUILD_LIBRARY_FOR_DISTRIBUTION = YES;
				CODE_SIGN_STYLE = Automatic;
				CURRENT_PROJECT_VERSION = 1;
				DEFINES_MODULE = YES;
				DEVELOPMENT_TEAM = 5RY8QCBAEP;
				DYLIB_COMPATIBILITY_VERSION = 1;
				DYLIB_CURRENT_VERSION = 1;
				DYLIB_INSTALL_NAME_BASE = "@rpath";
				INFOPLIST_FILE = Flagship/Info.plist;
				INSTALL_PATH = "$(LOCAL_LIBRARY_DIR)/Frameworks";
				IPHONEOS_DEPLOYMENT_TARGET = 8.0;
				LD_RUNPATH_SEARCH_PATHS = (
					"$(inherited)",
					"@executable_path/Frameworks",
					"@loader_path/Frameworks",
				);
				MARKETING_VERSION = 3.0.0;
				OTHER_LDFLAGS = "";
				OTHER_SWIFT_FLAGS = "";
				PRODUCT_BUNDLE_IDENTIFIER = ABTasty.FlagShip;
				PRODUCT_NAME = "$(TARGET_NAME)";
				SKIP_INSTALL = NO;
				SUPPORTS_MACCATALYST = NO;
				SWIFT_VERSION = 5.0;
				TARGETED_DEVICE_FAMILY = "1,2";
			};
			name = Debug;
		};
		8BBCAD3D23FAD0E200126600 /* Release */ = {
			isa = XCBuildConfiguration;
			buildSettings = {
				BUILD_LIBRARY_FOR_DISTRIBUTION = YES;
				CODE_SIGN_STYLE = Automatic;
				CURRENT_PROJECT_VERSION = 1;
				DEFINES_MODULE = YES;
				DEVELOPMENT_TEAM = 5RY8QCBAEP;
				DYLIB_COMPATIBILITY_VERSION = 1;
				DYLIB_CURRENT_VERSION = 1;
				DYLIB_INSTALL_NAME_BASE = "@rpath";
				INFOPLIST_FILE = Flagship/Info.plist;
				INSTALL_PATH = "$(LOCAL_LIBRARY_DIR)/Frameworks";
				IPHONEOS_DEPLOYMENT_TARGET = 8.0;
				LD_RUNPATH_SEARCH_PATHS = (
					"$(inherited)",
					"@executable_path/Frameworks",
					"@loader_path/Frameworks",
				);
				MARKETING_VERSION = 3.0.0;
				OTHER_LDFLAGS = "";
				OTHER_SWIFT_FLAGS = "";
				PRODUCT_BUNDLE_IDENTIFIER = ABTasty.FlagShip;
				PRODUCT_NAME = "$(TARGET_NAME)";
				SKIP_INSTALL = NO;
				SUPPORTS_MACCATALYST = NO;
				SWIFT_VERSION = 5.0;
				TARGETED_DEVICE_FAMILY = "1,2";
			};
			name = Release;
		};
		8BEF08CA23C3889000396B78 /* Debug */ = {
			isa = XCBuildConfiguration;
			buildSettings = {
				ALWAYS_SEARCH_USER_PATHS = NO;
				CLANG_ANALYZER_NONNULL = YES;
				CLANG_ANALYZER_NUMBER_OBJECT_CONVERSION = YES_AGGRESSIVE;
				CLANG_CXX_LANGUAGE_STANDARD = "gnu++14";
				CLANG_CXX_LIBRARY = "libc++";
				CLANG_ENABLE_MODULES = YES;
				CLANG_ENABLE_OBJC_ARC = YES;
				CLANG_ENABLE_OBJC_WEAK = YES;
				CLANG_WARN_BLOCK_CAPTURE_AUTORELEASING = YES;
				CLANG_WARN_BOOL_CONVERSION = YES;
				CLANG_WARN_COMMA = YES;
				CLANG_WARN_CONSTANT_CONVERSION = YES;
				CLANG_WARN_DEPRECATED_OBJC_IMPLEMENTATIONS = YES;
				CLANG_WARN_DIRECT_OBJC_ISA_USAGE = YES_ERROR;
				CLANG_WARN_DOCUMENTATION_COMMENTS = YES;
				CLANG_WARN_EMPTY_BODY = YES;
				CLANG_WARN_ENUM_CONVERSION = YES;
				CLANG_WARN_INFINITE_RECURSION = YES;
				CLANG_WARN_INT_CONVERSION = YES;
				CLANG_WARN_NON_LITERAL_NULL_CONVERSION = YES;
				CLANG_WARN_OBJC_IMPLICIT_RETAIN_SELF = YES;
				CLANG_WARN_OBJC_LITERAL_CONVERSION = YES;
				CLANG_WARN_OBJC_ROOT_CLASS = YES_ERROR;
				CLANG_WARN_RANGE_LOOP_ANALYSIS = YES;
				CLANG_WARN_STRICT_PROTOTYPES = YES;
				CLANG_WARN_SUSPICIOUS_MOVE = YES;
				CLANG_WARN_UNGUARDED_AVAILABILITY = YES_AGGRESSIVE;
				CLANG_WARN_UNREACHABLE_CODE = YES;
				CLANG_WARN__DUPLICATE_METHOD_MATCH = YES;
				COPY_PHASE_STRIP = NO;
				CURRENT_PROJECT_VERSION = 1;
				DEBUG_INFORMATION_FORMAT = dwarf;
				ENABLE_STRICT_OBJC_MSGSEND = YES;
				ENABLE_TESTABILITY = YES;
				GCC_C_LANGUAGE_STANDARD = gnu11;
				GCC_DYNAMIC_NO_PIC = NO;
				GCC_NO_COMMON_BLOCKS = YES;
				GCC_OPTIMIZATION_LEVEL = 0;
				GCC_PREPROCESSOR_DEFINITIONS = (
					"DEBUG=1",
					"$(inherited)",
				);
				GCC_WARN_64_TO_32_BIT_CONVERSION = YES;
				GCC_WARN_ABOUT_RETURN_TYPE = YES_ERROR;
				GCC_WARN_UNDECLARED_SELECTOR = YES;
				GCC_WARN_UNINITIALIZED_AUTOS = YES_AGGRESSIVE;
				GCC_WARN_UNUSED_FUNCTION = YES;
				GCC_WARN_UNUSED_VARIABLE = YES;
				IPHONEOS_DEPLOYMENT_TARGET = 13.2;
				MTL_ENABLE_DEBUG_INFO = INCLUDE_SOURCE;
				MTL_FAST_MATH = YES;
				ONLY_ACTIVE_ARCH = YES;
				SDKROOT = iphoneos;
				SWIFT_ACTIVE_COMPILATION_CONDITIONS = DEBUG;
				SWIFT_OPTIMIZATION_LEVEL = "-Onone";
				VERSIONING_SYSTEM = "apple-generic";
				VERSION_INFO_PREFIX = "";
			};
			name = Debug;
		};
		8BEF08CB23C3889000396B78 /* Release */ = {
			isa = XCBuildConfiguration;
			buildSettings = {
				ALWAYS_SEARCH_USER_PATHS = NO;
				CLANG_ANALYZER_NONNULL = YES;
				CLANG_ANALYZER_NUMBER_OBJECT_CONVERSION = YES_AGGRESSIVE;
				CLANG_CXX_LANGUAGE_STANDARD = "gnu++14";
				CLANG_CXX_LIBRARY = "libc++";
				CLANG_ENABLE_MODULES = YES;
				CLANG_ENABLE_OBJC_ARC = YES;
				CLANG_ENABLE_OBJC_WEAK = YES;
				CLANG_WARN_BLOCK_CAPTURE_AUTORELEASING = YES;
				CLANG_WARN_BOOL_CONVERSION = YES;
				CLANG_WARN_COMMA = YES;
				CLANG_WARN_CONSTANT_CONVERSION = YES;
				CLANG_WARN_DEPRECATED_OBJC_IMPLEMENTATIONS = YES;
				CLANG_WARN_DIRECT_OBJC_ISA_USAGE = YES_ERROR;
				CLANG_WARN_DOCUMENTATION_COMMENTS = YES;
				CLANG_WARN_EMPTY_BODY = YES;
				CLANG_WARN_ENUM_CONVERSION = YES;
				CLANG_WARN_INFINITE_RECURSION = YES;
				CLANG_WARN_INT_CONVERSION = YES;
				CLANG_WARN_NON_LITERAL_NULL_CONVERSION = YES;
				CLANG_WARN_OBJC_IMPLICIT_RETAIN_SELF = YES;
				CLANG_WARN_OBJC_LITERAL_CONVERSION = YES;
				CLANG_WARN_OBJC_ROOT_CLASS = YES_ERROR;
				CLANG_WARN_RANGE_LOOP_ANALYSIS = YES;
				CLANG_WARN_STRICT_PROTOTYPES = YES;
				CLANG_WARN_SUSPICIOUS_MOVE = YES;
				CLANG_WARN_UNGUARDED_AVAILABILITY = YES_AGGRESSIVE;
				CLANG_WARN_UNREACHABLE_CODE = YES;
				CLANG_WARN__DUPLICATE_METHOD_MATCH = YES;
				COPY_PHASE_STRIP = NO;
				CURRENT_PROJECT_VERSION = 1;
				DEBUG_INFORMATION_FORMAT = "dwarf-with-dsym";
				ENABLE_NS_ASSERTIONS = NO;
				ENABLE_STRICT_OBJC_MSGSEND = YES;
				GCC_C_LANGUAGE_STANDARD = gnu11;
				GCC_NO_COMMON_BLOCKS = YES;
				GCC_WARN_64_TO_32_BIT_CONVERSION = YES;
				GCC_WARN_ABOUT_RETURN_TYPE = YES_ERROR;
				GCC_WARN_UNDECLARED_SELECTOR = YES;
				GCC_WARN_UNINITIALIZED_AUTOS = YES_AGGRESSIVE;
				GCC_WARN_UNUSED_FUNCTION = YES;
				GCC_WARN_UNUSED_VARIABLE = YES;
				IPHONEOS_DEPLOYMENT_TARGET = 13.2;
				MTL_ENABLE_DEBUG_INFO = NO;
				MTL_FAST_MATH = YES;
				SDKROOT = iphoneos;
				SWIFT_COMPILATION_MODE = wholemodule;
				SWIFT_OPTIMIZATION_LEVEL = "-O";
				VALIDATE_PRODUCT = YES;
				VERSIONING_SYSTEM = "apple-generic";
				VERSION_INFO_PREFIX = "";
			};
			name = Release;
		};
		8BF4D5C52804651F00BAF55F /* Debug */ = {
			isa = XCBuildConfiguration;
			buildSettings = {
				CLANG_CXX_LANGUAGE_STANDARD = "gnu++17";
				CLANG_WARN_QUOTED_INCLUDE_IN_FRAMEWORK_HEADER = YES;
				CODE_SIGN_STYLE = Automatic;
				CURRENT_PROJECT_VERSION = 1;
				DEFINES_MODULE = YES;
				DEVELOPMENT_TEAM = 5RY8QCBAEP;
				DYLIB_COMPATIBILITY_VERSION = 1;
				DYLIB_CURRENT_VERSION = 1;
				DYLIB_INSTALL_NAME_BASE = "@rpath";
				GENERATE_INFOPLIST_FILE = YES;
				INFOPLIST_KEY_NSHumanReadableCopyright = "Copyright © 2022 FlagShip. All rights reserved.";
				INSTALL_PATH = "$(LOCAL_LIBRARY_DIR)/Frameworks";
				LD_RUNPATH_SEARCH_PATHS = (
					"$(inherited)",
					"@executable_path/Frameworks",
					"@loader_path/Frameworks",
				);
				MARKETING_VERSION = 1.0;
				PRODUCT_BUNDLE_IDENTIFIER = "ABTasty.Flagship-tvOS";
				PRODUCT_NAME = "$(TARGET_NAME:c99extidentifier)";
				SDKROOT = appletvos;
				SKIP_INSTALL = YES;
				SWIFT_EMIT_LOC_STRINGS = YES;
				SWIFT_VERSION = 5.0;
				TARGETED_DEVICE_FAMILY = 3;
				TVOS_DEPLOYMENT_TARGET = 10.0;
			};
			name = Debug;
		};
		8BF4D5C62804651F00BAF55F /* Release */ = {
			isa = XCBuildConfiguration;
			buildSettings = {
				CLANG_CXX_LANGUAGE_STANDARD = "gnu++17";
				CLANG_WARN_QUOTED_INCLUDE_IN_FRAMEWORK_HEADER = YES;
				CODE_SIGN_STYLE = Automatic;
				CURRENT_PROJECT_VERSION = 1;
				DEFINES_MODULE = YES;
				DEVELOPMENT_TEAM = 5RY8QCBAEP;
				DYLIB_COMPATIBILITY_VERSION = 1;
				DYLIB_CURRENT_VERSION = 1;
				DYLIB_INSTALL_NAME_BASE = "@rpath";
				GENERATE_INFOPLIST_FILE = YES;
				INFOPLIST_KEY_NSHumanReadableCopyright = "Copyright © 2022 FlagShip. All rights reserved.";
				INSTALL_PATH = "$(LOCAL_LIBRARY_DIR)/Frameworks";
				LD_RUNPATH_SEARCH_PATHS = (
					"$(inherited)",
					"@executable_path/Frameworks",
					"@loader_path/Frameworks",
				);
				MARKETING_VERSION = 1.0;
				PRODUCT_BUNDLE_IDENTIFIER = "ABTasty.Flagship-tvOS";
				PRODUCT_NAME = "$(TARGET_NAME:c99extidentifier)";
				SDKROOT = appletvos;
				SKIP_INSTALL = YES;
				SWIFT_EMIT_LOC_STRINGS = YES;
				SWIFT_VERSION = 5.0;
				TARGETED_DEVICE_FAMILY = 3;
				TVOS_DEPLOYMENT_TARGET = 10.0;
			};
			name = Release;
		};
/* End XCBuildConfiguration section */

/* Begin XCConfigurationList section */
		8B39E04E23FD45F400E02DCD /* Build configuration list for PBXNativeTarget "FlagshipTests" */ = {
			isa = XCConfigurationList;
			buildConfigurations = (
				8B39E04F23FD45F400E02DCD /* Debug */,
				8B39E05023FD45F400E02DCD /* Release */,
			);
			defaultConfigurationIsVisible = 0;
			defaultConfigurationName = Release;
		};
		8B6D325F23F5B2AF00916EF1 /* Build configuration list for PBXAggregateTarget "Universal" */ = {
			isa = XCConfigurationList;
			buildConfigurations = (
				8B6D325D23F5B2AF00916EF1 /* Debug */,
				8B6D325E23F5B2AF00916EF1 /* Release */,
			);
			defaultConfigurationIsVisible = 0;
			defaultConfigurationName = Release;
		};
		8BBCAD3B23FAD0E200126600 /* Build configuration list for PBXNativeTarget "Flagship" */ = {
			isa = XCConfigurationList;
			buildConfigurations = (
				8BBCAD3C23FAD0E200126600 /* Debug */,
				8BBCAD3D23FAD0E200126600 /* Release */,
			);
			defaultConfigurationIsVisible = 0;
			defaultConfigurationName = Release;
		};
		8BEF08B223C3888F00396B78 /* Build configuration list for PBXProject "Flagship" */ = {
			isa = XCConfigurationList;
			buildConfigurations = (
				8BEF08CA23C3889000396B78 /* Debug */,
				8BEF08CB23C3889000396B78 /* Release */,
			);
			defaultConfigurationIsVisible = 0;
			defaultConfigurationName = Release;
		};
		8BF4D5C72804651F00BAF55F /* Build configuration list for PBXNativeTarget "Flagship_tvOS" */ = {
			isa = XCConfigurationList;
			buildConfigurations = (
				8BF4D5C52804651F00BAF55F /* Debug */,
				8BF4D5C62804651F00BAF55F /* Release */,
			);
			defaultConfigurationIsVisible = 0;
			defaultConfigurationName = Release;
		};
/* End XCConfigurationList section */
	};
	rootObject = 8BEF08AF23C3888F00396B78 /* Project object */;
}
