// !$*UTF8*$!
{
	archiveVersion = 1;
	classes = {
	};
	objectVersion = 50;
	objects = {

/* Begin PBXAggregateTarget section */
		8B6D325C23F5B2AF00916EF1 /* Universal */ = {
			isa = PBXAggregateTarget;
			buildConfigurationList = 8B6D325F23F5B2AF00916EF1 /* Build configuration list for PBXAggregateTarget "Universal" */;
			buildPhases = (
				8BF1B33423F5B3DD0076CAEB /* ShellScript */,
			);
			dependencies = (
			);
			name = Universal;
			productName = Universal;
		};
/* End PBXAggregateTarget section */

/* Begin PBXBuildFile section */
		8B39E04923FD45F400E02DCD /* FlagshipTests.swift in Sources */ = {isa = PBXBuildFile; fileRef = 8B39E04823FD45F400E02DCD /* FlagshipTests.swift */; };
		8B39E04B23FD45F400E02DCD /* Flagship.framework in Frameworks */ = {isa = PBXBuildFile; fileRef = 8BBCAD3E23FAD0E200126600 /* Flagship.framework */; };
		8B535FAC23FD6AED005A13CE /* FSServiceTest.swift in Sources */ = {isa = PBXBuildFile; fileRef = 8B535FAB23FD6AED005A13CE /* FSServiceTest.swift */; };
		8B535FAE23FEC2A6005A13CE /* FSBucketManagerTest.swift in Sources */ = {isa = PBXBuildFile; fileRef = 8B535FAD23FEC2A6005A13CE /* FSBucketManagerTest.swift */; };
		8B535FF4240D5599005A13CE /* PresetContext.swift in Sources */ = {isa = PBXBuildFile; fileRef = 8B535FF3240D5599005A13CE /* PresetContext.swift */; };
		8B535FFC240FAA14005A13CE /* FSHits.swift in Sources */ = {isa = PBXBuildFile; fileRef = 8B535FFB240FAA14005A13CE /* FSHits.swift */; };
		8B5D9D24241005B500B813A4 /* FSContextTest.swift in Sources */ = {isa = PBXBuildFile; fileRef = 8B5D9D23241005B500B813A4 /* FSContextTest.swift */; };
		8B6DF79224F41B5D004C177D /* Flagship+Config.swift in Sources */ = {isa = PBXBuildFile; fileRef = 8B6DF79124F41B51004C177D /* Flagship+Config.swift */; };
		8B6DF79424F41BB1004C177D /* FSConfig.swift in Sources */ = {isa = PBXBuildFile; fileRef = 8B6DF79324F41BA3004C177D /* FSConfig.swift */; };
		8B6DF79924F41CFD004C177D /* sampleIdBucket.json in Resources */ = {isa = PBXBuildFile; fileRef = 8B6DF79524F41CFD004C177D /* sampleIdBucket.json */; };
		8B6DF79A24F41CFD004C177D /* decisionApi.json in Resources */ = {isa = PBXBuildFile; fileRef = 8B6DF79624F41CFD004C177D /* decisionApi.json */; };
		8B6DF79B24F41CFD004C177D /* MockURLProtocol.swift in Sources */ = {isa = PBXBuildFile; fileRef = 8B6DF79724F41CFD004C177D /* MockURLProtocol.swift */; };
		8B6DF79C24F41CFD004C177D /* lightBucketMock.json in Resources */ = {isa = PBXBuildFile; fileRef = 8B6DF79824F41CFD004C177D /* lightBucketMock.json */; };
		8B6DF79F24F41D0D004C177D /* FSBucketServiceTest.swift in Sources */ = {isa = PBXBuildFile; fileRef = 8B6DF79D24F41D0D004C177D /* FSBucketServiceTest.swift */; };
		8B6DF7A024F41D0D004C177D /* usersId.json in Resources */ = {isa = PBXBuildFile; fileRef = 8B6DF79E24F41D0D004C177D /* usersId.json */; };
		8B6DF7EC24F54541004C177D /* FSConfigTest.swift in Sources */ = {isa = PBXBuildFile; fileRef = 8B6DF7EB24F54541004C177D /* FSConfigTest.swift */; };
		8B871F5024A24EC5001DE9F8 /* FSStorageTest.swift in Sources */ = {isa = PBXBuildFile; fileRef = 8B871F4024A24EC5001DE9F8 /* FSStorageTest.swift */; };
		8B871F5124A24EC5001DE9F8 /* FlagshipTestWithMockedData.swift in Sources */ = {isa = PBXBuildFile; fileRef = 8B871F4124A24EC5001DE9F8 /* FlagshipTestWithMockedData.swift */; };
		8B871F5224A24EC5001DE9F8 /* Data in Resources */ = {isa = PBXBuildFile; fileRef = 8B871F4224A24EC5001DE9F8 /* Data */; };
		8B871F5324A24EC5001DE9F8 /* FSTargetingManagerTest.swift in Sources */ = {isa = PBXBuildFile; fileRef = 8B871F4324A24EC5001DE9F8 /* FSTargetingManagerTest.swift */; };
		8B871F5424A24EC5001DE9F8 /* ServiceMock.swift in Sources */ = {isa = PBXBuildFile; fileRef = 8B871F4524A24EC5001DE9F8 /* ServiceMock.swift */; };
		8B871F5524A24EC5001DE9F8 /* bucketMock.json in Resources */ = {isa = PBXBuildFile; fileRef = 8B871F4624A24EC5001DE9F8 /* bucketMock.json */; };
		8B871F5624A24EC5001DE9F8 /* FlagshipMock.swift in Sources */ = {isa = PBXBuildFile; fileRef = 8B871F4724A24EC5001DE9F8 /* FlagshipMock.swift */; };
		8B871F5724A24EC5001DE9F8 /* FSCacheManagerTest.swift in Sources */ = {isa = PBXBuildFile; fileRef = 8B871F4824A24EC5001DE9F8 /* FSCacheManagerTest.swift */; };
		8B871F5824A24EC5001DE9F8 /* FSGeneratorTest.swift in Sources */ = {isa = PBXBuildFile; fileRef = 8B871F4924A24EC5001DE9F8 /* FSGeneratorTest.swift */; };
		8B871F5924A24EC5001DE9F8 /* FSBucketCacheTest.swift in Sources */ = {isa = PBXBuildFile; fileRef = 8B871F4A24A24EC5001DE9F8 /* FSBucketCacheTest.swift */; };
		8B871F5A24A24EC5001DE9F8 /* murmurTest.swift in Sources */ = {isa = PBXBuildFile; fileRef = 8B871F4B24A24EC5001DE9F8 /* murmurTest.swift */; };
		8B871F5B24A24EC5001DE9F8 /* FSCampaignsTest.swift in Sources */ = {isa = PBXBuildFile; fileRef = 8B871F4C24A24EC5001DE9F8 /* FSCampaignsTest.swift */; };
		8B871F5C24A24EC5001DE9F8 /* FSAudienceTest.swift in Sources */ = {isa = PBXBuildFile; fileRef = 8B871F4D24A24EC5001DE9F8 /* FSAudienceTest.swift */; };
		8B871F5D24A24EC5001DE9F8 /* FSHitTest.swift in Sources */ = {isa = PBXBuildFile; fileRef = 8B871F4E24A24EC5001DE9F8 /* FSHitTest.swift */; };
		8B871F5E24A24EC5001DE9F8 /* FSOfflineTrackingTest.swift in Sources */ = {isa = PBXBuildFile; fileRef = 8B871F4F24A24EC5001DE9F8 /* FSOfflineTrackingTest.swift */; };
		8BBCAD1C23FAD0E200126600 /* FSBucket.swift in Sources */ = {isa = PBXBuildFile; fileRef = 8BBCAD0D23FAA15200126600 /* FSBucket.swift */; };
		8BBCAD1D23FAD0E200126600 /* FSLogger.swift in Sources */ = {isa = PBXBuildFile; fileRef = 8BF02D7223C4CA24006D154E /* FSLogger.swift */; };
		8BBCAD1E23FAD0E200126600 /* FSStorage.swift in Sources */ = {isa = PBXBuildFile; fileRef = 8BF02D7E23C4CA24006D154E /* FSStorage.swift */; };
		8BBCAD1F23FAD0E200126600 /* FSFlagShip+Context.swift in Sources */ = {isa = PBXBuildFile; fileRef = 8BF02D7B23C4CA24006D154E /* FSFlagShip+Context.swift */; };
		8BBCAD2023FAD0E200126600 /* FSCampaigns.swift in Sources */ = {isa = PBXBuildFile; fileRef = 8BF02D8623C4CA24006D154E /* FSCampaigns.swift */; };
		8BBCAD2123FAD0E200126600 /* FSBucketCache.swift in Sources */ = {isa = PBXBuildFile; fileRef = 8BBCAD1123FAA22F00126600 /* FSBucketCache.swift */; };
		8BBCAD2223FAD0E200126600 /* FSBucketManager.swift in Sources */ = {isa = PBXBuildFile; fileRef = 8BBCAD0723FAA14400126600 /* FSBucketManager.swift */; };
		8BBCAD2323FAD0E200126600 /* ABService+Tracking.swift in Sources */ = {isa = PBXBuildFile; fileRef = 8BF02D7523C4CA24006D154E /* ABService+Tracking.swift */; };
		8BBCAD2423FAD0E200126600 /* FSTargetingManager.swift in Sources */ = {isa = PBXBuildFile; fileRef = 8BF02D7823C4CA24006D154E /* FSTargetingManager.swift */; };
		8BBCAD2523FAD0E200126600 /* FSContext.swift in Sources */ = {isa = PBXBuildFile; fileRef = 8BF02D7123C4CA24006D154E /* FSContext.swift */; };
		8BBCAD2623FAD0E200126600 /* FSOfflineTracking.swift in Sources */ = {isa = PBXBuildFile; fileRef = 8BF02D8C23C4CA24006D154E /* FSOfflineTracking.swift */; };
		8BBCAD2723FAD0E200126600 /* FSDevice.swift in Sources */ = {isa = PBXBuildFile; fileRef = 8BF02D8F23C4CA24006D154E /* FSDevice.swift */; };
		8BBCAD2823FAD0E200126600 /* FlagShipError.swift in Sources */ = {isa = PBXBuildFile; fileRef = 8BF02D6F23C4CA24006D154E /* FlagShipError.swift */; };
		8BBCAD2923FAD0E200126600 /* Flagship.swift in Sources */ = {isa = PBXBuildFile; fileRef = 8BF02D6E23C4CA24006D154E /* Flagship.swift */; };
		8BBCAD2A23FAD0E200126600 /* FSGenerator.swift in Sources */ = {isa = PBXBuildFile; fileRef = 8BF02D8223C4CA24006D154E /* FSGenerator.swift */; };
		8BBCAD2B23FAD0E200126600 /* FSTracking.swift in Sources */ = {isa = PBXBuildFile; fileRef = 8BF02D8B23C4CA24006D154E /* FSTracking.swift */; };
		8BBCAD2C23FAD0E200126600 /* ABService.swift in Sources */ = {isa = PBXBuildFile; fileRef = 8BF02D7323C4CA24006D154E /* ABService.swift */; };
		8BBCAD2D23FAD0E200126600 /* FlagShipVersion.swift in Sources */ = {isa = PBXBuildFile; fileRef = 8BF02D8323C4CA24006D154E /* FlagShipVersion.swift */; };
		8BBCAD2E23FAD0E200126600 /* FSBucketService.swift in Sources */ = {isa = PBXBuildFile; fileRef = 8BBCAD0823FAA14400126600 /* FSBucketService.swift */; };
		8BBCAD2F23FAD0E200126600 /* FSCacheManager.swift in Sources */ = {isa = PBXBuildFile; fileRef = 8BF02D7F23C4CA24006D154E /* FSCacheManager.swift */; };
		8BBCAD3023FAD0E200126600 /* FSConstant.swift in Sources */ = {isa = PBXBuildFile; fileRef = 8BF02D7023C4CA24006D154E /* FSConstant.swift */; };
		8BBCAD3123FAD0E200126600 /* FSTargets.swift in Sources */ = {isa = PBXBuildFile; fileRef = 8BC4745923D9B69100CCE1DE /* FSTargets.swift */; };
		8BBCAD3223FAD0E200126600 /* FSAudience.swift in Sources */ = {isa = PBXBuildFile; fileRef = 8BF02D8E23C4CA24006D154E /* FSAudience.swift */; };
		8BBCAD3323FAD0E200126600 /* FSProfile.swift in Sources */ = {isa = PBXBuildFile; fileRef = 8BBCAD1623FAA75600126600 /* FSProfile.swift */; };
		8BBCAD3423FAD0E200126600 /* ABFlagShipBucket.swift in Sources */ = {isa = PBXBuildFile; fileRef = 8BBCAD0923FAA14400126600 /* ABFlagShipBucket.swift */; };
		8BBCAD3523FAD0E200126600 /* FSTools.swift in Sources */ = {isa = PBXBuildFile; fileRef = 8B55835723E04243005D0AB5 /* FSTools.swift */; };
		8BBCAD3623FAD0E200126600 /* murmurhash3.swift in Sources */ = {isa = PBXBuildFile; fileRef = 8BBCAD0F23FAA1B300126600 /* murmurhash3.swift */; };
/* End PBXBuildFile section */

/* Begin PBXContainerItemProxy section */
		8B39E04C23FD45F400E02DCD /* PBXContainerItemProxy */ = {
			isa = PBXContainerItemProxy;
			containerPortal = 8BEF08AF23C3888F00396B78 /* Project object */;
			proxyType = 1;
			remoteGlobalIDString = 8BBCAD1823FAD0E200126600;
			remoteInfo = Flagship;
		};
/* End PBXContainerItemProxy section */

/* Begin PBXFileReference section */
		8B39E04623FD45F400E02DCD /* FlagshipTests.xctest */ = {isa = PBXFileReference; explicitFileType = wrapper.cfbundle; includeInIndex = 0; path = FlagshipTests.xctest; sourceTree = BUILT_PRODUCTS_DIR; };
		8B39E04823FD45F400E02DCD /* FlagshipTests.swift */ = {isa = PBXFileReference; lastKnownFileType = sourcecode.swift; path = FlagshipTests.swift; sourceTree = "<group>"; };
		8B39E04A23FD45F400E02DCD /* Info.plist */ = {isa = PBXFileReference; lastKnownFileType = text.plist.xml; path = Info.plist; sourceTree = "<group>"; };
		8B535FA923FD48CB005A13CE /* Flagship.h */ = {isa = PBXFileReference; fileEncoding = 4; lastKnownFileType = sourcecode.c.h; path = Flagship.h; sourceTree = "<group>"; };
		8B535FAA23FD48CB005A13CE /* Info.plist */ = {isa = PBXFileReference; fileEncoding = 4; lastKnownFileType = text.plist.xml; path = Info.plist; sourceTree = "<group>"; };
		8B535FAB23FD6AED005A13CE /* FSServiceTest.swift */ = {isa = PBXFileReference; lastKnownFileType = sourcecode.swift; name = FSServiceTest.swift; path = ../../Flagship/FlagshipTests/FSServiceTest.swift; sourceTree = "<group>"; };
		8B535FAD23FEC2A6005A13CE /* FSBucketManagerTest.swift */ = {isa = PBXFileReference; lastKnownFileType = sourcecode.swift; name = FSBucketManagerTest.swift; path = ../../Flagship/FlagshipTests/FSBucketManagerTest.swift; sourceTree = "<group>"; };
		8B535FF3240D5599005A13CE /* PresetContext.swift */ = {isa = PBXFileReference; lastKnownFileType = sourcecode.swift; path = PresetContext.swift; sourceTree = "<group>"; };
		8B535FFB240FAA14005A13CE /* FSHits.swift */ = {isa = PBXFileReference; lastKnownFileType = sourcecode.swift; path = FSHits.swift; sourceTree = "<group>"; };
		8B55835723E04243005D0AB5 /* FSTools.swift */ = {isa = PBXFileReference; fileEncoding = 4; lastKnownFileType = sourcecode.swift; path = FSTools.swift; sourceTree = "<group>"; };
		8B5D9D23241005B500B813A4 /* FSContextTest.swift */ = {isa = PBXFileReference; lastKnownFileType = sourcecode.swift; name = FSContextTest.swift; path = ../../Flagship/FlagShipTests/FSContextTest.swift; sourceTree = "<group>"; };
		8B6DF79124F41B51004C177D /* Flagship+Config.swift */ = {isa = PBXFileReference; fileEncoding = 4; lastKnownFileType = sourcecode.swift; path = "Flagship+Config.swift"; sourceTree = "<group>"; };
		8B6DF79324F41BA3004C177D /* FSConfig.swift */ = {isa = PBXFileReference; fileEncoding = 4; lastKnownFileType = sourcecode.swift; path = FSConfig.swift; sourceTree = "<group>"; };
		8B6DF79524F41CFD004C177D /* sampleIdBucket.json */ = {isa = PBXFileReference; fileEncoding = 4; lastKnownFileType = text.json; path = sampleIdBucket.json; sourceTree = "<group>"; };
		8B6DF79624F41CFD004C177D /* decisionApi.json */ = {isa = PBXFileReference; fileEncoding = 4; lastKnownFileType = text.json; path = decisionApi.json; sourceTree = "<group>"; };
		8B6DF79724F41CFD004C177D /* MockURLProtocol.swift */ = {isa = PBXFileReference; fileEncoding = 4; lastKnownFileType = sourcecode.swift; path = MockURLProtocol.swift; sourceTree = "<group>"; };
		8B6DF79824F41CFD004C177D /* lightBucketMock.json */ = {isa = PBXFileReference; fileEncoding = 4; lastKnownFileType = text.json; path = lightBucketMock.json; sourceTree = "<group>"; };
		8B6DF79D24F41D0D004C177D /* FSBucketServiceTest.swift */ = {isa = PBXFileReference; fileEncoding = 4; lastKnownFileType = sourcecode.swift; name = FSBucketServiceTest.swift; path = ../../Flagship/FlagShipTests/FSBucketServiceTest.swift; sourceTree = "<group>"; };
		8B6DF79E24F41D0D004C177D /* usersId.json */ = {isa = PBXFileReference; fileEncoding = 4; lastKnownFileType = text.json; name = usersId.json; path = ../../Flagship/FlagShipTests/usersId.json; sourceTree = "<group>"; };
		8B6DF7EB24F54541004C177D /* FSConfigTest.swift */ = {isa = PBXFileReference; lastKnownFileType = sourcecode.swift; name = FSConfigTest.swift; path = ../../Flagship/FlagShipTests/FSConfigTest.swift; sourceTree = "<group>"; };
		8B871F4024A24EC5001DE9F8 /* FSStorageTest.swift */ = {isa = PBXFileReference; fileEncoding = 4; lastKnownFileType = sourcecode.swift; name = FSStorageTest.swift; path = ../../Flagship/FlagShipTests/FSStorageTest.swift; sourceTree = "<group>"; };
		8B871F4124A24EC5001DE9F8 /* FlagshipTestWithMockedData.swift */ = {isa = PBXFileReference; fileEncoding = 4; lastKnownFileType = sourcecode.swift; name = FlagshipTestWithMockedData.swift; path = ../../Flagship/FlagShipTests/FlagshipTestWithMockedData.swift; sourceTree = "<group>"; };
		8B871F4224A24EC5001DE9F8 /* Data */ = {isa = PBXFileReference; fileEncoding = 4; lastKnownFileType = text; name = Data; path = ../../Flagship/FlagShipTests/Data; sourceTree = "<group>"; };
		8B871F4324A24EC5001DE9F8 /* FSTargetingManagerTest.swift */ = {isa = PBXFileReference; fileEncoding = 4; lastKnownFileType = sourcecode.swift; name = FSTargetingManagerTest.swift; path = ../../Flagship/FlagShipTests/FSTargetingManagerTest.swift; sourceTree = "<group>"; };
		8B871F4524A24EC5001DE9F8 /* ServiceMock.swift */ = {isa = PBXFileReference; fileEncoding = 4; lastKnownFileType = sourcecode.swift; path = ServiceMock.swift; sourceTree = "<group>"; };
		8B871F4624A24EC5001DE9F8 /* bucketMock.json */ = {isa = PBXFileReference; fileEncoding = 4; lastKnownFileType = text.json; path = bucketMock.json; sourceTree = "<group>"; };
		8B871F4724A24EC5001DE9F8 /* FlagshipMock.swift */ = {isa = PBXFileReference; fileEncoding = 4; lastKnownFileType = sourcecode.swift; path = FlagshipMock.swift; sourceTree = "<group>"; };
		8B871F4824A24EC5001DE9F8 /* FSCacheManagerTest.swift */ = {isa = PBXFileReference; fileEncoding = 4; lastKnownFileType = sourcecode.swift; name = FSCacheManagerTest.swift; path = ../../Flagship/FlagShipTests/FSCacheManagerTest.swift; sourceTree = "<group>"; };
		8B871F4924A24EC5001DE9F8 /* FSGeneratorTest.swift */ = {isa = PBXFileReference; fileEncoding = 4; lastKnownFileType = sourcecode.swift; name = FSGeneratorTest.swift; path = ../../Flagship/FlagShipTests/FSGeneratorTest.swift; sourceTree = "<group>"; };
		8B871F4A24A24EC5001DE9F8 /* FSBucketCacheTest.swift */ = {isa = PBXFileReference; fileEncoding = 4; lastKnownFileType = sourcecode.swift; name = FSBucketCacheTest.swift; path = ../../Flagship/FlagShipTests/FSBucketCacheTest.swift; sourceTree = "<group>"; };
		8B871F4B24A24EC5001DE9F8 /* murmurTest.swift */ = {isa = PBXFileReference; fileEncoding = 4; lastKnownFileType = sourcecode.swift; name = murmurTest.swift; path = ../../Flagship/FlagShipTests/murmurTest.swift; sourceTree = "<group>"; };
		8B871F4C24A24EC5001DE9F8 /* FSCampaignsTest.swift */ = {isa = PBXFileReference; fileEncoding = 4; lastKnownFileType = sourcecode.swift; name = FSCampaignsTest.swift; path = ../../Flagship/FlagShipTests/FSCampaignsTest.swift; sourceTree = "<group>"; };
		8B871F4D24A24EC5001DE9F8 /* FSAudienceTest.swift */ = {isa = PBXFileReference; fileEncoding = 4; lastKnownFileType = sourcecode.swift; name = FSAudienceTest.swift; path = ../../Flagship/FlagShipTests/FSAudienceTest.swift; sourceTree = "<group>"; };
		8B871F4E24A24EC5001DE9F8 /* FSHitTest.swift */ = {isa = PBXFileReference; fileEncoding = 4; lastKnownFileType = sourcecode.swift; name = FSHitTest.swift; path = ../../Flagship/FlagShipTests/FSHitTest.swift; sourceTree = "<group>"; };
		8B871F4F24A24EC5001DE9F8 /* FSOfflineTrackingTest.swift */ = {isa = PBXFileReference; fileEncoding = 4; lastKnownFileType = sourcecode.swift; name = FSOfflineTrackingTest.swift; path = ../../Flagship/FlagShipTests/FSOfflineTrackingTest.swift; sourceTree = "<group>"; };
		8BBCAD0723FAA14400126600 /* FSBucketManager.swift */ = {isa = PBXFileReference; fileEncoding = 4; lastKnownFileType = sourcecode.swift; path = FSBucketManager.swift; sourceTree = "<group>"; };
		8BBCAD0823FAA14400126600 /* FSBucketService.swift */ = {isa = PBXFileReference; fileEncoding = 4; lastKnownFileType = sourcecode.swift; path = FSBucketService.swift; sourceTree = "<group>"; };
		8BBCAD0923FAA14400126600 /* ABFlagShipBucket.swift */ = {isa = PBXFileReference; fileEncoding = 4; lastKnownFileType = sourcecode.swift; path = ABFlagShipBucket.swift; sourceTree = "<group>"; };
		8BBCAD0D23FAA15200126600 /* FSBucket.swift */ = {isa = PBXFileReference; fileEncoding = 4; lastKnownFileType = sourcecode.swift; path = FSBucket.swift; sourceTree = "<group>"; };
		8BBCAD0F23FAA1B300126600 /* murmurhash3.swift */ = {isa = PBXFileReference; fileEncoding = 4; lastKnownFileType = sourcecode.swift; path = murmurhash3.swift; sourceTree = "<group>"; };
		8BBCAD1123FAA22F00126600 /* FSBucketCache.swift */ = {isa = PBXFileReference; fileEncoding = 4; lastKnownFileType = sourcecode.swift; path = FSBucketCache.swift; sourceTree = "<group>"; };
		8BBCAD1623FAA75600126600 /* FSProfile.swift */ = {isa = PBXFileReference; fileEncoding = 4; lastKnownFileType = sourcecode.swift; path = FSProfile.swift; sourceTree = "<group>"; };
		8BBCAD3E23FAD0E200126600 /* Flagship.framework */ = {isa = PBXFileReference; explicitFileType = wrapper.framework; includeInIndex = 0; path = Flagship.framework; sourceTree = BUILT_PRODUCTS_DIR; };
		8BBCAD3F23FAD0E200126600 /* FlagShip-Info.plist */ = {isa = PBXFileReference; lastKnownFileType = text.plist.xml; name = "FlagShip-Info.plist"; path = "/Users/aliasadel/Documents/githubProject/flagship-ios/FlagShip/FlagShip-Info.plist"; sourceTree = "<absolute>"; };
		8BC4745923D9B69100CCE1DE /* FSTargets.swift */ = {isa = PBXFileReference; lastKnownFileType = sourcecode.swift; path = FSTargets.swift; sourceTree = "<group>"; };
		8BF02D6E23C4CA24006D154E /* Flagship.swift */ = {isa = PBXFileReference; fileEncoding = 4; lastKnownFileType = sourcecode.swift; path = Flagship.swift; sourceTree = "<group>"; };
		8BF02D6F23C4CA24006D154E /* FlagShipError.swift */ = {isa = PBXFileReference; fileEncoding = 4; lastKnownFileType = sourcecode.swift; path = FlagShipError.swift; sourceTree = "<group>"; };
		8BF02D7023C4CA24006D154E /* FSConstant.swift */ = {isa = PBXFileReference; fileEncoding = 4; lastKnownFileType = sourcecode.swift; path = FSConstant.swift; sourceTree = "<group>"; };
		8BF02D7123C4CA24006D154E /* FSContext.swift */ = {isa = PBXFileReference; fileEncoding = 4; lastKnownFileType = sourcecode.swift; path = FSContext.swift; sourceTree = "<group>"; };
		8BF02D7223C4CA24006D154E /* FSLogger.swift */ = {isa = PBXFileReference; fileEncoding = 4; lastKnownFileType = sourcecode.swift; path = FSLogger.swift; sourceTree = "<group>"; };
		8BF02D7323C4CA24006D154E /* ABService.swift */ = {isa = PBXFileReference; fileEncoding = 4; lastKnownFileType = sourcecode.swift; path = ABService.swift; sourceTree = "<group>"; };
		8BF02D7523C4CA24006D154E /* ABService+Tracking.swift */ = {isa = PBXFileReference; fileEncoding = 4; lastKnownFileType = sourcecode.swift; path = "ABService+Tracking.swift"; sourceTree = "<group>"; };
		8BF02D7823C4CA24006D154E /* FSTargetingManager.swift */ = {isa = PBXFileReference; fileEncoding = 4; lastKnownFileType = sourcecode.swift; path = FSTargetingManager.swift; sourceTree = "<group>"; };
		8BF02D7B23C4CA24006D154E /* FSFlagShip+Context.swift */ = {isa = PBXFileReference; fileEncoding = 4; lastKnownFileType = sourcecode.swift; path = "FSFlagShip+Context.swift"; sourceTree = "<group>"; };
		8BF02D7E23C4CA24006D154E /* FSStorage.swift */ = {isa = PBXFileReference; fileEncoding = 4; lastKnownFileType = sourcecode.swift; path = FSStorage.swift; sourceTree = "<group>"; };
		8BF02D7F23C4CA24006D154E /* FSCacheManager.swift */ = {isa = PBXFileReference; fileEncoding = 4; lastKnownFileType = sourcecode.swift; path = FSCacheManager.swift; sourceTree = "<group>"; };
		8BF02D8223C4CA24006D154E /* FSGenerator.swift */ = {isa = PBXFileReference; fileEncoding = 4; lastKnownFileType = sourcecode.swift; path = FSGenerator.swift; sourceTree = "<group>"; };
		8BF02D8323C4CA24006D154E /* FlagShipVersion.swift */ = {isa = PBXFileReference; fileEncoding = 4; lastKnownFileType = sourcecode.swift; path = FlagShipVersion.swift; sourceTree = "<group>"; };
		8BF02D8623C4CA24006D154E /* FSCampaigns.swift */ = {isa = PBXFileReference; fileEncoding = 4; lastKnownFileType = sourcecode.swift; path = FSCampaigns.swift; sourceTree = "<group>"; };
		8BF02D8B23C4CA24006D154E /* FSTracking.swift */ = {isa = PBXFileReference; fileEncoding = 4; lastKnownFileType = sourcecode.swift; path = FSTracking.swift; sourceTree = "<group>"; };
		8BF02D8C23C4CA24006D154E /* FSOfflineTracking.swift */ = {isa = PBXFileReference; fileEncoding = 4; lastKnownFileType = sourcecode.swift; path = FSOfflineTracking.swift; sourceTree = "<group>"; };
		8BF02D8E23C4CA24006D154E /* FSAudience.swift */ = {isa = PBXFileReference; fileEncoding = 4; lastKnownFileType = sourcecode.swift; path = FSAudience.swift; sourceTree = "<group>"; };
		8BF02D8F23C4CA24006D154E /* FSDevice.swift */ = {isa = PBXFileReference; fileEncoding = 4; lastKnownFileType = sourcecode.swift; path = FSDevice.swift; sourceTree = "<group>"; };
/* End PBXFileReference section */

/* Begin PBXFrameworksBuildPhase section */
		8B39E04323FD45F400E02DCD /* Frameworks */ = {
			isa = PBXFrameworksBuildPhase;
			buildActionMask = 2147483647;
			files = (
				8B39E04B23FD45F400E02DCD /* Flagship.framework in Frameworks */,
			);
			runOnlyForDeploymentPostprocessing = 0;
		};
		8BBCAD3723FAD0E200126600 /* Frameworks */ = {
			isa = PBXFrameworksBuildPhase;
			buildActionMask = 2147483647;
			files = (
			);
			runOnlyForDeploymentPostprocessing = 0;
		};
/* End PBXFrameworksBuildPhase section */

/* Begin PBXGroup section */
		8B39E04723FD45F400E02DCD /* FlagshipTests */ = {
			isa = PBXGroup;
			children = (
				8B6DF79D24F41D0D004C177D /* FSBucketServiceTest.swift */,
				8B6DF79E24F41D0D004C177D /* usersId.json */,
				8B871F4224A24EC5001DE9F8 /* Data */,
				8B871F4124A24EC5001DE9F8 /* FlagshipTestWithMockedData.swift */,
				8B871F4D24A24EC5001DE9F8 /* FSAudienceTest.swift */,
				8B871F4A24A24EC5001DE9F8 /* FSBucketCacheTest.swift */,
				8B871F4824A24EC5001DE9F8 /* FSCacheManagerTest.swift */,
				8B871F4C24A24EC5001DE9F8 /* FSCampaignsTest.swift */,
				8B871F4924A24EC5001DE9F8 /* FSGeneratorTest.swift */,
				8B871F4E24A24EC5001DE9F8 /* FSHitTest.swift */,
				8B871F4F24A24EC5001DE9F8 /* FSOfflineTrackingTest.swift */,
				8B871F4024A24EC5001DE9F8 /* FSStorageTest.swift */,
				8B871F4324A24EC5001DE9F8 /* FSTargetingManagerTest.swift */,
				8B871F4424A24EC5001DE9F8 /* Mock */,
				8B871F4B24A24EC5001DE9F8 /* murmurTest.swift */,
				8B39E04823FD45F400E02DCD /* FlagshipTests.swift */,
				8B39E04A23FD45F400E02DCD /* Info.plist */,
				8B535FAB23FD6AED005A13CE /* FSServiceTest.swift */,
				8B535FAD23FEC2A6005A13CE /* FSBucketManagerTest.swift */,
				8B5D9D23241005B500B813A4 /* FSContextTest.swift */,
				8B6DF7EB24F54541004C177D /* FSConfigTest.swift */,
			);
			path = FlagshipTests;
			sourceTree = "<group>";
		};
		8B535FA823FD48CB005A13CE /* Flagship */ = {
			isa = PBXGroup;
			children = (
				8B535FA923FD48CB005A13CE /* Flagship.h */,
				8B535FAA23FD48CB005A13CE /* Info.plist */,
			);
			name = Flagship;
			path = ../Flagship/Flagship;
			sourceTree = "<group>";
		};
		8B871F4424A24EC5001DE9F8 /* Mock */ = {
			isa = PBXGroup;
			children = (
				8B6DF79624F41CFD004C177D /* decisionApi.json */,
				8B6DF79824F41CFD004C177D /* lightBucketMock.json */,
				8B6DF79724F41CFD004C177D /* MockURLProtocol.swift */,
				8B6DF79524F41CFD004C177D /* sampleIdBucket.json */,
				8B871F4524A24EC5001DE9F8 /* ServiceMock.swift */,
				8B871F4624A24EC5001DE9F8 /* bucketMock.json */,
				8B871F4724A24EC5001DE9F8 /* FlagshipMock.swift */,
			);
			name = Mock;
			path = ../../Flagship/FlagShipTests/Mock;
			sourceTree = "<group>";
		};
		8BBCAD1523FAA75600126600 /* FSProfile */ = {
			isa = PBXGroup;
			children = (
				8BBCAD1623FAA75600126600 /* FSProfile.swift */,
			);
			path = FSProfile;
			sourceTree = "<group>";
		};
		8BEF08AE23C3888F00396B78 = {
			isa = PBXGroup;
			children = (
				8B535FA823FD48CB005A13CE /* Flagship */,
				8BF02D6C23C4CA24006D154E /* Source */,
				8B39E04723FD45F400E02DCD /* FlagshipTests */,
				8BEF08B923C3888F00396B78 /* Products */,
				8BF02D6223C394F5006D154E /* Frameworks */,
				8BBCAD3F23FAD0E200126600 /* FlagShip-Info.plist */,
			);
			sourceTree = "<group>";
		};
		8BEF08B923C3888F00396B78 /* Products */ = {
			isa = PBXGroup;
			children = (
				8BBCAD3E23FAD0E200126600 /* Flagship.framework */,
				8B39E04623FD45F400E02DCD /* FlagshipTests.xctest */,
			);
			name = Products;
			sourceTree = "<group>";
		};
		8BF02D6223C394F5006D154E /* Frameworks */ = {
			isa = PBXGroup;
			children = (
			);
			name = Frameworks;
			sourceTree = "<group>";
		};
		8BF02D6C23C4CA24006D154E /* Source */ = {
			isa = PBXGroup;
			children = (
				8BBCAD1523FAA75600126600 /* FSProfile */,
				8BF02D6D23C4CA24006D154E /* Core */,
				8BF02D7C23C4CA24006D154E /* Cache */,
				8BF02D8023C4CA24006D154E /* Utils */,
				8BF02D8423C4CA24006D154E /* Models */,
				8BF02D8A23C4CA24006D154E /* Tracking */,
				8BF02D8D23C4CA24006D154E /* Audience */,
			);
			name = Source;
			path = ../Source;
			sourceTree = "<group>";
		};
		8BF02D6D23C4CA24006D154E /* Core */ = {
			isa = PBXGroup;
			children = (
				8B6DF79324F41BA3004C177D /* FSConfig.swift */,
				8B6DF79124F41B51004C177D /* Flagship+Config.swift */,
				8BF02D6E23C4CA24006D154E /* Flagship.swift */,
				8BF02D6F23C4CA24006D154E /* FlagShipError.swift */,
				8BF02D7023C4CA24006D154E /* FSConstant.swift */,
				8BF02D7123C4CA24006D154E /* FSContext.swift */,
				8BF02D7223C4CA24006D154E /* FSLogger.swift */,
				8BF02D7323C4CA24006D154E /* ABService.swift */,
				8BF02D7423C4CA24006D154E /* Service */,
				8BF02D7623C4CA24006D154E /* Bucketing */,
				8BF02D7B23C4CA24006D154E /* FSFlagShip+Context.swift */,
			);
			path = Core;
			sourceTree = "<group>";
		};
		8BF02D7423C4CA24006D154E /* Service */ = {
			isa = PBXGroup;
			children = (
				8BF02D7523C4CA24006D154E /* ABService+Tracking.swift */,
			);
			path = Service;
			sourceTree = "<group>";
		};
		8BF02D7623C4CA24006D154E /* Bucketing */ = {
			isa = PBXGroup;
			children = (
				8BBCAD0923FAA14400126600 /* ABFlagShipBucket.swift */,
				8BBCAD0723FAA14400126600 /* FSBucketManager.swift */,
				8BBCAD0823FAA14400126600 /* FSBucketService.swift */,
				8BF02D7823C4CA24006D154E /* FSTargetingManager.swift */,
			);
			path = Bucketing;
			sourceTree = "<group>";
		};
		8BF02D7C23C4CA24006D154E /* Cache */ = {
			isa = PBXGroup;
			children = (
				8BBCAD1123FAA22F00126600 /* FSBucketCache.swift */,
				8BF02D7E23C4CA24006D154E /* FSStorage.swift */,
				8BF02D7F23C4CA24006D154E /* FSCacheManager.swift */,
			);
			path = Cache;
			sourceTree = "<group>";
		};
		8BF02D8023C4CA24006D154E /* Utils */ = {
			isa = PBXGroup;
			children = (
				8BBCAD0F23FAA1B300126600 /* murmurhash3.swift */,
				8B55835723E04243005D0AB5 /* FSTools.swift */,
				8BF02D8223C4CA24006D154E /* FSGenerator.swift */,
				8BF02D8323C4CA24006D154E /* FlagShipVersion.swift */,
			);
			path = Utils;
			sourceTree = "<group>";
		};
		8BF02D8423C4CA24006D154E /* Models */ = {
			isa = PBXGroup;
			children = (
				8BBCAD0D23FAA15200126600 /* FSBucket.swift */,
				8BF02D8623C4CA24006D154E /* FSCampaigns.swift */,
				8BC4745923D9B69100CCE1DE /* FSTargets.swift */,
			);
			path = Models;
			sourceTree = "<group>";
		};
		8BF02D8A23C4CA24006D154E /* Tracking */ = {
			isa = PBXGroup;
			children = (
				8BF02D8B23C4CA24006D154E /* FSTracking.swift */,
				8BF02D8C23C4CA24006D154E /* FSOfflineTracking.swift */,
				8B535FFB240FAA14005A13CE /* FSHits.swift */,
			);
			path = Tracking;
			sourceTree = "<group>";
		};
		8BF02D8D23C4CA24006D154E /* Audience */ = {
			isa = PBXGroup;
			children = (
				8BF02D8E23C4CA24006D154E /* FSAudience.swift */,
				8BF02D8F23C4CA24006D154E /* FSDevice.swift */,
				8B535FF3240D5599005A13CE /* PresetContext.swift */,
			);
			path = Audience;
			sourceTree = "<group>";
		};
/* End PBXGroup section */

/* Begin PBXHeadersBuildPhase section */
		8BBCAD1923FAD0E200126600 /* Headers */ = {
			isa = PBXHeadersBuildPhase;
			buildActionMask = 2147483647;
			files = (
			);
			runOnlyForDeploymentPostprocessing = 0;
		};
/* End PBXHeadersBuildPhase section */

/* Begin PBXNativeTarget section */
		8B39E04523FD45F400E02DCD /* FlagshipTests */ = {
			isa = PBXNativeTarget;
			buildConfigurationList = 8B39E04E23FD45F400E02DCD /* Build configuration list for PBXNativeTarget "FlagshipTests" */;
			buildPhases = (
				8B39E04223FD45F400E02DCD /* Sources */,
				8B39E04323FD45F400E02DCD /* Frameworks */,
				8B39E04423FD45F400E02DCD /* Resources */,
			);
			buildRules = (
			);
			dependencies = (
				8B39E04D23FD45F400E02DCD /* PBXTargetDependency */,
			);
			name = FlagshipTests;
			productName = FlagshipTests;
			productReference = 8B39E04623FD45F400E02DCD /* FlagshipTests.xctest */;
			productType = "com.apple.product-type.bundle.unit-test";
		};
		8BBCAD1823FAD0E200126600 /* Flagship */ = {
			isa = PBXNativeTarget;
			buildConfigurationList = 8BBCAD3B23FAD0E200126600 /* Build configuration list for PBXNativeTarget "Flagship" */;
			buildPhases = (
				8BBCAD1923FAD0E200126600 /* Headers */,
				8BBCAD1B23FAD0E200126600 /* Sources */,
				8BBCAD3723FAD0E200126600 /* Frameworks */,
				8BBCAD3823FAD0E200126600 /* Resources */,
				8BBCAD3A23FAD0E200126600 /* ShellScript */,
			);
			buildRules = (
			);
			dependencies = (
			);
			name = Flagship;
			productName = FlagShip;
			productReference = 8BBCAD3E23FAD0E200126600 /* Flagship.framework */;
			productType = "com.apple.product-type.framework";
		};
/* End PBXNativeTarget section */

/* Begin PBXProject section */
		8BEF08AF23C3888F00396B78 /* Project object */ = {
			isa = PBXProject;
			attributes = {
				LastSwiftUpdateCheck = 1130;
				LastUpgradeCheck = 1130;
				ORGANIZATIONNAME = FlagShip;
				TargetAttributes = {
					8B39E04523FD45F400E02DCD = {
						CreatedOnToolsVersion = 11.3.1;
					};
					8B6D325C23F5B2AF00916EF1 = {
						CreatedOnToolsVersion = 11.3.1;
						LastSwiftMigration = 1160;
					};
				};
			};
			buildConfigurationList = 8BEF08B223C3888F00396B78 /* Build configuration list for PBXProject "Flagship" */;
			compatibilityVersion = "Xcode 9.3";
			developmentRegion = en;
			hasScannedForEncodings = 0;
			knownRegions = (
				en,
				Base,
			);
			mainGroup = 8BEF08AE23C3888F00396B78;
			productRefGroup = 8BEF08B923C3888F00396B78 /* Products */;
			projectDirPath = "";
			projectRoot = "";
			targets = (
				8B6D325C23F5B2AF00916EF1 /* Universal */,
				8BBCAD1823FAD0E200126600 /* Flagship */,
				8B39E04523FD45F400E02DCD /* FlagshipTests */,
			);
		};
/* End PBXProject section */

/* Begin PBXResourcesBuildPhase section */
		8B39E04423FD45F400E02DCD /* Resources */ = {
			isa = PBXResourcesBuildPhase;
			buildActionMask = 2147483647;
			files = (
				8B6DF79A24F41CFD004C177D /* decisionApi.json in Resources */,
				8B6DF7A024F41D0D004C177D /* usersId.json in Resources */,
				8B871F5224A24EC5001DE9F8 /* Data in Resources */,
				8B871F5524A24EC5001DE9F8 /* bucketMock.json in Resources */,
				8B6DF79924F41CFD004C177D /* sampleIdBucket.json in Resources */,
				8B6DF79C24F41CFD004C177D /* lightBucketMock.json in Resources */,
			);
			runOnlyForDeploymentPostprocessing = 0;
		};
		8BBCAD3823FAD0E200126600 /* Resources */ = {
			isa = PBXResourcesBuildPhase;
			buildActionMask = 2147483647;
			files = (
			);
			runOnlyForDeploymentPostprocessing = 0;
		};
/* End PBXResourcesBuildPhase section */

/* Begin PBXShellScriptBuildPhase section */
		8BBCAD3A23FAD0E200126600 /* ShellScript */ = {
			isa = PBXShellScriptBuildPhase;
			buildActionMask = 2147483647;
			files = (
			);
			inputFileListPaths = (
			);
			inputPaths = (
			);
			outputFileListPaths = (
			);
			outputPaths = (
			);
			runOnlyForDeploymentPostprocessing = 0;
			shellPath = /bin/sh;
			shellScript = "# Type a script or drag a script file from your workspace to insert its path.\ne\n../Script/update_FlagShip.sh ${MARKETING_VERSION}\n";
		};
		8BF1B33423F5B3DD0076CAEB /* ShellScript */ = {
			isa = PBXShellScriptBuildPhase;
			buildActionMask = 2147483647;
			files = (
			);
			inputFileListPaths = (
			);
			inputPaths = (
			);
			outputFileListPaths = (
			);
			outputPaths = (
			);
			runOnlyForDeploymentPostprocessing = 0;
			shellPath = /bin/sh;
			shellScript = "# Type a script or drag a script file from your workspace to insert its path.\nUNIVERSAL_OUTPUTFOLDER=${BUILD_DIR}/${CONFIGURATION}-universal\n\n# make sure the output directory exists\nmkdir -p \"${UNIVERSAL_OUTPUTFOLDER}\"\n\n# Step 1. Build Device and Simulator versions\nxcodebuild -target \"Flagship\" ONLY_ACTIVE_ARCH=NO -configuration ${CONFIGURATION} -sdk iphoneos  BUILD_DIR=\"${BUILD_DIR}\" BUILD_ROOT=\"${BUILD_ROOT}\" clean build\n\nxcodebuild -target \"Flagship\" -configuration ${CONFIGURATION} -sdk iphonesimulator -arch x86_64 BUILD_DIR=\"${BUILD_DIR}\" BUILD_ROOT=\"${BUILD_ROOT}\" clean build\n\n# Step 2. Copy the framework structure to the universal folder\ncp -R \"${BUILD_DIR}/${CONFIGURATION}-iphoneos/Flagship.framework\" \"${UNIVERSAL_OUTPUTFOLDER}/\"\n\n# Step 3. Create universal binary file using lipo and place the combined executable in the copied framework directory\nlipo -create -output \"${UNIVERSAL_OUTPUTFOLDER}/Flagship.framework/Flagship\" \"${BUILD_DIR}/${CONFIGURATION}-iphonesimulator/Flagship.framework/Flagship\" \"${BUILD_DIR}/${CONFIGURATION}-iphoneos/Flagship.framework/Flagship\"\n\ncp -r \"${BUILD_DIR}/${CONFIGURATION}-iphonesimulator/Flagship.framework/Modules/Flagship.swiftmodule/\" \"${UNIVERSAL_OUTPUTFOLDER}/Flagship.framework/Modules/Flagship.swiftmodule\"\n\n";
		};
/* End PBXShellScriptBuildPhase section */

/* Begin PBXSourcesBuildPhase section */
		8B39E04223FD45F400E02DCD /* Sources */ = {
			isa = PBXSourcesBuildPhase;
			buildActionMask = 2147483647;
			files = (
				8B5D9D24241005B500B813A4 /* FSContextTest.swift in Sources */,
				8B871F5924A24EC5001DE9F8 /* FSBucketCacheTest.swift in Sources */,
				8B535FAC23FD6AED005A13CE /* FSServiceTest.swift in Sources */,
				8B6DF79B24F41CFD004C177D /* MockURLProtocol.swift in Sources */,
				8B39E04923FD45F400E02DCD /* FlagshipTests.swift in Sources */,
				8B871F5724A24EC5001DE9F8 /* FSCacheManagerTest.swift in Sources */,
				8B871F5E24A24EC5001DE9F8 /* FSOfflineTrackingTest.swift in Sources */,
				8B871F5024A24EC5001DE9F8 /* FSStorageTest.swift in Sources */,
				8B871F5A24A24EC5001DE9F8 /* murmurTest.swift in Sources */,
				8B871F5C24A24EC5001DE9F8 /* FSAudienceTest.swift in Sources */,
				8B871F5D24A24EC5001DE9F8 /* FSHitTest.swift in Sources */,
				8B871F5124A24EC5001DE9F8 /* FlagshipTestWithMockedData.swift in Sources */,
				8B535FAE23FEC2A6005A13CE /* FSBucketManagerTest.swift in Sources */,
				8B6DF7EC24F54541004C177D /* FSConfigTest.swift in Sources */,
				8B6DF79F24F41D0D004C177D /* FSBucketServiceTest.swift in Sources */,
				8B871F5324A24EC5001DE9F8 /* FSTargetingManagerTest.swift in Sources */,
				8B871F5424A24EC5001DE9F8 /* ServiceMock.swift in Sources */,
				8B871F5824A24EC5001DE9F8 /* FSGeneratorTest.swift in Sources */,
				8B871F5B24A24EC5001DE9F8 /* FSCampaignsTest.swift in Sources */,
				8B871F5624A24EC5001DE9F8 /* FlagshipMock.swift in Sources */,
			);
			runOnlyForDeploymentPostprocessing = 0;
		};
		8BBCAD1B23FAD0E200126600 /* Sources */ = {
			isa = PBXSourcesBuildPhase;
			buildActionMask = 2147483647;
			files = (
				8BBCAD1C23FAD0E200126600 /* FSBucket.swift in Sources */,
				8BBCAD1D23FAD0E200126600 /* FSLogger.swift in Sources */,
				8B535FFC240FAA14005A13CE /* FSHits.swift in Sources */,
				8BBCAD1E23FAD0E200126600 /* FSStorage.swift in Sources */,
				8BBCAD1F23FAD0E200126600 /* FSFlagShip+Context.swift in Sources */,
				8BBCAD2023FAD0E200126600 /* FSCampaigns.swift in Sources */,
				8BBCAD2123FAD0E200126600 /* FSBucketCache.swift in Sources */,
				8BBCAD2223FAD0E200126600 /* FSBucketManager.swift in Sources */,
				8BBCAD2323FAD0E200126600 /* ABService+Tracking.swift in Sources */,
				8BBCAD2423FAD0E200126600 /* FSTargetingManager.swift in Sources */,
				8BBCAD2523FAD0E200126600 /* FSContext.swift in Sources */,
				8BBCAD2623FAD0E200126600 /* FSOfflineTracking.swift in Sources */,
				8BBCAD2723FAD0E200126600 /* FSDevice.swift in Sources */,
				8BBCAD2823FAD0E200126600 /* FlagShipError.swift in Sources */,
				8BBCAD2923FAD0E200126600 /* Flagship.swift in Sources */,
				8BBCAD2A23FAD0E200126600 /* FSGenerator.swift in Sources */,
				8BBCAD2B23FAD0E200126600 /* FSTracking.swift in Sources */,
				8BBCAD2C23FAD0E200126600 /* ABService.swift in Sources */,
				8BBCAD2D23FAD0E200126600 /* FlagShipVersion.swift in Sources */,
				8B6DF79224F41B5D004C177D /* Flagship+Config.swift in Sources */,
				8BBCAD2E23FAD0E200126600 /* FSBucketService.swift in Sources */,
				8B535FF4240D5599005A13CE /* PresetContext.swift in Sources */,
				8BBCAD2F23FAD0E200126600 /* FSCacheManager.swift in Sources */,
				8BBCAD3023FAD0E200126600 /* FSConstant.swift in Sources */,
				8BBCAD3123FAD0E200126600 /* FSTargets.swift in Sources */,
				8BBCAD3223FAD0E200126600 /* FSAudience.swift in Sources */,
				8BBCAD3323FAD0E200126600 /* FSProfile.swift in Sources */,
				8BBCAD3423FAD0E200126600 /* ABFlagShipBucket.swift in Sources */,
				8B6DF79424F41BB1004C177D /* FSConfig.swift in Sources */,
				8BBCAD3523FAD0E200126600 /* FSTools.swift in Sources */,
				8BBCAD3623FAD0E200126600 /* murmurhash3.swift in Sources */,
			);
			runOnlyForDeploymentPostprocessing = 0;
		};
/* End PBXSourcesBuildPhase section */

/* Begin PBXTargetDependency section */
		8B39E04D23FD45F400E02DCD /* PBXTargetDependency */ = {
			isa = PBXTargetDependency;
			target = 8BBCAD1823FAD0E200126600 /* Flagship */;
			targetProxy = 8B39E04C23FD45F400E02DCD /* PBXContainerItemProxy */;
		};
/* End PBXTargetDependency section */

/* Begin XCBuildConfiguration section */
		8B39E04F23FD45F400E02DCD /* Debug */ = {
			isa = XCBuildConfiguration;
			buildSettings = {
				CODE_SIGN_STYLE = Automatic;
				DEVELOPMENT_TEAM = 5RY8QCBAEP;
				INFOPLIST_FILE = FlagshipTests/Info.plist;
				LD_RUNPATH_SEARCH_PATHS = (
					"$(inherited)",
					"@executable_path/Frameworks",
					"@loader_path/Frameworks",
				);
				PRODUCT_BUNDLE_IDENTIFIER = ABTasty.FlagshipTests;
				PRODUCT_NAME = "$(TARGET_NAME)";
				SWIFT_VERSION = 5.0;
				TARGETED_DEVICE_FAMILY = "1,2";
			};
			name = Debug;
		};
		8B39E05023FD45F400E02DCD /* Release */ = {
			isa = XCBuildConfiguration;
			buildSettings = {
				CODE_SIGN_STYLE = Automatic;
				DEVELOPMENT_TEAM = 5RY8QCBAEP;
				INFOPLIST_FILE = FlagshipTests/Info.plist;
				LD_RUNPATH_SEARCH_PATHS = (
					"$(inherited)",
					"@executable_path/Frameworks",
					"@loader_path/Frameworks",
				);
				PRODUCT_BUNDLE_IDENTIFIER = ABTasty.FlagshipTests;
				PRODUCT_NAME = "$(TARGET_NAME)";
				SWIFT_VERSION = 5.0;
				TARGETED_DEVICE_FAMILY = "1,2";
			};
			name = Release;
		};
		8B6D325D23F5B2AF00916EF1 /* Debug */ = {
			isa = XCBuildConfiguration;
			buildSettings = {
				CLANG_ENABLE_MODULES = YES;
				CODE_SIGN_STYLE = Automatic;
				DEVELOPMENT_TEAM = 5RY8QCBAEP;
				LD_RUNPATH_SEARCH_PATHS = (
					"$(inherited)",
					"@executable_path/Frameworks",
					"@loader_path/Frameworks",
				);
				PRODUCT_NAME = "$(TARGET_NAME)";
				SWIFT_OPTIMIZATION_LEVEL = "-Onone";
				SWIFT_VERSION = 5.0;
			};
			name = Debug;
		};
		8B6D325E23F5B2AF00916EF1 /* Release */ = {
			isa = XCBuildConfiguration;
			buildSettings = {
				CLANG_ENABLE_MODULES = YES;
				CODE_SIGN_STYLE = Automatic;
				DEVELOPMENT_TEAM = 5RY8QCBAEP;
				LD_RUNPATH_SEARCH_PATHS = (
					"$(inherited)",
					"@executable_path/Frameworks",
					"@loader_path/Frameworks",
				);
				PRODUCT_NAME = "$(TARGET_NAME)";
				SWIFT_VERSION = 5.0;
			};
			name = Release;
		};
		8BBCAD3C23FAD0E200126600 /* Debug */ = {
			isa = XCBuildConfiguration;
			buildSettings = {
				CODE_SIGN_STYLE = Automatic;
				CURRENT_PROJECT_VERSION = 1;
				DEFINES_MODULE = YES;
				DEVELOPMENT_TEAM = 5RY8QCBAEP;
				DYLIB_COMPATIBILITY_VERSION = 1;
				DYLIB_CURRENT_VERSION = 1;
				DYLIB_INSTALL_NAME_BASE = "@rpath";
				INFOPLIST_FILE = Flagship/Info.plist;
				INSTALL_PATH = "$(LOCAL_LIBRARY_DIR)/Frameworks";
				IPHONEOS_DEPLOYMENT_TARGET = 8.0;
				LD_RUNPATH_SEARCH_PATHS = (
					"$(inherited)",
					"@executable_path/Frameworks",
					"@loader_path/Frameworks",
				);
				MARKETING_VERSION = 1.2.3;
				PRODUCT_BUNDLE_IDENTIFIER = ABTasty.FlagShip;
				PRODUCT_NAME = "$(TARGET_NAME)";
				SKIP_INSTALL = YES;
				SUPPORTS_MACCATALYST = NO;
				SWIFT_VERSION = 5.0;
				TARGETED_DEVICE_FAMILY = "1,2";
			};
			name = Debug;
		};
		8BBCAD3D23FAD0E200126600 /* Release */ = {
			isa = XCBuildConfiguration;
			buildSettings = {
				CODE_SIGN_STYLE = Automatic;
				CURRENT_PROJECT_VERSION = 1;
				DEFINES_MODULE = YES;
				DEVELOPMENT_TEAM = 5RY8QCBAEP;
				DYLIB_COMPATIBILITY_VERSION = 1;
				DYLIB_CURRENT_VERSION = 1;
				DYLIB_INSTALL_NAME_BASE = "@rpath";
				INFOPLIST_FILE = Flagship/Info.plist;
				INSTALL_PATH = "$(LOCAL_LIBRARY_DIR)/Frameworks";
				IPHONEOS_DEPLOYMENT_TARGET = 8.0;
				LD_RUNPATH_SEARCH_PATHS = (
					"$(inherited)",
					"@executable_path/Frameworks",
					"@loader_path/Frameworks",
				);
				MARKETING_VERSION = 1.2.3;
				PRODUCT_BUNDLE_IDENTIFIER = ABTasty.FlagShip;
				PRODUCT_NAME = "$(TARGET_NAME)";
				SKIP_INSTALL = YES;
				SUPPORTS_MACCATALYST = NO;
				SWIFT_VERSION = 5.0;
				TARGETED_DEVICE_FAMILY = "1,2";
			};
			name = Release;
		};
		8BEF08CA23C3889000396B78 /* Debug */ = {
			isa = XCBuildConfiguration;
			buildSettings = {
				ALWAYS_SEARCH_USER_PATHS = NO;
				CLANG_ANALYZER_NONNULL = YES;
				CLANG_ANALYZER_NUMBER_OBJECT_CONVERSION = YES_AGGRESSIVE;
				CLANG_CXX_LANGUAGE_STANDARD = "gnu++14";
				CLANG_CXX_LIBRARY = "libc++";
				CLANG_ENABLE_MODULES = YES;
				CLANG_ENABLE_OBJC_ARC = YES;
				CLANG_ENABLE_OBJC_WEAK = YES;
				CLANG_WARN_BLOCK_CAPTURE_AUTORELEASING = YES;
				CLANG_WARN_BOOL_CONVERSION = YES;
				CLANG_WARN_COMMA = YES;
				CLANG_WARN_CONSTANT_CONVERSION = YES;
				CLANG_WARN_DEPRECATED_OBJC_IMPLEMENTATIONS = YES;
				CLANG_WARN_DIRECT_OBJC_ISA_USAGE = YES_ERROR;
				CLANG_WARN_DOCUMENTATION_COMMENTS = YES;
				CLANG_WARN_EMPTY_BODY = YES;
				CLANG_WARN_ENUM_CONVERSION = YES;
				CLANG_WARN_INFINITE_RECURSION = YES;
				CLANG_WARN_INT_CONVERSION = YES;
				CLANG_WARN_NON_LITERAL_NULL_CONVERSION = YES;
				CLANG_WARN_OBJC_IMPLICIT_RETAIN_SELF = YES;
				CLANG_WARN_OBJC_LITERAL_CONVERSION = YES;
				CLANG_WARN_OBJC_ROOT_CLASS = YES_ERROR;
				CLANG_WARN_RANGE_LOOP_ANALYSIS = YES;
				CLANG_WARN_STRICT_PROTOTYPES = YES;
				CLANG_WARN_SUSPICIOUS_MOVE = YES;
				CLANG_WARN_UNGUARDED_AVAILABILITY = YES_AGGRESSIVE;
				CLANG_WARN_UNREACHABLE_CODE = YES;
				CLANG_WARN__DUPLICATE_METHOD_MATCH = YES;
				COPY_PHASE_STRIP = NO;
				CURRENT_PROJECT_VERSION = 1;
				DEBUG_INFORMATION_FORMAT = dwarf;
				ENABLE_STRICT_OBJC_MSGSEND = YES;
				ENABLE_TESTABILITY = YES;
				GCC_C_LANGUAGE_STANDARD = gnu11;
				GCC_DYNAMIC_NO_PIC = NO;
				GCC_NO_COMMON_BLOCKS = YES;
				GCC_OPTIMIZATION_LEVEL = 0;
				GCC_PREPROCESSOR_DEFINITIONS = (
					"DEBUG=1",
					"$(inherited)",
				);
				GCC_WARN_64_TO_32_BIT_CONVERSION = YES;
				GCC_WARN_ABOUT_RETURN_TYPE = YES_ERROR;
				GCC_WARN_UNDECLARED_SELECTOR = YES;
				GCC_WARN_UNINITIALIZED_AUTOS = YES_AGGRESSIVE;
				GCC_WARN_UNUSED_FUNCTION = YES;
				GCC_WARN_UNUSED_VARIABLE = YES;
				IPHONEOS_DEPLOYMENT_TARGET = 13.2;
				MTL_ENABLE_DEBUG_INFO = INCLUDE_SOURCE;
				MTL_FAST_MATH = YES;
				ONLY_ACTIVE_ARCH = YES;
				SDKROOT = iphoneos;
				SWIFT_ACTIVE_COMPILATION_CONDITIONS = DEBUG;
				SWIFT_OPTIMIZATION_LEVEL = "-Onone";
				VERSIONING_SYSTEM = "apple-generic";
				VERSION_INFO_PREFIX = "";
			};
			name = Debug;
		};
		8BEF08CB23C3889000396B78 /* Release */ = {
			isa = XCBuildConfiguration;
			buildSettings = {
				ALWAYS_SEARCH_USER_PATHS = NO;
				CLANG_ANALYZER_NONNULL = YES;
				CLANG_ANALYZER_NUMBER_OBJECT_CONVERSION = YES_AGGRESSIVE;
				CLANG_CXX_LANGUAGE_STANDARD = "gnu++14";
				CLANG_CXX_LIBRARY = "libc++";
				CLANG_ENABLE_MODULES = YES;
				CLANG_ENABLE_OBJC_ARC = YES;
				CLANG_ENABLE_OBJC_WEAK = YES;
				CLANG_WARN_BLOCK_CAPTURE_AUTORELEASING = YES;
				CLANG_WARN_BOOL_CONVERSION = YES;
				CLANG_WARN_COMMA = YES;
				CLANG_WARN_CONSTANT_CONVERSION = YES;
				CLANG_WARN_DEPRECATED_OBJC_IMPLEMENTATIONS = YES;
				CLANG_WARN_DIRECT_OBJC_ISA_USAGE = YES_ERROR;
				CLANG_WARN_DOCUMENTATION_COMMENTS = YES;
				CLANG_WARN_EMPTY_BODY = YES;
				CLANG_WARN_ENUM_CONVERSION = YES;
				CLANG_WARN_INFINITE_RECURSION = YES;
				CLANG_WARN_INT_CONVERSION = YES;
				CLANG_WARN_NON_LITERAL_NULL_CONVERSION = YES;
				CLANG_WARN_OBJC_IMPLICIT_RETAIN_SELF = YES;
				CLANG_WARN_OBJC_LITERAL_CONVERSION = YES;
				CLANG_WARN_OBJC_ROOT_CLASS = YES_ERROR;
				CLANG_WARN_RANGE_LOOP_ANALYSIS = YES;
				CLANG_WARN_STRICT_PROTOTYPES = YES;
				CLANG_WARN_SUSPICIOUS_MOVE = YES;
				CLANG_WARN_UNGUARDED_AVAILABILITY = YES_AGGRESSIVE;
				CLANG_WARN_UNREACHABLE_CODE = YES;
				CLANG_WARN__DUPLICATE_METHOD_MATCH = YES;
				COPY_PHASE_STRIP = NO;
				CURRENT_PROJECT_VERSION = 1;
				DEBUG_INFORMATION_FORMAT = "dwarf-with-dsym";
				ENABLE_NS_ASSERTIONS = NO;
				ENABLE_STRICT_OBJC_MSGSEND = YES;
				GCC_C_LANGUAGE_STANDARD = gnu11;
				GCC_NO_COMMON_BLOCKS = YES;
				GCC_WARN_64_TO_32_BIT_CONVERSION = YES;
				GCC_WARN_ABOUT_RETURN_TYPE = YES_ERROR;
				GCC_WARN_UNDECLARED_SELECTOR = YES;
				GCC_WARN_UNINITIALIZED_AUTOS = YES_AGGRESSIVE;
				GCC_WARN_UNUSED_FUNCTION = YES;
				GCC_WARN_UNUSED_VARIABLE = YES;
				IPHONEOS_DEPLOYMENT_TARGET = 13.2;
				MTL_ENABLE_DEBUG_INFO = NO;
				MTL_FAST_MATH = YES;
				SDKROOT = iphoneos;
				SWIFT_COMPILATION_MODE = wholemodule;
				SWIFT_OPTIMIZATION_LEVEL = "-O";
				VALIDATE_PRODUCT = YES;
				VERSIONING_SYSTEM = "apple-generic";
				VERSION_INFO_PREFIX = "";
			};
			name = Release;
		};
/* End XCBuildConfiguration section */

/* Begin XCConfigurationList section */
		8B39E04E23FD45F400E02DCD /* Build configuration list for PBXNativeTarget "FlagshipTests" */ = {
			isa = XCConfigurationList;
			buildConfigurations = (
				8B39E04F23FD45F400E02DCD /* Debug */,
				8B39E05023FD45F400E02DCD /* Release */,
			);
			defaultConfigurationIsVisible = 0;
			defaultConfigurationName = Release;
		};
		8B6D325F23F5B2AF00916EF1 /* Build configuration list for PBXAggregateTarget "Universal" */ = {
			isa = XCConfigurationList;
			buildConfigurations = (
				8B6D325D23F5B2AF00916EF1 /* Debug */,
				8B6D325E23F5B2AF00916EF1 /* Release */,
			);
			defaultConfigurationIsVisible = 0;
			defaultConfigurationName = Release;
		};
		8BBCAD3B23FAD0E200126600 /* Build configuration list for PBXNativeTarget "Flagship" */ = {
			isa = XCConfigurationList;
			buildConfigurations = (
				8BBCAD3C23FAD0E200126600 /* Debug */,
				8BBCAD3D23FAD0E200126600 /* Release */,
			);
			defaultConfigurationIsVisible = 0;
			defaultConfigurationName = Release;
		};
		8BEF08B223C3888F00396B78 /* Build configuration list for PBXProject "Flagship" */ = {
			isa = XCConfigurationList;
			buildConfigurations = (
				8BEF08CA23C3889000396B78 /* Debug */,
				8BEF08CB23C3889000396B78 /* Release */,
			);
			defaultConfigurationIsVisible = 0;
			defaultConfigurationName = Release;
		};
/* End XCConfigurationList section */
	};
	rootObject = 8BEF08AF23C3888F00396B78 /* Project object */;
}
