// !$*UTF8*$!
{
	archiveVersion = 1;
	classes = {
	};
	objectVersion = 50;
	objects = {

/* Begin PBXBuildFile section */
		8B493A3627FF35B600DDAAB5 /* XNUIResponseFullScreenVC.xib in Resources */ = {isa = PBXBuildFile; fileRef = 8B4939F327FF35B600DDAAB5 /* XNUIResponseFullScreenVC.xib */; };
		8B493A3727FF35B600DDAAB5 /* XNUIResponseFullScreenVC.swift in Sources */ = {isa = PBXBuildFile; fileRef = 8B4939F427FF35B600DDAAB5 /* XNUIResponseFullScreenVC.swift */; };
		8B493A3827FF35B600DDAAB5 /* XNUIHeaderView.swift in Sources */ = {isa = PBXBuildFile; fileRef = 8B4939F527FF35B600DDAAB5 /* XNUIHeaderView.swift */; };
		8B493A3927FF35B600DDAAB5 /* XNUIManager.swift in Sources */ = {isa = PBXBuildFile; fileRef = 8B4939F627FF35B600DDAAB5 /* XNUIManager.swift */; };
		8B493A3A27FF35B600DDAAB5 /* XNUIFiltersVC.swift in Sources */ = {isa = PBXBuildFile; fileRef = 8B4939F727FF35B600DDAAB5 /* XNUIFiltersVC.swift */; };
		8B493A3B27FF35B600DDAAB5 /* XNUILogDetailVC.swift in Sources */ = {isa = PBXBuildFile; fileRef = 8B4939F927FF35B600DDAAB5 /* XNUILogDetailVC.swift */; };
		8B493A3C27FF35B600DDAAB5 /* XNUILogDetailVC.xib in Resources */ = {isa = PBXBuildFile; fileRef = 8B4939FA27FF35B600DDAAB5 /* XNUILogDetailVC.xib */; };
		8B493A3D27FF35B600DDAAB5 /* XNUILogDetailCell.xib in Resources */ = {isa = PBXBuildFile; fileRef = 8B4939FB27FF35B600DDAAB5 /* XNUILogDetailCell.xib */; };
		8B493A3E27FF35B600DDAAB5 /* XNUILogDetailHeaderCell.swift in Sources */ = {isa = PBXBuildFile; fileRef = 8B4939FC27FF35B600DDAAB5 /* XNUILogDetailHeaderCell.swift */; };
		8B493A3F27FF35B600DDAAB5 /* XNUILogDetailView.xib in Resources */ = {isa = PBXBuildFile; fileRef = 8B4939FD27FF35B600DDAAB5 /* XNUILogDetailView.xib */; };
		8B493A4027FF35B600DDAAB5 /* XNUILogDetailCell.swift in Sources */ = {isa = PBXBuildFile; fileRef = 8B4939FE27FF35B600DDAAB5 /* XNUILogDetailCell.swift */; };
		8B493A4127FF35B600DDAAB5 /* XNUILogDetailView.swift in Sources */ = {isa = PBXBuildFile; fileRef = 8B4939FF27FF35B600DDAAB5 /* XNUILogDetailView.swift */; };
		8B493A4227FF35B600DDAAB5 /* XNUILogDetailHeaderCell.xib in Resources */ = {isa = PBXBuildFile; fileRef = 8B493A0027FF35B600DDAAB5 /* XNUILogDetailHeaderCell.xib */; };
		8B493A4327FF35B600DDAAB5 /* XNUIMain.storyboard in Resources */ = {isa = PBXBuildFile; fileRef = 8B493A0127FF35B600DDAAB5 /* XNUIMain.storyboard */; };
		8B493A4427FF35B600DDAAB5 /* Media.xcassets in Resources */ = {isa = PBXBuildFile; fileRef = 8B493A0327FF35B600DDAAB5 /* Media.xcassets */; };
		8B493A4527FF35B600DDAAB5 /* XNUILogListTableViewCell.swift in Sources */ = {isa = PBXBuildFile; fileRef = 8B493A0527FF35B600DDAAB5 /* XNUILogListTableViewCell.swift */; };
		8B493A4627FF35B600DDAAB5 /* XNUILogListTableViewCell.xib in Resources */ = {isa = PBXBuildFile; fileRef = 8B493A0627FF35B600DDAAB5 /* XNUILogListTableViewCell.xib */; };
		8B493A4727FF35B600DDAAB5 /* XNUILogListVC.swift in Sources */ = {isa = PBXBuildFile; fileRef = 8B493A0727FF35B600DDAAB5 /* XNUILogListVC.swift */; };
		8B493A4827FF35B600DDAAB5 /* XNUISettingsCell.swift in Sources */ = {isa = PBXBuildFile; fileRef = 8B493A0927FF35B600DDAAB5 /* XNUISettingsCell.swift */; };
		8B493A4927FF35B600DDAAB5 /* XNUISettingsCell.xib in Resources */ = {isa = PBXBuildFile; fileRef = 8B493A0A27FF35B600DDAAB5 /* XNUISettingsCell.xib */; };
		8B493A4A27FF35B600DDAAB5 /* XNUISettingsVC.swift in Sources */ = {isa = PBXBuildFile; fileRef = 8B493A0B27FF35B600DDAAB5 /* XNUISettingsVC.swift */; };
		8B493A4B27FF35B600DDAAB5 /* XNUICustomPathUIActivity.swift in Sources */ = {isa = PBXBuildFile; fileRef = 8B493A0D27FF35B600DDAAB5 /* XNUICustomPathUIActivity.swift */; };
		8B493A4C27FF35B600DDAAB5 /* XNUIHelper.swift in Sources */ = {isa = PBXBuildFile; fileRef = 8B493A0E27FF35B600DDAAB5 /* XNUIHelper.swift */; };
		8B493A4D27FF35B600DDAAB5 /* XNLoader.m in Sources */ = {isa = PBXBuildFile; fileRef = 8B493A0F27FF35B600DDAAB5 /* XNLoader.m */; };
		8B493A4E27FF35B600DDAAB5 /* XNUIExtensions.swift in Sources */ = {isa = PBXBuildFile; fileRef = 8B493A1027FF35B600DDAAB5 /* XNUIExtensions.swift */; };
		8B493A4F27FF35B600DDAAB5 /* XNUIWindow.swift in Sources */ = {isa = PBXBuildFile; fileRef = 8B493A1127FF35B600DDAAB5 /* XNUIWindow.swift */; };
		8B493A5027FF35B600DDAAB5 /* XNUIOptionItem.swift in Sources */ = {isa = PBXBuildFile; fileRef = 8B493A1327FF35B600DDAAB5 /* XNUIOptionItem.swift */; };
		8B493A5127FF35B600DDAAB5 /* XNUILogDetail.swift in Sources */ = {isa = PBXBuildFile; fileRef = 8B493A1427FF35B600DDAAB5 /* XNUILogDetail.swift */; };
		8B493A5227FF35B600DDAAB5 /* XNUIPopOverViewController.swift in Sources */ = {isa = PBXBuildFile; fileRef = 8B493A1527FF35B600DDAAB5 /* XNUIPopOverViewController.swift */; };
		8B493A5327FF35B600DDAAB5 /* XNUIBaseViewController.swift in Sources */ = {isa = PBXBuildFile; fileRef = 8B493A1627FF35B600DDAAB5 /* XNUIBaseViewController.swift */; };
		8B493A5427FF35B600DDAAB5 /* XNUILogHandler.swift in Sources */ = {isa = PBXBuildFile; fileRef = 8B493A1727FF35B600DDAAB5 /* XNUILogHandler.swift */; };
		8B493A5527FF35B600DDAAB5 /* XNFilter.swift in Sources */ = {isa = PBXBuildFile; fileRef = 8B493A1A27FF35B600DDAAB5 /* XNFilter.swift */; };
		8B493A5627FF35B600DDAAB5 /* XNFilterManager.swift in Sources */ = {isa = PBXBuildFile; fileRef = 8B493A1B27FF35B600DDAAB5 /* XNFilterManager.swift */; };
		8B493A5727FF35B600DDAAB5 /* XNSlackLogHandler.swift in Sources */ = {isa = PBXBuildFile; fileRef = 8B493A1E27FF35B600DDAAB5 /* XNSlackLogHandler.swift */; };
		8B493A5827FF35B600DDAAB5 /* XNFileLogHandler.swift in Sources */ = {isa = PBXBuildFile; fileRef = 8B493A1F27FF35B600DDAAB5 /* XNFileLogHandler.swift */; };
		8B493A5927FF35B600DDAAB5 /* XNConsoleLogHandler.swift in Sources */ = {isa = PBXBuildFile; fileRef = 8B493A2027FF35B600DDAAB5 /* XNConsoleLogHandler.swift */; };
		8B493A5A27FF35B600DDAAB5 /* XNLogHandler.swift in Sources */ = {isa = PBXBuildFile; fileRef = 8B493A2127FF35B600DDAAB5 /* XNLogHandler.swift */; };
		8B493A5B27FF35B600DDAAB5 /* XNBaseLogHandler.swift in Sources */ = {isa = PBXBuildFile; fileRef = 8B493A2227FF35B600DDAAB5 /* XNBaseLogHandler.swift */; };
		8B493A5C27FF35B600DDAAB5 /* XNRemoteLogHandler.swift in Sources */ = {isa = PBXBuildFile; fileRef = 8B493A2327FF35B600DDAAB5 /* XNRemoteLogHandler.swift */; };
		8B493A5D27FF35B600DDAAB5 /* URLRequest+cURL.swift in Sources */ = {isa = PBXBuildFile; fileRef = 8B493A2427FF35B600DDAAB5 /* URLRequest+cURL.swift */; };
		8B493A5E27FF35B600DDAAB5 /* XNLogComposer.swift in Sources */ = {isa = PBXBuildFile; fileRef = 8B493A2527FF35B600DDAAB5 /* XNLogComposer.swift */; };
		8B493A5F27FF35B600DDAAB5 /* XNLogFormatter.swift in Sources */ = {isa = PBXBuildFile; fileRef = 8B493A2627FF35B600DDAAB5 /* XNLogFormatter.swift */; };
		8B493A6027FF35B600DDAAB5 /* XNInterceptor.swift in Sources */ = {isa = PBXBuildFile; fileRef = 8B493A2827FF35B600DDAAB5 /* XNInterceptor.swift */; };
		8B493A6127FF35B600DDAAB5 /* XNAuthenticationChallengeSender.swift in Sources */ = {isa = PBXBuildFile; fileRef = 8B493A2927FF35B600DDAAB5 /* XNAuthenticationChallengeSender.swift */; };
		8B493A6227FF35B600DDAAB5 /* XNURLProtocol.swift in Sources */ = {isa = PBXBuildFile; fileRef = 8B493A2A27FF35B600DDAAB5 /* XNURLProtocol.swift */; };
		8B493A6327FF35B600DDAAB5 /* XNMIMEChecker.swift in Sources */ = {isa = PBXBuildFile; fileRef = 8B493A2C27FF35B600DDAAB5 /* XNMIMEChecker.swift */; };
		8B493A6427FF35B600DDAAB5 /* Data+Gzip.swift in Sources */ = {isa = PBXBuildFile; fileRef = 8B493A2D27FF35B600DDAAB5 /* Data+Gzip.swift */; };
		8B493A6527FF35B600DDAAB5 /* XNExtensions.swift in Sources */ = {isa = PBXBuildFile; fileRef = 8B493A2E27FF35B600DDAAB5 /* XNExtensions.swift */; };
		8B493A6627FF35B600DDAAB5 /* XNAppUtils.swift in Sources */ = {isa = PBXBuildFile; fileRef = 8B493A2F27FF35B600DDAAB5 /* XNAppUtils.swift */; };
		8B493A6727FF35B600DDAAB5 /* XNAppConstants.swift in Sources */ = {isa = PBXBuildFile; fileRef = 8B493A3027FF35B600DDAAB5 /* XNAppConstants.swift */; };
		8B493A6827FF35B600DDAAB5 /* XNJSONUtils.swift in Sources */ = {isa = PBXBuildFile; fileRef = 8B493A3127FF35B600DDAAB5 /* XNJSONUtils.swift */; };
		8B493A6927FF35B600DDAAB5 /* XNLogData.swift in Sources */ = {isa = PBXBuildFile; fileRef = 8B493A3327FF35B600DDAAB5 /* XNLogData.swift */; };
		8B493A6A27FF35B600DDAAB5 /* XNLogger.swift in Sources */ = {isa = PBXBuildFile; fileRef = 8B493A3427FF35B600DDAAB5 /* XNLogger.swift */; };
		8B493A6D27FF365000DDAAB5 /* FSLoggerCtrl.swift in Sources */ = {isa = PBXBuildFile; fileRef = 8B493A6B27FF365000DDAAB5 /* FSLoggerCtrl.swift */; };
		8B493A6E27FF365000DDAAB5 /* FSJsonEditorCtrl.swift in Sources */ = {isa = PBXBuildFile; fileRef = 8B493A6C27FF365000DDAAB5 /* FSJsonEditorCtrl.swift */; };
		8B90007E257015A800703DDB /* FSHitViewController.swift in Sources */ = {isa = PBXBuildFile; fileRef = 8B90007D257015A800703DDB /* FSHitViewController.swift */; };
		8B90008C2575298600703DDB /* FSCustomTools.swift in Sources */ = {isa = PBXBuildFile; fileRef = 8B90008B2575298600703DDB /* FSCustomTools.swift */; };
		8B90016A2580D25800703DDB /* Settings.bundle in Resources */ = {isa = PBXBuildFile; fileRef = 8B9001692580D25800703DDB /* Settings.bundle */; };
		8BF2DDE125681A97005FF664 /* AppDelegate.swift in Sources */ = {isa = PBXBuildFile; fileRef = 8BF2DDE025681A97005FF664 /* AppDelegate.swift */; };
		8BF2DDE525681A97005FF664 /* ViewController.swift in Sources */ = {isa = PBXBuildFile; fileRef = 8BF2DDE425681A97005FF664 /* ViewController.swift */; };
		8BF2DDE825681A97005FF664 /* Main.storyboard in Resources */ = {isa = PBXBuildFile; fileRef = 8BF2DDE625681A97005FF664 /* Main.storyboard */; };
		8BF2DDEA25681A9C005FF664 /* Assets.xcassets in Resources */ = {isa = PBXBuildFile; fileRef = 8BF2DDE925681A9C005FF664 /* Assets.xcassets */; };
		8BF2DDED25681A9C005FF664 /* LaunchScreen.storyboard in Resources */ = {isa = PBXBuildFile; fileRef = 8BF2DDEB25681A9C005FF664 /* LaunchScreen.storyboard */; };
		8BF2DDF9256BCF77005FF664 /* FSTabBarViewCtrl.swift in Sources */ = {isa = PBXBuildFile; fileRef = 8BF2DDF8256BCF77005FF664 /* FSTabBarViewCtrl.swift */; };
		8BF2DDFC256BD2B5005FF664 /* FSConfigViewController.swift in Sources */ = {isa = PBXBuildFile; fileRef = 8BF2DDFB256BD2B5005FF664 /* FSConfigViewController.swift */; };
		8BF2DE03256BEDD9005FF664 /* Flagship.framework in Frameworks */ = {isa = PBXBuildFile; fileRef = 8BF2DE02256BEDD9005FF664 /* Flagship.framework */; };
		8BF2DE04256BEDD9005FF664 /* Flagship.framework in Embed Frameworks */ = {isa = PBXBuildFile; fileRef = 8BF2DE02256BEDD9005FF664 /* Flagship.framework */; settings = {ATTRIBUTES = (CodeSignOnCopy, RemoveHeadersOnCopy, ); }; };
		8BF2DE07256C0B7E005FF664 /* FSUserViewCtrl.swift in Sources */ = {isa = PBXBuildFile; fileRef = 8BF2DE06256C0B7E005FF664 /* FSUserViewCtrl.swift */; };
		8BF2DE42256F996A005FF664 /* FSContextViewCtrl.swift in Sources */ = {isa = PBXBuildFile; fileRef = 8BF2DE41256F996A005FF664 /* FSContextViewCtrl.swift */; };
		F5AA7D182AB999BA00584D0E /* FSFlagViewCtrl.swift in Sources */ = {isa = PBXBuildFile; fileRef = F5AA7D172AB999BA00584D0E /* FSFlagViewCtrl.swift */; };
		F5AA7D1A2AB9A36500584D0E /* FlagViewCell.swift in Sources */ = {isa = PBXBuildFile; fileRef = F5AA7D192AB9A36500584D0E /* FlagViewCell.swift */; };
		F5DAF6852A176BA500C0B140 /* AppDelegate.swift in Sources */ = {isa = PBXBuildFile; fileRef = F5DAF6842A176BA500C0B140 /* AppDelegate.swift */; };
		F5DAF6872A176BA500C0B140 /* SceneDelegate.swift in Sources */ = {isa = PBXBuildFile; fileRef = F5DAF6862A176BA500C0B140 /* SceneDelegate.swift */; };
		F5DAF6892A176BA500C0B140 /* ViewController.swift in Sources */ = {isa = PBXBuildFile; fileRef = F5DAF6882A176BA500C0B140 /* ViewController.swift */; };
		F5DAF68C2A176BA500C0B140 /* Main.storyboard in Resources */ = {isa = PBXBuildFile; fileRef = F5DAF68A2A176BA500C0B140 /* Main.storyboard */; };
		F5DAF68E2A176BA600C0B140 /* Assets.xcassets in Resources */ = {isa = PBXBuildFile; fileRef = F5DAF68D2A176BA600C0B140 /* Assets.xcassets */; };
		F5DAF6912A176BA600C0B140 /* LaunchScreen.storyboard in Resources */ = {isa = PBXBuildFile; fileRef = F5DAF68F2A176BA600C0B140 /* LaunchScreen.storyboard */; };
		F5E5539B2BA99B26004ED340 /* Flagship.framework in Frameworks */ = {isa = PBXBuildFile; fileRef = 8BBCAD4023FAD12C00126600 /* Flagship.framework */; };
		F5E5539C2BA99B26004ED340 /* Flagship.framework in Embed Frameworks */ = {isa = PBXBuildFile; fileRef = 8BBCAD4023FAD12C00126600 /* Flagship.framework */; settings = {ATTRIBUTES = (CodeSignOnCopy, RemoveHeadersOnCopy, ); }; };
/* End PBXBuildFile section */

/* Begin PBXCopyFilesBuildPhase section */
		8BF2DE05256BEDDA005FF664 /* Embed Frameworks */ = {
			isa = PBXCopyFilesBuildPhase;
			buildActionMask = 2147483647;
			dstPath = "";
			dstSubfolderSpec = 10;
			files = (
				8BF2DE04256BEDD9005FF664 /* Flagship.framework in Embed Frameworks */,
			);
			name = "Embed Frameworks";
			runOnlyForDeploymentPostprocessing = 0;
		};
		F5E5539D2BA99B26004ED340 /* Embed Frameworks */ = {
			isa = PBXCopyFilesBuildPhase;
			buildActionMask = 2147483647;
			dstPath = "";
			dstSubfolderSpec = 10;
			files = (
				F5E5539C2BA99B26004ED340 /* Flagship.framework in Embed Frameworks */,
			);
			name = "Embed Frameworks";
			runOnlyForDeploymentPostprocessing = 0;
		};
/* End PBXCopyFilesBuildPhase section */

/* Begin PBXFileReference section */
		8B10597E241BF0B800227F1E /* Flagship.framework */ = {isa = PBXFileReference; explicitFileType = wrapper.framework; path = Flagship.framework; sourceTree = BUILT_PRODUCTS_DIR; };
		8B4939F327FF35B600DDAAB5 /* XNUIResponseFullScreenVC.xib */ = {isa = PBXFileReference; fileEncoding = 4; lastKnownFileType = file.xib; path = XNUIResponseFullScreenVC.xib; sourceTree = "<group>"; };
		8B4939F427FF35B600DDAAB5 /* XNUIResponseFullScreenVC.swift */ = {isa = PBXFileReference; fileEncoding = 4; lastKnownFileType = sourcecode.swift; path = XNUIResponseFullScreenVC.swift; sourceTree = "<group>"; };
		8B4939F527FF35B600DDAAB5 /* XNUIHeaderView.swift */ = {isa = PBXFileReference; fileEncoding = 4; lastKnownFileType = sourcecode.swift; path = XNUIHeaderView.swift; sourceTree = "<group>"; };
		8B4939F627FF35B600DDAAB5 /* XNUIManager.swift */ = {isa = PBXFileReference; fileEncoding = 4; lastKnownFileType = sourcecode.swift; path = XNUIManager.swift; sourceTree = "<group>"; };
		8B4939F727FF35B600DDAAB5 /* XNUIFiltersVC.swift */ = {isa = PBXFileReference; fileEncoding = 4; lastKnownFileType = sourcecode.swift; path = XNUIFiltersVC.swift; sourceTree = "<group>"; };
		8B4939F927FF35B600DDAAB5 /* XNUILogDetailVC.swift */ = {isa = PBXFileReference; fileEncoding = 4; lastKnownFileType = sourcecode.swift; path = XNUILogDetailVC.swift; sourceTree = "<group>"; };
		8B4939FA27FF35B600DDAAB5 /* XNUILogDetailVC.xib */ = {isa = PBXFileReference; fileEncoding = 4; lastKnownFileType = file.xib; path = XNUILogDetailVC.xib; sourceTree = "<group>"; };
		8B4939FB27FF35B600DDAAB5 /* XNUILogDetailCell.xib */ = {isa = PBXFileReference; fileEncoding = 4; lastKnownFileType = file.xib; path = XNUILogDetailCell.xib; sourceTree = "<group>"; };
		8B4939FC27FF35B600DDAAB5 /* XNUILogDetailHeaderCell.swift */ = {isa = PBXFileReference; fileEncoding = 4; lastKnownFileType = sourcecode.swift; path = XNUILogDetailHeaderCell.swift; sourceTree = "<group>"; };
		8B4939FD27FF35B600DDAAB5 /* XNUILogDetailView.xib */ = {isa = PBXFileReference; fileEncoding = 4; lastKnownFileType = file.xib; path = XNUILogDetailView.xib; sourceTree = "<group>"; };
		8B4939FE27FF35B600DDAAB5 /* XNUILogDetailCell.swift */ = {isa = PBXFileReference; fileEncoding = 4; lastKnownFileType = sourcecode.swift; path = XNUILogDetailCell.swift; sourceTree = "<group>"; };
		8B4939FF27FF35B600DDAAB5 /* XNUILogDetailView.swift */ = {isa = PBXFileReference; fileEncoding = 4; lastKnownFileType = sourcecode.swift; path = XNUILogDetailView.swift; sourceTree = "<group>"; };
		8B493A0027FF35B600DDAAB5 /* XNUILogDetailHeaderCell.xib */ = {isa = PBXFileReference; fileEncoding = 4; lastKnownFileType = file.xib; path = XNUILogDetailHeaderCell.xib; sourceTree = "<group>"; };
		8B493A0127FF35B600DDAAB5 /* XNUIMain.storyboard */ = {isa = PBXFileReference; fileEncoding = 4; lastKnownFileType = file.storyboard; path = XNUIMain.storyboard; sourceTree = "<group>"; };
		8B493A0327FF35B600DDAAB5 /* Media.xcassets */ = {isa = PBXFileReference; lastKnownFileType = folder.assetcatalog; path = Media.xcassets; sourceTree = "<group>"; };
		8B493A0527FF35B600DDAAB5 /* XNUILogListTableViewCell.swift */ = {isa = PBXFileReference; fileEncoding = 4; lastKnownFileType = sourcecode.swift; path = XNUILogListTableViewCell.swift; sourceTree = "<group>"; };
		8B493A0627FF35B600DDAAB5 /* XNUILogListTableViewCell.xib */ = {isa = PBXFileReference; fileEncoding = 4; lastKnownFileType = file.xib; path = XNUILogListTableViewCell.xib; sourceTree = "<group>"; };
		8B493A0727FF35B600DDAAB5 /* XNUILogListVC.swift */ = {isa = PBXFileReference; fileEncoding = 4; lastKnownFileType = sourcecode.swift; path = XNUILogListVC.swift; sourceTree = "<group>"; };
		8B493A0927FF35B600DDAAB5 /* XNUISettingsCell.swift */ = {isa = PBXFileReference; fileEncoding = 4; lastKnownFileType = sourcecode.swift; path = XNUISettingsCell.swift; sourceTree = "<group>"; };
		8B493A0A27FF35B600DDAAB5 /* XNUISettingsCell.xib */ = {isa = PBXFileReference; fileEncoding = 4; lastKnownFileType = file.xib; path = XNUISettingsCell.xib; sourceTree = "<group>"; };
		8B493A0B27FF35B600DDAAB5 /* XNUISettingsVC.swift */ = {isa = PBXFileReference; fileEncoding = 4; lastKnownFileType = sourcecode.swift; path = XNUISettingsVC.swift; sourceTree = "<group>"; };
		8B493A0D27FF35B600DDAAB5 /* XNUICustomPathUIActivity.swift */ = {isa = PBXFileReference; fileEncoding = 4; lastKnownFileType = sourcecode.swift; path = XNUICustomPathUIActivity.swift; sourceTree = "<group>"; };
		8B493A0E27FF35B600DDAAB5 /* XNUIHelper.swift */ = {isa = PBXFileReference; fileEncoding = 4; lastKnownFileType = sourcecode.swift; path = XNUIHelper.swift; sourceTree = "<group>"; };
		8B493A0F27FF35B600DDAAB5 /* XNLoader.m */ = {isa = PBXFileReference; fileEncoding = 4; lastKnownFileType = sourcecode.c.objc; path = XNLoader.m; sourceTree = "<group>"; };
		8B493A1027FF35B600DDAAB5 /* XNUIExtensions.swift */ = {isa = PBXFileReference; fileEncoding = 4; lastKnownFileType = sourcecode.swift; path = XNUIExtensions.swift; sourceTree = "<group>"; };
		8B493A1127FF35B600DDAAB5 /* XNUIWindow.swift */ = {isa = PBXFileReference; fileEncoding = 4; lastKnownFileType = sourcecode.swift; path = XNUIWindow.swift; sourceTree = "<group>"; };
		8B493A1327FF35B600DDAAB5 /* XNUIOptionItem.swift */ = {isa = PBXFileReference; fileEncoding = 4; lastKnownFileType = sourcecode.swift; path = XNUIOptionItem.swift; sourceTree = "<group>"; };
		8B493A1427FF35B600DDAAB5 /* XNUILogDetail.swift */ = {isa = PBXFileReference; fileEncoding = 4; lastKnownFileType = sourcecode.swift; path = XNUILogDetail.swift; sourceTree = "<group>"; };
		8B493A1527FF35B600DDAAB5 /* XNUIPopOverViewController.swift */ = {isa = PBXFileReference; fileEncoding = 4; lastKnownFileType = sourcecode.swift; path = XNUIPopOverViewController.swift; sourceTree = "<group>"; };
		8B493A1627FF35B600DDAAB5 /* XNUIBaseViewController.swift */ = {isa = PBXFileReference; fileEncoding = 4; lastKnownFileType = sourcecode.swift; path = XNUIBaseViewController.swift; sourceTree = "<group>"; };
		8B493A1727FF35B600DDAAB5 /* XNUILogHandler.swift */ = {isa = PBXFileReference; fileEncoding = 4; lastKnownFileType = sourcecode.swift; path = XNUILogHandler.swift; sourceTree = "<group>"; };
		8B493A1A27FF35B600DDAAB5 /* XNFilter.swift */ = {isa = PBXFileReference; fileEncoding = 4; lastKnownFileType = sourcecode.swift; path = XNFilter.swift; sourceTree = "<group>"; };
		8B493A1B27FF35B600DDAAB5 /* XNFilterManager.swift */ = {isa = PBXFileReference; fileEncoding = 4; lastKnownFileType = sourcecode.swift; path = XNFilterManager.swift; sourceTree = "<group>"; };
		8B493A1E27FF35B600DDAAB5 /* XNSlackLogHandler.swift */ = {isa = PBXFileReference; fileEncoding = 4; lastKnownFileType = sourcecode.swift; path = XNSlackLogHandler.swift; sourceTree = "<group>"; };
		8B493A1F27FF35B600DDAAB5 /* XNFileLogHandler.swift */ = {isa = PBXFileReference; fileEncoding = 4; lastKnownFileType = sourcecode.swift; path = XNFileLogHandler.swift; sourceTree = "<group>"; };
		8B493A2027FF35B600DDAAB5 /* XNConsoleLogHandler.swift */ = {isa = PBXFileReference; fileEncoding = 4; lastKnownFileType = sourcecode.swift; path = XNConsoleLogHandler.swift; sourceTree = "<group>"; };
		8B493A2127FF35B600DDAAB5 /* XNLogHandler.swift */ = {isa = PBXFileReference; fileEncoding = 4; lastKnownFileType = sourcecode.swift; path = XNLogHandler.swift; sourceTree = "<group>"; };
		8B493A2227FF35B600DDAAB5 /* XNBaseLogHandler.swift */ = {isa = PBXFileReference; fileEncoding = 4; lastKnownFileType = sourcecode.swift; path = XNBaseLogHandler.swift; sourceTree = "<group>"; };
		8B493A2327FF35B600DDAAB5 /* XNRemoteLogHandler.swift */ = {isa = PBXFileReference; fileEncoding = 4; lastKnownFileType = sourcecode.swift; path = XNRemoteLogHandler.swift; sourceTree = "<group>"; };
		8B493A2427FF35B600DDAAB5 /* URLRequest+cURL.swift */ = {isa = PBXFileReference; fileEncoding = 4; lastKnownFileType = sourcecode.swift; path = "URLRequest+cURL.swift"; sourceTree = "<group>"; };
		8B493A2527FF35B600DDAAB5 /* XNLogComposer.swift */ = {isa = PBXFileReference; fileEncoding = 4; lastKnownFileType = sourcecode.swift; path = XNLogComposer.swift; sourceTree = "<group>"; };
		8B493A2627FF35B600DDAAB5 /* XNLogFormatter.swift */ = {isa = PBXFileReference; fileEncoding = 4; lastKnownFileType = sourcecode.swift; path = XNLogFormatter.swift; sourceTree = "<group>"; };
		8B493A2827FF35B600DDAAB5 /* XNInterceptor.swift */ = {isa = PBXFileReference; fileEncoding = 4; lastKnownFileType = sourcecode.swift; path = XNInterceptor.swift; sourceTree = "<group>"; };
		8B493A2927FF35B600DDAAB5 /* XNAuthenticationChallengeSender.swift */ = {isa = PBXFileReference; fileEncoding = 4; lastKnownFileType = sourcecode.swift; path = XNAuthenticationChallengeSender.swift; sourceTree = "<group>"; };
		8B493A2A27FF35B600DDAAB5 /* XNURLProtocol.swift */ = {isa = PBXFileReference; fileEncoding = 4; lastKnownFileType = sourcecode.swift; path = XNURLProtocol.swift; sourceTree = "<group>"; };
		8B493A2C27FF35B600DDAAB5 /* XNMIMEChecker.swift */ = {isa = PBXFileReference; fileEncoding = 4; lastKnownFileType = sourcecode.swift; path = XNMIMEChecker.swift; sourceTree = "<group>"; };
		8B493A2D27FF35B600DDAAB5 /* Data+Gzip.swift */ = {isa = PBXFileReference; fileEncoding = 4; lastKnownFileType = sourcecode.swift; path = "Data+Gzip.swift"; sourceTree = "<group>"; };
		8B493A2E27FF35B600DDAAB5 /* XNExtensions.swift */ = {isa = PBXFileReference; fileEncoding = 4; lastKnownFileType = sourcecode.swift; path = XNExtensions.swift; sourceTree = "<group>"; };
		8B493A2F27FF35B600DDAAB5 /* XNAppUtils.swift */ = {isa = PBXFileReference; fileEncoding = 4; lastKnownFileType = sourcecode.swift; path = XNAppUtils.swift; sourceTree = "<group>"; };
		8B493A3027FF35B600DDAAB5 /* XNAppConstants.swift */ = {isa = PBXFileReference; fileEncoding = 4; lastKnownFileType = sourcecode.swift; path = XNAppConstants.swift; sourceTree = "<group>"; };
		8B493A3127FF35B600DDAAB5 /* XNJSONUtils.swift */ = {isa = PBXFileReference; fileEncoding = 4; lastKnownFileType = sourcecode.swift; path = XNJSONUtils.swift; sourceTree = "<group>"; };
		8B493A3327FF35B600DDAAB5 /* XNLogData.swift */ = {isa = PBXFileReference; fileEncoding = 4; lastKnownFileType = sourcecode.swift; path = XNLogData.swift; sourceTree = "<group>"; };
		8B493A3427FF35B600DDAAB5 /* XNLogger.swift */ = {isa = PBXFileReference; fileEncoding = 4; lastKnownFileType = sourcecode.swift; path = XNLogger.swift; sourceTree = "<group>"; };
		8B493A3527FF35B600DDAAB5 /* XNLogger.h */ = {isa = PBXFileReference; fileEncoding = 4; lastKnownFileType = sourcecode.c.h; path = XNLogger.h; sourceTree = "<group>"; };
		8B493A6B27FF365000DDAAB5 /* FSLoggerCtrl.swift */ = {isa = PBXFileReference; fileEncoding = 4; lastKnownFileType = sourcecode.swift; path = FSLoggerCtrl.swift; sourceTree = "<group>"; };
		8B493A6C27FF365000DDAAB5 /* FSJsonEditorCtrl.swift */ = {isa = PBXFileReference; fileEncoding = 4; lastKnownFileType = sourcecode.swift; path = FSJsonEditorCtrl.swift; sourceTree = "<group>"; };
		8B90007D257015A800703DDB /* FSHitViewController.swift */ = {isa = PBXFileReference; lastKnownFileType = sourcecode.swift; path = FSHitViewController.swift; sourceTree = "<group>"; };
		8B90008B2575298600703DDB /* FSCustomTools.swift */ = {isa = PBXFileReference; lastKnownFileType = sourcecode.swift; path = FSCustomTools.swift; sourceTree = "<group>"; };
		8B9001692580D25800703DDB /* Settings.bundle */ = {isa = PBXFileReference; lastKnownFileType = "wrapper.plug-in"; path = Settings.bundle; sourceTree = "<group>"; };
		8BB885B7280FC2ED0092F921 /* QApp.entitlements */ = {isa = PBXFileReference; fileEncoding = 4; lastKnownFileType = text.plist.entitlements; path = QApp.entitlements; sourceTree = "<group>"; };
		8BBCAD4023FAD12C00126600 /* Flagship.framework */ = {isa = PBXFileReference; explicitFileType = wrapper.framework; path = Flagship.framework; sourceTree = BUILT_PRODUCTS_DIR; };
		8BF02D6523C39520006D154E /* FlagShip.framework */ = {isa = PBXFileReference; explicitFileType = wrapper.framework; path = FlagShip.framework; sourceTree = BUILT_PRODUCTS_DIR; };
		8BF02E1F23C78171006D154E /* FlagShip.framework */ = {isa = PBXFileReference; explicitFileType = wrapper.framework; path = FlagShip.framework; sourceTree = BUILT_PRODUCTS_DIR; };
		8BF2DDDE25681A97005FF664 /* QApp.app */ = {isa = PBXFileReference; explicitFileType = wrapper.application; includeInIndex = 0; path = QApp.app; sourceTree = BUILT_PRODUCTS_DIR; };
		8BF2DDE025681A97005FF664 /* AppDelegate.swift */ = {isa = PBXFileReference; lastKnownFileType = sourcecode.swift; path = AppDelegate.swift; sourceTree = "<group>"; };
		8BF2DDE225681A97005FF664 /* SceneDelegate.swift */ = {isa = PBXFileReference; lastKnownFileType = sourcecode.swift; path = SceneDelegate.swift; sourceTree = "<group>"; };
		8BF2DDE425681A97005FF664 /* ViewController.swift */ = {isa = PBXFileReference; lastKnownFileType = sourcecode.swift; path = ViewController.swift; sourceTree = "<group>"; };
		8BF2DDE725681A97005FF664 /* Base */ = {isa = PBXFileReference; lastKnownFileType = file.storyboard; name = Base; path = Base.lproj/Main.storyboard; sourceTree = "<group>"; };
		8BF2DDE925681A9C005FF664 /* Assets.xcassets */ = {isa = PBXFileReference; lastKnownFileType = folder.assetcatalog; path = Assets.xcassets; sourceTree = "<group>"; };
		8BF2DDEC25681A9C005FF664 /* Base */ = {isa = PBXFileReference; lastKnownFileType = file.storyboard; name = Base; path = Base.lproj/LaunchScreen.storyboard; sourceTree = "<group>"; };
		8BF2DDEE25681A9C005FF664 /* Info.plist */ = {isa = PBXFileReference; lastKnownFileType = text.plist.xml; path = Info.plist; sourceTree = "<group>"; };
		8BF2DDF8256BCF77005FF664 /* FSTabBarViewCtrl.swift */ = {isa = PBXFileReference; lastKnownFileType = sourcecode.swift; path = FSTabBarViewCtrl.swift; sourceTree = "<group>"; };
		8BF2DDFB256BD2B5005FF664 /* FSConfigViewController.swift */ = {isa = PBXFileReference; lastKnownFileType = sourcecode.swift; path = FSConfigViewController.swift; sourceTree = "<group>"; };
		8BF2DE02256BEDD9005FF664 /* Flagship.framework */ = {isa = PBXFileReference; explicitFileType = wrapper.framework; path = Flagship.framework; sourceTree = BUILT_PRODUCTS_DIR; };
		8BF2DE06256C0B7E005FF664 /* FSUserViewCtrl.swift */ = {isa = PBXFileReference; lastKnownFileType = sourcecode.swift; path = FSUserViewCtrl.swift; sourceTree = "<group>"; };
		8BF2DE41256F996A005FF664 /* FSContextViewCtrl.swift */ = {isa = PBXFileReference; lastKnownFileType = sourcecode.swift; path = FSContextViewCtrl.swift; sourceTree = "<group>"; };
		F5AA7D172AB999BA00584D0E /* FSFlagViewCtrl.swift */ = {isa = PBXFileReference; lastKnownFileType = sourcecode.swift; path = FSFlagViewCtrl.swift; sourceTree = "<group>"; };
		F5AA7D192AB9A36500584D0E /* FlagViewCell.swift */ = {isa = PBXFileReference; lastKnownFileType = sourcecode.swift; path = FlagViewCell.swift; sourceTree = "<group>"; };
		F5DAF6822A176BA500C0B140 /* SmartQA.app */ = {isa = PBXFileReference; explicitFileType = wrapper.application; includeInIndex = 0; path = SmartQA.app; sourceTree = BUILT_PRODUCTS_DIR; };
		F5DAF6842A176BA500C0B140 /* AppDelegate.swift */ = {isa = PBXFileReference; lastKnownFileType = sourcecode.swift; path = AppDelegate.swift; sourceTree = "<group>"; };
		F5DAF6862A176BA500C0B140 /* SceneDelegate.swift */ = {isa = PBXFileReference; lastKnownFileType = sourcecode.swift; path = SceneDelegate.swift; sourceTree = "<group>"; };
		F5DAF6882A176BA500C0B140 /* ViewController.swift */ = {isa = PBXFileReference; lastKnownFileType = sourcecode.swift; path = ViewController.swift; sourceTree = "<group>"; };
		F5DAF68B2A176BA500C0B140 /* Base */ = {isa = PBXFileReference; lastKnownFileType = file.storyboard; name = Base; path = Base.lproj/Main.storyboard; sourceTree = "<group>"; };
		F5DAF68D2A176BA600C0B140 /* Assets.xcassets */ = {isa = PBXFileReference; lastKnownFileType = folder.assetcatalog; path = Assets.xcassets; sourceTree = "<group>"; };
		F5DAF6902A176BA600C0B140 /* Base */ = {isa = PBXFileReference; lastKnownFileType = file.storyboard; name = Base; path = Base.lproj/LaunchScreen.storyboard; sourceTree = "<group>"; };
		F5DAF6922A176BA600C0B140 /* Info.plist */ = {isa = PBXFileReference; lastKnownFileType = text.plist.xml; path = Info.plist; sourceTree = "<group>"; };
		F5DAF69B2A176BA700C0B140 /* SmartQATests.swift */ = {isa = PBXFileReference; lastKnownFileType = sourcecode.swift; path = SmartQATests.swift; sourceTree = "<group>"; };
		F5DAF6A52A176BA700C0B140 /* SmartQAUITests.swift */ = {isa = PBXFileReference; lastKnownFileType = sourcecode.swift; path = SmartQAUITests.swift; sourceTree = "<group>"; };
		F5DAF6A72A176BA700C0B140 /* SmartQAUITestsLaunchTests.swift */ = {isa = PBXFileReference; lastKnownFileType = sourcecode.swift; path = SmartQAUITestsLaunchTests.swift; sourceTree = "<group>"; };
/* End PBXFileReference section */

/* Begin PBXFrameworksBuildPhase section */
		8BF2DDDB25681A97005FF664 /* Frameworks */ = {
			isa = PBXFrameworksBuildPhase;
			buildActionMask = 2147483647;
			files = (
				8BF2DE03256BEDD9005FF664 /* Flagship.framework in Frameworks */,
			);
			runOnlyForDeploymentPostprocessing = 0;
		};
		F5DAF67F2A176BA500C0B140 /* Frameworks */ = {
			isa = PBXFrameworksBuildPhase;
			buildActionMask = 2147483647;
			files = (
				F5E5539B2BA99B26004ED340 /* Flagship.framework in Frameworks */,
			);
			runOnlyForDeploymentPostprocessing = 0;
		};
/* End PBXFrameworksBuildPhase section */

/* Begin PBXGroup section */
		8B4939F027FF35B600DDAAB5 /* XNLogger */ = {
			isa = PBXGroup;
			children = (
				8B4939F127FF35B600DDAAB5 /* UI */,
				8B493A1827FF35B600DDAAB5 /* Core */,
				8B493A3527FF35B600DDAAB5 /* XNLogger.h */,
			);
			path = XNLogger;
			sourceTree = "<group>";
		};
		8B4939F127FF35B600DDAAB5 /* UI */ = {
			isa = PBXGroup;
			children = (
				8B4939F227FF35B600DDAAB5 /* ResponseFullScreen */,
				8B4939F527FF35B600DDAAB5 /* XNUIHeaderView.swift */,
				8B4939F627FF35B600DDAAB5 /* XNUIManager.swift */,
				8B4939F727FF35B600DDAAB5 /* XNUIFiltersVC.swift */,
				8B4939F827FF35B600DDAAB5 /* LogDetailScreen */,
				8B493A0127FF35B600DDAAB5 /* XNUIMain.storyboard */,
				8B493A0227FF35B600DDAAB5 /* Resources */,
				8B493A0427FF35B600DDAAB5 /* LogsListScreen */,
				8B493A0827FF35B600DDAAB5 /* SettingsScreen */,
				8B493A0C27FF35B600DDAAB5 /* Utils */,
				8B493A0E27FF35B600DDAAB5 /* XNUIHelper.swift */,
				8B493A0F27FF35B600DDAAB5 /* XNLoader.m */,
				8B493A1027FF35B600DDAAB5 /* XNUIExtensions.swift */,
				8B493A1127FF35B600DDAAB5 /* XNUIWindow.swift */,
				8B493A1227FF35B600DDAAB5 /* UIModels */,
				8B493A1527FF35B600DDAAB5 /* XNUIPopOverViewController.swift */,
				8B493A1627FF35B600DDAAB5 /* XNUIBaseViewController.swift */,
				8B493A1727FF35B600DDAAB5 /* XNUILogHandler.swift */,
			);
			path = UI;
			sourceTree = "<group>";
		};
		8B4939F227FF35B600DDAAB5 /* ResponseFullScreen */ = {
			isa = PBXGroup;
			children = (
				8B4939F327FF35B600DDAAB5 /* XNUIResponseFullScreenVC.xib */,
				8B4939F427FF35B600DDAAB5 /* XNUIResponseFullScreenVC.swift */,
			);
			path = ResponseFullScreen;
			sourceTree = "<group>";
		};
		8B4939F827FF35B600DDAAB5 /* LogDetailScreen */ = {
			isa = PBXGroup;
			children = (
				8B4939F927FF35B600DDAAB5 /* XNUILogDetailVC.swift */,
				8B4939FA27FF35B600DDAAB5 /* XNUILogDetailVC.xib */,
				8B4939FB27FF35B600DDAAB5 /* XNUILogDetailCell.xib */,
				8B4939FC27FF35B600DDAAB5 /* XNUILogDetailHeaderCell.swift */,
				8B4939FD27FF35B600DDAAB5 /* XNUILogDetailView.xib */,
				8B4939FE27FF35B600DDAAB5 /* XNUILogDetailCell.swift */,
				8B4939FF27FF35B600DDAAB5 /* XNUILogDetailView.swift */,
				8B493A0027FF35B600DDAAB5 /* XNUILogDetailHeaderCell.xib */,
			);
			path = LogDetailScreen;
			sourceTree = "<group>";
		};
		8B493A0227FF35B600DDAAB5 /* Resources */ = {
			isa = PBXGroup;
			children = (
				8B493A0327FF35B600DDAAB5 /* Media.xcassets */,
			);
			path = Resources;
			sourceTree = "<group>";
		};
		8B493A0427FF35B600DDAAB5 /* LogsListScreen */ = {
			isa = PBXGroup;
			children = (
				8B493A0527FF35B600DDAAB5 /* XNUILogListTableViewCell.swift */,
				8B493A0627FF35B600DDAAB5 /* XNUILogListTableViewCell.xib */,
				8B493A0727FF35B600DDAAB5 /* XNUILogListVC.swift */,
			);
			path = LogsListScreen;
			sourceTree = "<group>";
		};
		8B493A0827FF35B600DDAAB5 /* SettingsScreen */ = {
			isa = PBXGroup;
			children = (
				8B493A0927FF35B600DDAAB5 /* XNUISettingsCell.swift */,
				8B493A0A27FF35B600DDAAB5 /* XNUISettingsCell.xib */,
				8B493A0B27FF35B600DDAAB5 /* XNUISettingsVC.swift */,
			);
			path = SettingsScreen;
			sourceTree = "<group>";
		};
		8B493A0C27FF35B600DDAAB5 /* Utils */ = {
			isa = PBXGroup;
			children = (
				8B493A0D27FF35B600DDAAB5 /* XNUICustomPathUIActivity.swift */,
			);
			path = Utils;
			sourceTree = "<group>";
		};
		8B493A1227FF35B600DDAAB5 /* UIModels */ = {
			isa = PBXGroup;
			children = (
				8B493A1327FF35B600DDAAB5 /* XNUIOptionItem.swift */,
				8B493A1427FF35B600DDAAB5 /* XNUILogDetail.swift */,
			);
			path = UIModels;
			sourceTree = "<group>";
		};
		8B493A1827FF35B600DDAAB5 /* Core */ = {
			isa = PBXGroup;
			children = (
				8B493A1927FF35B600DDAAB5 /* Filters */,
				8B493A1C27FF35B600DDAAB5 /* Logger */,
				8B493A2727FF35B600DDAAB5 /* NetworkInterceptor */,
				8B493A2B27FF35B600DDAAB5 /* Utils */,
				8B493A3227FF35B600DDAAB5 /* Models */,
				8B493A3427FF35B600DDAAB5 /* XNLogger.swift */,
			);
			path = Core;
			sourceTree = "<group>";
		};
		8B493A1927FF35B600DDAAB5 /* Filters */ = {
			isa = PBXGroup;
			children = (
				8B493A1A27FF35B600DDAAB5 /* XNFilter.swift */,
				8B493A1B27FF35B600DDAAB5 /* XNFilterManager.swift */,
			);
			path = Filters;
			sourceTree = "<group>";
		};
		8B493A1C27FF35B600DDAAB5 /* Logger */ = {
			isa = PBXGroup;
			children = (
				8B493A1D27FF35B600DDAAB5 /* LogHandlers */,
				8B493A2427FF35B600DDAAB5 /* URLRequest+cURL.swift */,
				8B493A2527FF35B600DDAAB5 /* XNLogComposer.swift */,
				8B493A2627FF35B600DDAAB5 /* XNLogFormatter.swift */,
			);
			path = Logger;
			sourceTree = "<group>";
		};
		8B493A1D27FF35B600DDAAB5 /* LogHandlers */ = {
			isa = PBXGroup;
			children = (
				8B493A1E27FF35B600DDAAB5 /* XNSlackLogHandler.swift */,
				8B493A1F27FF35B600DDAAB5 /* XNFileLogHandler.swift */,
				8B493A2027FF35B600DDAAB5 /* XNConsoleLogHandler.swift */,
				8B493A2127FF35B600DDAAB5 /* XNLogHandler.swift */,
				8B493A2227FF35B600DDAAB5 /* XNBaseLogHandler.swift */,
				8B493A2327FF35B600DDAAB5 /* XNRemoteLogHandler.swift */,
			);
			path = LogHandlers;
			sourceTree = "<group>";
		};
		8B493A2727FF35B600DDAAB5 /* NetworkInterceptor */ = {
			isa = PBXGroup;
			children = (
				8B493A2827FF35B600DDAAB5 /* XNInterceptor.swift */,
				8B493A2927FF35B600DDAAB5 /* XNAuthenticationChallengeSender.swift */,
				8B493A2A27FF35B600DDAAB5 /* XNURLProtocol.swift */,
			);
			path = NetworkInterceptor;
			sourceTree = "<group>";
		};
		8B493A2B27FF35B600DDAAB5 /* Utils */ = {
			isa = PBXGroup;
			children = (
				8B493A2C27FF35B600DDAAB5 /* XNMIMEChecker.swift */,
				8B493A2D27FF35B600DDAAB5 /* Data+Gzip.swift */,
				8B493A2E27FF35B600DDAAB5 /* XNExtensions.swift */,
				8B493A2F27FF35B600DDAAB5 /* XNAppUtils.swift */,
				8B493A3027FF35B600DDAAB5 /* XNAppConstants.swift */,
				8B493A3127FF35B600DDAAB5 /* XNJSONUtils.swift */,
			);
			path = Utils;
			sourceTree = "<group>";
		};
		8B493A3227FF35B600DDAAB5 /* Models */ = {
			isa = PBXGroup;
			children = (
				8B493A3327FF35B600DDAAB5 /* XNLogData.swift */,
			);
			path = Models;
			sourceTree = "<group>";
		};
		8BEF092123C3902700396B78 = {
			isa = PBXGroup;
			children = (
				8BF2DDDF25681A97005FF664 /* QApp */,
				F5DAF6832A176BA500C0B140 /* SmartQA */,
				F5DAF69A2A176BA700C0B140 /* SmartQATests */,
				F5DAF6A42A176BA700C0B140 /* SmartQAUITests */,
				8BEF092B23C3902700396B78 /* Products */,
				8BF02D6423C39520006D154E /* Frameworks */,
			);
			sourceTree = "<group>";
		};
		8BEF092B23C3902700396B78 /* Products */ = {
			isa = PBXGroup;
			children = (
				8BF2DDDE25681A97005FF664 /* QApp.app */,
				F5DAF6822A176BA500C0B140 /* SmartQA.app */,
			);
			name = Products;
			sourceTree = "<group>";
		};
		8BF02D6423C39520006D154E /* Frameworks */ = {
			isa = PBXGroup;
			children = (
				8BF2DE02256BEDD9005FF664 /* Flagship.framework */,
				8B10597E241BF0B800227F1E /* Flagship.framework */,
				8BBCAD4023FAD12C00126600 /* Flagship.framework */,
				8BF02E1F23C78171006D154E /* FlagShip.framework */,
				8BF02D6523C39520006D154E /* FlagShip.framework */,
			);
			name = Frameworks;
			sourceTree = "<group>";
		};
		8BF2DDDF25681A97005FF664 /* QApp */ = {
			isa = PBXGroup;
			children = (
				8BB885B7280FC2ED0092F921 /* QApp.entitlements */,
				8B493A6C27FF365000DDAAB5 /* FSJsonEditorCtrl.swift */,
				8B493A6B27FF365000DDAAB5 /* FSLoggerCtrl.swift */,
				8B4939F027FF35B600DDAAB5 /* XNLogger */,
				8BF2DDE025681A97005FF664 /* AppDelegate.swift */,
				8BF2DDE225681A97005FF664 /* SceneDelegate.swift */,
				8BF2DDE425681A97005FF664 /* ViewController.swift */,
				8BF2DDE625681A97005FF664 /* Main.storyboard */,
				8BF2DDE925681A9C005FF664 /* Assets.xcassets */,
				8BF2DDEB25681A9C005FF664 /* LaunchScreen.storyboard */,
				8BF2DDEE25681A9C005FF664 /* Info.plist */,
				8BF2DDF8256BCF77005FF664 /* FSTabBarViewCtrl.swift */,
				8BF2DDFB256BD2B5005FF664 /* FSConfigViewController.swift */,
				8BF2DE06256C0B7E005FF664 /* FSUserViewCtrl.swift */,
				8BF2DE41256F996A005FF664 /* FSContextViewCtrl.swift */,
				8B90007D257015A800703DDB /* FSHitViewController.swift */,
				8B90008B2575298600703DDB /* FSCustomTools.swift */,
				8B9001692580D25800703DDB /* Settings.bundle */,
				F5AA7D172AB999BA00584D0E /* FSFlagViewCtrl.swift */,
				F5AA7D192AB9A36500584D0E /* FlagViewCell.swift */,
			);
			path = QApp;
			sourceTree = "<group>";
		};
		F5DAF6832A176BA500C0B140 /* SmartQA */ = {
			isa = PBXGroup;
			children = (
				F5DAF6842A176BA500C0B140 /* AppDelegate.swift */,
				F5DAF6862A176BA500C0B140 /* SceneDelegate.swift */,
				F5DAF6882A176BA500C0B140 /* ViewController.swift */,
				F5DAF68A2A176BA500C0B140 /* Main.storyboard */,
				F5DAF68D2A176BA600C0B140 /* Assets.xcassets */,
				F5DAF68F2A176BA600C0B140 /* LaunchScreen.storyboard */,
				F5DAF6922A176BA600C0B140 /* Info.plist */,
			);
			path = SmartQA;
			sourceTree = "<group>";
		};
		F5DAF69A2A176BA700C0B140 /* SmartQATests */ = {
			isa = PBXGroup;
			children = (
				F5DAF69B2A176BA700C0B140 /* SmartQATests.swift */,
			);
			path = SmartQATests;
			sourceTree = "<group>";
		};
		F5DAF6A42A176BA700C0B140 /* SmartQAUITests */ = {
			isa = PBXGroup;
			children = (
				F5DAF6A52A176BA700C0B140 /* SmartQAUITests.swift */,
				F5DAF6A72A176BA700C0B140 /* SmartQAUITestsLaunchTests.swift */,
			);
			path = SmartQAUITests;
			sourceTree = "<group>";
		};
/* End PBXGroup section */

/* Begin PBXNativeTarget section */
		8BF2DDDD25681A97005FF664 /* QApp */ = {
			isa = PBXNativeTarget;
			buildConfigurationList = 8BF2DDF125681A9C005FF664 /* Build configuration list for PBXNativeTarget "QApp" */;
			buildPhases = (
				8BF2DDDA25681A97005FF664 /* Sources */,
				8BF2DDDB25681A97005FF664 /* Frameworks */,
				8BF2DDDC25681A97005FF664 /* Resources */,
				8BF2DE05256BEDDA005FF664 /* Embed Frameworks */,
			);
			buildRules = (
			);
			dependencies = (
			);
			name = QApp;
			productName = QApp;
			productReference = 8BF2DDDE25681A97005FF664 /* QApp.app */;
			productType = "com.apple.product-type.application";
		};
		F5DAF6812A176BA500C0B140 /* SmartQA */ = {
			isa = PBXNativeTarget;
			buildConfigurationList = F5DAF6AF2A176BA700C0B140 /* Build configuration list for PBXNativeTarget "SmartQA" */;
			buildPhases = (
				F5DAF67E2A176BA500C0B140 /* Sources */,
				F5DAF67F2A176BA500C0B140 /* Frameworks */,
				F5DAF6802A176BA500C0B140 /* Resources */,
				F5E5539D2BA99B26004ED340 /* Embed Frameworks */,
			);
			buildRules = (
			);
			dependencies = (
			);
			name = SmartQA;
			packageProductDependencies = (
			);
			productName = SmartQA;
			productReference = F5DAF6822A176BA500C0B140 /* SmartQA.app */;
			productType = "com.apple.product-type.application";
		};
/* End PBXNativeTarget section */

/* Begin PBXProject section */
		8BEF092223C3902700396B78 /* Project object */ = {
			isa = PBXProject;
			attributes = {
				LastSwiftUpdateCheck = 1430;
				LastUpgradeCheck = 1130;
				ORGANIZATIONNAME = FlagShip;
				TargetAttributes = {
					8BF2DDDD25681A97005FF664 = {
						CreatedOnToolsVersion = 12.2;
					};
					F5DAF6812A176BA500C0B140 = {
						CreatedOnToolsVersion = 14.3;
					};
				};
			};
			buildConfigurationList = 8BEF092523C3902700396B78 /* Build configuration list for PBXProject "iOS Example" */;
			compatibilityVersion = "Xcode 9.3";
			developmentRegion = en;
			hasScannedForEncodings = 0;
			knownRegions = (
				en,
				Base,
			);
			mainGroup = 8BEF092123C3902700396B78;
			packageReferences = (
			);
			productRefGroup = 8BEF092B23C3902700396B78 /* Products */;
			projectDirPath = "";
			projectRoot = "";
			targets = (
				8BF2DDDD25681A97005FF664 /* QApp */,
				F5DAF6812A176BA500C0B140 /* SmartQA */,
			);
		};
/* End PBXProject section */

/* Begin PBXResourcesBuildPhase section */
		8BF2DDDC25681A97005FF664 /* Resources */ = {
			isa = PBXResourcesBuildPhase;
			buildActionMask = 2147483647;
			files = (
				8B493A3627FF35B600DDAAB5 /* XNUIResponseFullScreenVC.xib in Resources */,
				8B493A4327FF35B600DDAAB5 /* XNUIMain.storyboard in Resources */,
				8B493A4227FF35B600DDAAB5 /* XNUILogDetailHeaderCell.xib in Resources */,
				8B493A3D27FF35B600DDAAB5 /* XNUILogDetailCell.xib in Resources */,
				8B493A3F27FF35B600DDAAB5 /* XNUILogDetailView.xib in Resources */,
				8B493A4427FF35B600DDAAB5 /* Media.xcassets in Resources */,
				8B90016A2580D25800703DDB /* Settings.bundle in Resources */,
				8B493A3C27FF35B600DDAAB5 /* XNUILogDetailVC.xib in Resources */,
				8BF2DDED25681A9C005FF664 /* LaunchScreen.storyboard in Resources */,
				8BF2DDEA25681A9C005FF664 /* Assets.xcassets in Resources */,
				8B493A4627FF35B600DDAAB5 /* XNUILogListTableViewCell.xib in Resources */,
				8BF2DDE825681A97005FF664 /* Main.storyboard in Resources */,
				8B493A4927FF35B600DDAAB5 /* XNUISettingsCell.xib in Resources */,
			);
			runOnlyForDeploymentPostprocessing = 0;
		};
		F5DAF6802A176BA500C0B140 /* Resources */ = {
			isa = PBXResourcesBuildPhase;
			buildActionMask = 2147483647;
			files = (
				F5DAF6912A176BA600C0B140 /* LaunchScreen.storyboard in Resources */,
				F5DAF68E2A176BA600C0B140 /* Assets.xcassets in Resources */,
				F5DAF68C2A176BA500C0B140 /* Main.storyboard in Resources */,
			);
			runOnlyForDeploymentPostprocessing = 0;
		};
/* End PBXResourcesBuildPhase section */

/* Begin PBXSourcesBuildPhase section */
		8BF2DDDA25681A97005FF664 /* Sources */ = {
			isa = PBXSourcesBuildPhase;
			buildActionMask = 2147483647;
			files = (
				8B493A5E27FF35B600DDAAB5 /* XNLogComposer.swift in Sources */,
				8B493A5227FF35B600DDAAB5 /* XNUIPopOverViewController.swift in Sources */,
				8B493A5627FF35B600DDAAB5 /* XNFilterManager.swift in Sources */,
				8B493A5527FF35B600DDAAB5 /* XNFilter.swift in Sources */,
				8BF2DE42256F996A005FF664 /* FSContextViewCtrl.swift in Sources */,
				8B493A6A27FF35B600DDAAB5 /* XNLogger.swift in Sources */,
				8B493A3727FF35B600DDAAB5 /* XNUIResponseFullScreenVC.swift in Sources */,
				8B493A5A27FF35B600DDAAB5 /* XNLogHandler.swift in Sources */,
				8B493A6E27FF365000DDAAB5 /* FSJsonEditorCtrl.swift in Sources */,
				8B90008C2575298600703DDB /* FSCustomTools.swift in Sources */,
				8BF2DDE525681A97005FF664 /* ViewController.swift in Sources */,
				8B493A6427FF35B600DDAAB5 /* Data+Gzip.swift in Sources */,
				8B493A6527FF35B600DDAAB5 /* XNExtensions.swift in Sources */,
				8BF2DDFC256BD2B5005FF664 /* FSConfigViewController.swift in Sources */,
				8B493A4E27FF35B600DDAAB5 /* XNUIExtensions.swift in Sources */,
				8B90007E257015A800703DDB /* FSHitViewController.swift in Sources */,
				8B493A5027FF35B600DDAAB5 /* XNUIOptionItem.swift in Sources */,
				8B493A5B27FF35B600DDAAB5 /* XNBaseLogHandler.swift in Sources */,
				8B493A3A27FF35B600DDAAB5 /* XNUIFiltersVC.swift in Sources */,
				8B493A4C27FF35B600DDAAB5 /* XNUIHelper.swift in Sources */,
				8BF2DDE125681A97005FF664 /* AppDelegate.swift in Sources */,
				8B493A6327FF35B600DDAAB5 /* XNMIMEChecker.swift in Sources */,
				8B493A4D27FF35B600DDAAB5 /* XNLoader.m in Sources */,
				8B493A5727FF35B600DDAAB5 /* XNSlackLogHandler.swift in Sources */,
				8B493A5927FF35B600DDAAB5 /* XNConsoleLogHandler.swift in Sources */,
				8B493A3927FF35B600DDAAB5 /* XNUIManager.swift in Sources */,
				8B493A6227FF35B600DDAAB5 /* XNURLProtocol.swift in Sources */,
				8B493A4727FF35B600DDAAB5 /* XNUILogListVC.swift in Sources */,
				8B493A5C27FF35B600DDAAB5 /* XNRemoteLogHandler.swift in Sources */,
				8BF2DE07256C0B7E005FF664 /* FSUserViewCtrl.swift in Sources */,
				8B493A4127FF35B600DDAAB5 /* XNUILogDetailView.swift in Sources */,
				8B493A6827FF35B600DDAAB5 /* XNJSONUtils.swift in Sources */,
				8B493A6627FF35B600DDAAB5 /* XNAppUtils.swift in Sources */,
				8B493A4F27FF35B600DDAAB5 /* XNUIWindow.swift in Sources */,
				F5AA7D182AB999BA00584D0E /* FSFlagViewCtrl.swift in Sources */,
				8B493A3E27FF35B600DDAAB5 /* XNUILogDetailHeaderCell.swift in Sources */,
				8B493A5427FF35B600DDAAB5 /* XNUILogHandler.swift in Sources */,
				8B493A4527FF35B600DDAAB5 /* XNUILogListTableViewCell.swift in Sources */,
				8B493A4B27FF35B600DDAAB5 /* XNUICustomPathUIActivity.swift in Sources */,
				8BF2DDF9256BCF77005FF664 /* FSTabBarViewCtrl.swift in Sources */,
				8B493A6027FF35B600DDAAB5 /* XNInterceptor.swift in Sources */,
				8B493A6727FF35B600DDAAB5 /* XNAppConstants.swift in Sources */,
				F5AA7D1A2AB9A36500584D0E /* FlagViewCell.swift in Sources */,
				8B493A5327FF35B600DDAAB5 /* XNUIBaseViewController.swift in Sources */,
				8B493A5827FF35B600DDAAB5 /* XNFileLogHandler.swift in Sources */,
				8B493A6D27FF365000DDAAB5 /* FSLoggerCtrl.swift in Sources */,
				8B493A6927FF35B600DDAAB5 /* XNLogData.swift in Sources */,
				8B493A4027FF35B600DDAAB5 /* XNUILogDetailCell.swift in Sources */,
				8B493A3827FF35B600DDAAB5 /* XNUIHeaderView.swift in Sources */,
				8B493A4A27FF35B600DDAAB5 /* XNUISettingsVC.swift in Sources */,
				8B493A6127FF35B600DDAAB5 /* XNAuthenticationChallengeSender.swift in Sources */,
				8B493A5127FF35B600DDAAB5 /* XNUILogDetail.swift in Sources */,
				8B493A5F27FF35B600DDAAB5 /* XNLogFormatter.swift in Sources */,
				8B493A3B27FF35B600DDAAB5 /* XNUILogDetailVC.swift in Sources */,
				8B493A5D27FF35B600DDAAB5 /* URLRequest+cURL.swift in Sources */,
				8B493A4827FF35B600DDAAB5 /* XNUISettingsCell.swift in Sources */,
			);
			runOnlyForDeploymentPostprocessing = 0;
		};
		F5DAF67E2A176BA500C0B140 /* Sources */ = {
			isa = PBXSourcesBuildPhase;
			buildActionMask = 2147483647;
			files = (
				F5DAF6892A176BA500C0B140 /* ViewController.swift in Sources */,
				F5DAF6852A176BA500C0B140 /* AppDelegate.swift in Sources */,
				F5DAF6872A176BA500C0B140 /* SceneDelegate.swift in Sources */,
			);
			runOnlyForDeploymentPostprocessing = 0;
		};
/* End PBXSourcesBuildPhase section */

/* Begin PBXVariantGroup section */
		8BF2DDE625681A97005FF664 /* Main.storyboard */ = {
			isa = PBXVariantGroup;
			children = (
				8BF2DDE725681A97005FF664 /* Base */,
			);
			name = Main.storyboard;
			sourceTree = "<group>";
		};
		8BF2DDEB25681A9C005FF664 /* LaunchScreen.storyboard */ = {
			isa = PBXVariantGroup;
			children = (
				8BF2DDEC25681A9C005FF664 /* Base */,
			);
			name = LaunchScreen.storyboard;
			sourceTree = "<group>";
		};
		F5DAF68A2A176BA500C0B140 /* Main.storyboard */ = {
			isa = PBXVariantGroup;
			children = (
				F5DAF68B2A176BA500C0B140 /* Base */,
			);
			name = Main.storyboard;
			sourceTree = "<group>";
		};
		F5DAF68F2A176BA600C0B140 /* LaunchScreen.storyboard */ = {
			isa = PBXVariantGroup;
			children = (
				F5DAF6902A176BA600C0B140 /* Base */,
			);
			name = LaunchScreen.storyboard;
			sourceTree = "<group>";
		};
/* End PBXVariantGroup section */

/* Begin XCBuildConfiguration section */
		8BEF093C23C3902900396B78 /* Debug */ = {
			isa = XCBuildConfiguration;
			buildSettings = {
				ALWAYS_SEARCH_USER_PATHS = NO;
				CLANG_ANALYZER_NONNULL = YES;
				CLANG_ANALYZER_NUMBER_OBJECT_CONVERSION = YES_AGGRESSIVE;
				CLANG_CXX_LANGUAGE_STANDARD = "gnu++14";
				CLANG_CXX_LIBRARY = "libc++";
				CLANG_ENABLE_MODULES = YES;
				CLANG_ENABLE_OBJC_ARC = YES;
				CLANG_ENABLE_OBJC_WEAK = YES;
				CLANG_WARN_BLOCK_CAPTURE_AUTORELEASING = YES;
				CLANG_WARN_BOOL_CONVERSION = YES;
				CLANG_WARN_COMMA = YES;
				CLANG_WARN_CONSTANT_CONVERSION = YES;
				CLANG_WARN_DEPRECATED_OBJC_IMPLEMENTATIONS = YES;
				CLANG_WARN_DIRECT_OBJC_ISA_USAGE = YES_ERROR;
				CLANG_WARN_DOCUMENTATION_COMMENTS = YES;
				CLANG_WARN_EMPTY_BODY = YES;
				CLANG_WARN_ENUM_CONVERSION = YES;
				CLANG_WARN_INFINITE_RECURSION = YES;
				CLANG_WARN_INT_CONVERSION = YES;
				CLANG_WARN_NON_LITERAL_NULL_CONVERSION = YES;
				CLANG_WARN_OBJC_IMPLICIT_RETAIN_SELF = YES;
				CLANG_WARN_OBJC_LITERAL_CONVERSION = YES;
				CLANG_WARN_OBJC_ROOT_CLASS = YES_ERROR;
				CLANG_WARN_RANGE_LOOP_ANALYSIS = YES;
				CLANG_WARN_STRICT_PROTOTYPES = YES;
				CLANG_WARN_SUSPICIOUS_MOVE = YES;
				CLANG_WARN_UNGUARDED_AVAILABILITY = YES_AGGRESSIVE;
				CLANG_WARN_UNREACHABLE_CODE = YES;
				CLANG_WARN__DUPLICATE_METHOD_MATCH = YES;
				COPY_PHASE_STRIP = NO;
				DEBUG_INFORMATION_FORMAT = dwarf;
				ENABLE_STRICT_OBJC_MSGSEND = YES;
				ENABLE_TESTABILITY = YES;
				GCC_C_LANGUAGE_STANDARD = gnu11;
				GCC_DYNAMIC_NO_PIC = NO;
				GCC_NO_COMMON_BLOCKS = YES;
				GCC_OPTIMIZATION_LEVEL = 0;
				GCC_PREPROCESSOR_DEFINITIONS = (
					"DEBUG=1",
					"$(inherited)",
				);
				GCC_WARN_64_TO_32_BIT_CONVERSION = YES;
				GCC_WARN_ABOUT_RETURN_TYPE = YES_ERROR;
				GCC_WARN_UNDECLARED_SELECTOR = YES;
				GCC_WARN_UNINITIALIZED_AUTOS = YES_AGGRESSIVE;
				GCC_WARN_UNUSED_FUNCTION = YES;
				GCC_WARN_UNUSED_VARIABLE = YES;
				IPHONEOS_DEPLOYMENT_TARGET = 13.2;
				MTL_ENABLE_DEBUG_INFO = INCLUDE_SOURCE;
				MTL_FAST_MATH = YES;
				ONLY_ACTIVE_ARCH = YES;
				SDKROOT = iphoneos;
				SWIFT_ACTIVE_COMPILATION_CONDITIONS = DEBUG;
				SWIFT_OPTIMIZATION_LEVEL = "-Onone";
				SWIFT_VERSION = 5.0;
			};
			name = Debug;
		};
		8BEF093D23C3902900396B78 /* Release */ = {
			isa = XCBuildConfiguration;
			buildSettings = {
				ALWAYS_SEARCH_USER_PATHS = NO;
				CLANG_ANALYZER_NONNULL = YES;
				CLANG_ANALYZER_NUMBER_OBJECT_CONVERSION = YES_AGGRESSIVE;
				CLANG_CXX_LANGUAGE_STANDARD = "gnu++14";
				CLANG_CXX_LIBRARY = "libc++";
				CLANG_ENABLE_MODULES = YES;
				CLANG_ENABLE_OBJC_ARC = YES;
				CLANG_ENABLE_OBJC_WEAK = YES;
				CLANG_WARN_BLOCK_CAPTURE_AUTORELEASING = YES;
				CLANG_WARN_BOOL_CONVERSION = YES;
				CLANG_WARN_COMMA = YES;
				CLANG_WARN_CONSTANT_CONVERSION = YES;
				CLANG_WARN_DEPRECATED_OBJC_IMPLEMENTATIONS = YES;
				CLANG_WARN_DIRECT_OBJC_ISA_USAGE = YES_ERROR;
				CLANG_WARN_DOCUMENTATION_COMMENTS = YES;
				CLANG_WARN_EMPTY_BODY = YES;
				CLANG_WARN_ENUM_CONVERSION = YES;
				CLANG_WARN_INFINITE_RECURSION = YES;
				CLANG_WARN_INT_CONVERSION = YES;
				CLANG_WARN_NON_LITERAL_NULL_CONVERSION = YES;
				CLANG_WARN_OBJC_IMPLICIT_RETAIN_SELF = YES;
				CLANG_WARN_OBJC_LITERAL_CONVERSION = YES;
				CLANG_WARN_OBJC_ROOT_CLASS = YES_ERROR;
				CLANG_WARN_RANGE_LOOP_ANALYSIS = YES;
				CLANG_WARN_STRICT_PROTOTYPES = YES;
				CLANG_WARN_SUSPICIOUS_MOVE = YES;
				CLANG_WARN_UNGUARDED_AVAILABILITY = YES_AGGRESSIVE;
				CLANG_WARN_UNREACHABLE_CODE = YES;
				CLANG_WARN__DUPLICATE_METHOD_MATCH = YES;
				COPY_PHASE_STRIP = NO;
				DEBUG_INFORMATION_FORMAT = "dwarf-with-dsym";
				ENABLE_NS_ASSERTIONS = NO;
				ENABLE_STRICT_OBJC_MSGSEND = YES;
				GCC_C_LANGUAGE_STANDARD = gnu11;
				GCC_NO_COMMON_BLOCKS = YES;
				GCC_WARN_64_TO_32_BIT_CONVERSION = YES;
				GCC_WARN_ABOUT_RETURN_TYPE = YES_ERROR;
				GCC_WARN_UNDECLARED_SELECTOR = YES;
				GCC_WARN_UNINITIALIZED_AUTOS = YES_AGGRESSIVE;
				GCC_WARN_UNUSED_FUNCTION = YES;
				GCC_WARN_UNUSED_VARIABLE = YES;
				IPHONEOS_DEPLOYMENT_TARGET = 13.2;
				MTL_ENABLE_DEBUG_INFO = NO;
				MTL_FAST_MATH = YES;
				SDKROOT = iphoneos;
				SWIFT_COMPILATION_MODE = wholemodule;
				SWIFT_OPTIMIZATION_LEVEL = "-O";
				SWIFT_VERSION = 5.0;
				VALIDATE_PRODUCT = YES;
			};
			name = Release;
		};
		8BF2DDEF25681A9C005FF664 /* Debug */ = {
			isa = XCBuildConfiguration;
			buildSettings = {
				ASSETCATALOG_COMPILER_APPICON_NAME = AppIcon;
				ASSETCATALOG_COMPILER_GLOBAL_ACCENT_COLOR_NAME = AccentColor;
				CLANG_WARN_QUOTED_INCLUDE_IN_FRAMEWORK_HEADER = YES;
				CODE_SIGN_ENTITLEMENTS = QApp/QApp.entitlements;
				CODE_SIGN_IDENTITY = "Apple Development";
				CODE_SIGN_STYLE = Automatic;
				CURRENT_PROJECT_VERSION = 5;
				DEVELOPMENT_TEAM = Z9ZWZ96927;
				INFOPLIST_FILE = QApp/Info.plist;
				IPHONEOS_DEPLOYMENT_TARGET = 11.0;
				LD_RUNPATH_SEARCH_PATHS = (
					"$(inherited)",
					"@executable_path/Frameworks",
				);
				MARKETING_VERSION = 3.2;
				PRODUCT_BUNDLE_IDENTIFIER = fs.qa;
				PRODUCT_NAME = "$(TARGET_NAME)";
				PROVISIONING_PROFILE_SPECIFIER = "";
				SUPPORTS_MACCATALYST = NO;
				SWIFT_VERSION = 5.0;
				TARGETED_DEVICE_FAMILY = "1,2";
			};
			name = Debug;
		};
		8BF2DDF025681A9C005FF664 /* Release */ = {
			isa = XCBuildConfiguration;
			buildSettings = {
				ASSETCATALOG_COMPILER_APPICON_NAME = AppIcon;
				ASSETCATALOG_COMPILER_GLOBAL_ACCENT_COLOR_NAME = AccentColor;
				CLANG_WARN_QUOTED_INCLUDE_IN_FRAMEWORK_HEADER = YES;
				CODE_SIGN_ENTITLEMENTS = QApp/QApp.entitlements;
				CODE_SIGN_IDENTITY = "Apple Development";
				CODE_SIGN_STYLE = Automatic;
				CURRENT_PROJECT_VERSION = 5;
				DEVELOPMENT_TEAM = Z9ZWZ96927;
				INFOPLIST_FILE = QApp/Info.plist;
				IPHONEOS_DEPLOYMENT_TARGET = 11.0;
				LD_RUNPATH_SEARCH_PATHS = (
					"$(inherited)",
					"@executable_path/Frameworks",
				);
				MARKETING_VERSION = 3.2;
				PRODUCT_BUNDLE_IDENTIFIER = fs.qa;
				PRODUCT_NAME = "$(TARGET_NAME)";
				PROVISIONING_PROFILE_SPECIFIER = "";
				SUPPORTS_MACCATALYST = NO;
				SWIFT_VERSION = 5.0;
				TARGETED_DEVICE_FAMILY = "1,2";
			};
			name = Release;
		};
		F5DAF6A92A176BA700C0B140 /* Debug */ = {
			isa = XCBuildConfiguration;
			buildSettings = {
				ASSETCATALOG_COMPILER_APPICON_NAME = AppIcon;
				ASSETCATALOG_COMPILER_GLOBAL_ACCENT_COLOR_NAME = AccentColor;
				CLANG_CXX_LANGUAGE_STANDARD = "gnu++20";
				CLANG_WARN_QUOTED_INCLUDE_IN_FRAMEWORK_HEADER = YES;
				CODE_SIGN_STYLE = Automatic;
				CURRENT_PROJECT_VERSION = 1;
				DEVELOPMENT_TEAM = Z9ZWZ96927;
				GENERATE_INFOPLIST_FILE = YES;
				INFOPLIST_FILE = SmartQA/Info.plist;
				INFOPLIST_KEY_UIApplicationSupportsIndirectInputEvents = YES;
				INFOPLIST_KEY_UILaunchStoryboardName = LaunchScreen;
				INFOPLIST_KEY_UIMainStoryboardFile = Main;
				INFOPLIST_KEY_UISupportedInterfaceOrientations_iPad = "UIInterfaceOrientationPortrait UIInterfaceOrientationPortraitUpsideDown UIInterfaceOrientationLandscapeLeft UIInterfaceOrientationLandscapeRight";
				INFOPLIST_KEY_UISupportedInterfaceOrientations_iPhone = "UIInterfaceOrientationPortrait UIInterfaceOrientationLandscapeLeft UIInterfaceOrientationLandscapeRight";
				IPHONEOS_DEPLOYMENT_TARGET = 16.4;
				LD_RUNPATH_SEARCH_PATHS = (
					"$(inherited)",
					"@executable_path/Frameworks",
				);
				MARKETING_VERSION = 1.0;
				PRODUCT_BUNDLE_IDENTIFIER = smartQA.SmartQA;
				PRODUCT_NAME = "$(TARGET_NAME)";
				SWIFT_EMIT_LOC_STRINGS = YES;
				SWIFT_VERSION = 5.0;
				TARGETED_DEVICE_FAMILY = "1,2";
			};
			name = Debug;
		};
		F5DAF6AA2A176BA700C0B140 /* Release */ = {
			isa = XCBuildConfiguration;
			buildSettings = {
				ASSETCATALOG_COMPILER_APPICON_NAME = AppIcon;
				ASSETCATALOG_COMPILER_GLOBAL_ACCENT_COLOR_NAME = AccentColor;
				CLANG_CXX_LANGUAGE_STANDARD = "gnu++20";
				CLANG_WARN_QUOTED_INCLUDE_IN_FRAMEWORK_HEADER = YES;
				CODE_SIGN_STYLE = Automatic;
				CURRENT_PROJECT_VERSION = 1;
				DEVELOPMENT_TEAM = Z9ZWZ96927;
				GENERATE_INFOPLIST_FILE = YES;
				INFOPLIST_FILE = SmartQA/Info.plist;
				INFOPLIST_KEY_UIApplicationSupportsIndirectInputEvents = YES;
				INFOPLIST_KEY_UILaunchStoryboardName = LaunchScreen;
				INFOPLIST_KEY_UIMainStoryboardFile = Main;
				INFOPLIST_KEY_UISupportedInterfaceOrientations_iPad = "UIInterfaceOrientationPortrait UIInterfaceOrientationPortraitUpsideDown UIInterfaceOrientationLandscapeLeft UIInterfaceOrientationLandscapeRight";
				INFOPLIST_KEY_UISupportedInterfaceOrientations_iPhone = "UIInterfaceOrientationPortrait UIInterfaceOrientationLandscapeLeft UIInterfaceOrientationLandscapeRight";
				IPHONEOS_DEPLOYMENT_TARGET = 16.4;
				LD_RUNPATH_SEARCH_PATHS = (
					"$(inherited)",
					"@executable_path/Frameworks",
				);
				MARKETING_VERSION = 1.0;
				PRODUCT_BUNDLE_IDENTIFIER = smartQA.SmartQA;
				PRODUCT_NAME = "$(TARGET_NAME)";
				SWIFT_EMIT_LOC_STRINGS = YES;
				SWIFT_VERSION = 5.0;
				TARGETED_DEVICE_FAMILY = "1,2";
			};
			name = Release;
		};
/* End XCBuildConfiguration section */

/* Begin XCConfigurationList section */
		8BEF092523C3902700396B78 /* Build configuration list for PBXProject "iOS Example" */ = {
			isa = XCConfigurationList;
			buildConfigurations = (
				8BEF093C23C3902900396B78 /* Debug */,
				8BEF093D23C3902900396B78 /* Release */,
			);
			defaultConfigurationIsVisible = 0;
			defaultConfigurationName = Release;
		};
		8BF2DDF125681A9C005FF664 /* Build configuration list for PBXNativeTarget "QApp" */ = {
			isa = XCConfigurationList;
			buildConfigurations = (
				8BF2DDEF25681A9C005FF664 /* Debug */,
				8BF2DDF025681A9C005FF664 /* Release */,
			);
			defaultConfigurationIsVisible = 0;
			defaultConfigurationName = Release;
		};
		F5DAF6AF2A176BA700C0B140 /* Build configuration list for PBXNativeTarget "SmartQA" */ = {
			isa = XCConfigurationList;
			buildConfigurations = (
				F5DAF6A92A176BA700C0B140 /* Debug */,
				F5DAF6AA2A176BA700C0B140 /* Release */,
			);
			defaultConfigurationIsVisible = 0;
			defaultConfigurationName = Release;
		};
/* End XCConfigurationList section */
	};
	rootObject = 8BEF092223C3902700396B78 /* Project object */;
}
