{
  "object": {
    "pins": [
      {
        "package": "Optimizely",
        "repositoryURL": "https://github.com/optimizely/swift-sdk.git",
        "state": {
          "branch": null,
          "revision": "eafb6daaba9964fc749cdf250512dc590dcdf9db",
          "version": "3.2.1"
        }
      }
    ]
  },
  "version": 1
}
